
Microsoft Visual Studio Solution File, Format Version 12.00
# Visual Studio Version 17
VisualStudioVersion = 17.2.32317.152
MinimumVisualStudioVersion = 10.0.40219.1
Project("{9A19103F-16F7-4668-BE54-9A1E7A4F7556}") = "CollapseLauncher", "CollapseLauncher\CollapseLauncher.csproj", "{CA73E886-6AE2-4700-B8BB-5D11D91CA45F}"
EndProject
Project("{9A19103F-16F7-4668-BE54-9A1E7A4F7556}") = "Hi3Helper.Core", "Hi3Helper.Core\Hi3Helper.Core.csproj", "{102DC1D2-B1A9-46AF-B56C-A124013747B6}"
EndProject
Project("{9A19103F-16F7-4668-BE54-9A1E7A4F7556}") = "ApplyUpdate", "ApplyUpdate\ApplyUpdate.csproj", "{5F932364-CDA4-4104-919B-C6DD247849C9}"
EndProject
Project("{9A19103F-16F7-4668-BE54-9A1E7A4F7556}") = "Hi3Helper.EncTool", "Hi3Helper.EncTool\Hi3Helper.EncTool.csproj", "{32413993-E384-46CA-84A4-F7975D78543C}"
EndProject
Project("{9A19103F-16F7-4668-BE54-9A1E7A4F7556}") = "Hi3Helper.Http", "Hi3Helper.Http\Hi3Helper.Http.csproj", "{0B70C677-C309-46B5-B58E-437728042B65}"
EndProject
Project("{9A19103F-16F7-4668-BE54-9A1E7A4F7556}") = "ColorThief", "ColorThief\ColorThief\ColorThief.csproj", "{C13639A5-693B-414A-BDFB-8509C3C3A350}"
EndProject
Global
	GlobalSection(SolutionConfigurationPlatforms) = preSolution
		Debug|x64 = Debug|x64
		Publish|x64 = Publish|x64
		Publish-Portable|x64 = Publish-Portable|x64
		Release|x64 = Release|x64
		Release-Portable|x64 = Release-Portable|x64
	EndGlobalSection
	GlobalSection(ProjectConfigurationPlatforms) = postSolution
		{CA73E886-6AE2-4700-B8BB-5D11D91CA45F}.Debug|x64.ActiveCfg = Debug|x64
		{CA73E886-6AE2-4700-B8BB-5D11D91CA45F}.Debug|x64.Build.0 = Debug|x64
		{CA73E886-6AE2-4700-B8BB-5D11D91CA45F}.Debug|x64.Deploy.0 = Debug|x64
		{CA73E886-6AE2-4700-B8BB-5D11D91CA45F}.Publish|x64.ActiveCfg = Publish|x64
		{CA73E886-6AE2-4700-B8BB-5D11D91CA45F}.Publish|x64.Build.0 = Publish|x64
		{CA73E886-6AE2-4700-B8BB-5D11D91CA45F}.Publish-Portable|x64.ActiveCfg = Publish-Portable|x64
		{CA73E886-6AE2-4700-B8BB-5D11D91CA45F}.Publish-Portable|x64.Build.0 = Publish-Portable|x64
		{CA73E886-6AE2-4700-B8BB-5D11D91CA45F}.Release|x64.ActiveCfg = Release|x64
		{CA73E886-6AE2-4700-B8BB-5D11D91CA45F}.Release|x64.Build.0 = Release|x64
		{CA73E886-6AE2-4700-B8BB-5D11D91CA45F}.Release|x64.Deploy.0 = Release|x64
		{CA73E886-6AE2-4700-B8BB-5D11D91CA45F}.Release-Portable|x64.ActiveCfg = Release-Portable|x64
		{CA73E886-6AE2-4700-B8BB-5D11D91CA45F}.Release-Portable|x64.Build.0 = Release-Portable|x64
		{102DC1D2-B1A9-46AF-B56C-A124013747B6}.Debug|x64.ActiveCfg = Debug|x64
		{102DC1D2-B1A9-46AF-B56C-A124013747B6}.Debug|x64.Build.0 = Debug|x64
		{102DC1D2-B1A9-46AF-B56C-A124013747B6}.Publish|x64.ActiveCfg = Publish|x64
		{102DC1D2-B1A9-46AF-B56C-A124013747B6}.Publish|x64.Build.0 = Publish|x64
		{102DC1D2-B1A9-46AF-B56C-A124013747B6}.Publish-Portable|x64.ActiveCfg = Publish|x64
		{102DC1D2-B1A9-46AF-B56C-A124013747B6}.Publish-Portable|x64.Build.0 = Publish|x64
		{102DC1D2-B1A9-46AF-B56C-A124013747B6}.Release|x64.ActiveCfg = Release|x64
		{102DC1D2-B1A9-46AF-B56C-A124013747B6}.Release|x64.Build.0 = Release|x64
		{102DC1D2-B1A9-46AF-B56C-A124013747B6}.Release-Portable|x64.ActiveCfg = Release|x64
		{102DC1D2-B1A9-46AF-B56C-A124013747B6}.Release-Portable|x64.Build.0 = Release|x64
		{5F932364-CDA4-4104-919B-C6DD247849C9}.Debug|x64.ActiveCfg = Debug|x64
		{5F932364-CDA4-4104-919B-C6DD247849C9}.Debug|x64.Build.0 = Debug|x64
		{5F932364-CDA4-4104-919B-C6DD247849C9}.Publish|x64.ActiveCfg = Publish|x64
		{5F932364-CDA4-4104-919B-C6DD247849C9}.Publish|x64.Build.0 = Publish|x64
		{5F932364-CDA4-4104-919B-C6DD247849C9}.Publish-Portable|x64.ActiveCfg = Publish|x64
		{5F932364-CDA4-4104-919B-C6DD247849C9}.Publish-Portable|x64.Build.0 = Publish|x64
		{5F932364-CDA4-4104-919B-C6DD247849C9}.Release|x64.ActiveCfg = Release|x64
		{5F932364-CDA4-4104-919B-C6DD247849C9}.Release|x64.Build.0 = Release|x64
		{5F932364-CDA4-4104-919B-C6DD247849C9}.Release-Portable|x64.ActiveCfg = Release|x64
		{5F932364-CDA4-4104-919B-C6DD247849C9}.Release-Portable|x64.Build.0 = Release|x64
		{32413993-E384-46CA-84A4-F7975D78543C}.Debug|x64.ActiveCfg = Debug|x64
		{32413993-E384-46CA-84A4-F7975D78543C}.Debug|x64.Build.0 = Debug|x64
		{32413993-E384-46CA-84A4-F7975D78543C}.Publish|x64.ActiveCfg = Publish|x64
		{32413993-E384-46CA-84A4-F7975D78543C}.Publish|x64.Build.0 = Publish|x64
		{32413993-E384-46CA-84A4-F7975D78543C}.Publish-Portable|x64.ActiveCfg = Publish|x64
		{32413993-E384-46CA-84A4-F7975D78543C}.Publish-Portable|x64.Build.0 = Publish|x64
		{32413993-E384-46CA-84A4-F7975D78543C}.Release|x64.ActiveCfg = Release|x64
		{32413993-E384-46CA-84A4-F7975D78543C}.Release|x64.Build.0 = Release|x64
		{32413993-E384-46CA-84A4-F7975D78543C}.Release-Portable|x64.ActiveCfg = Release|x64
		{32413993-E384-46CA-84A4-F7975D78543C}.Release-Portable|x64.Build.0 = Release|x64
		{0B70C677-C309-46B5-B58E-437728042B65}.Debug|x64.ActiveCfg = Debug|x64
		{0B70C677-C309-46B5-B58E-437728042B65}.Debug|x64.Build.0 = Debug|x64
		{0B70C677-C309-46B5-B58E-437728042B65}.Publish|x64.ActiveCfg = Publish|x64
		{0B70C677-C309-46B5-B58E-437728042B65}.Publish|x64.Build.0 = Publish|x64
		{0B70C677-C309-46B5-B58E-437728042B65}.Publish-Portable|x64.ActiveCfg = Publish|x64
		{0B70C677-C309-46B5-B58E-437728042B65}.Publish-Portable|x64.Build.0 = Publish|x64
		{0B70C677-C309-46B5-B58E-437728042B65}.Release|x64.ActiveCfg = Release|x64
		{0B70C677-C309-46B5-B58E-437728042B65}.Release|x64.Build.0 = Release|x64
		{0B70C677-C309-46B5-B58E-437728042B65}.Release-Portable|x64.ActiveCfg = Release|x64
		{0B70C677-C309-46B5-B58E-437728042B65}.Release-Portable|x64.Build.0 = Release|x64
		{C13639A5-693B-414A-BDFB-8509C3C3A350}.Debug|x64.ActiveCfg = Debug|x64
		{C13639A5-693B-414A-BDFB-8509C3C3A350}.Debug|x64.Build.0 = Debug|x64
		{C13639A5-693B-414A-BDFB-8509C3C3A350}.Publish|x64.ActiveCfg = Publish|x64
		{C13639A5-693B-414A-BDFB-8509C3C3A350}.Publish|x64.Build.0 = Publish|x64
		{C13639A5-693B-414A-BDFB-8509C3C3A350}.Publish-Portable|x64.ActiveCfg = Publish|x64
		{C13639A5-693B-414A-BDFB-8509C3C3A350}.Publish-Portable|x64.Build.0 = Publish|x64
		{C13639A5-693B-414A-BDFB-8509C3C3A350}.Release|x64.ActiveCfg = Release|x64
		{C13639A5-693B-414A-BDFB-8509C3C3A350}.Release|x64.Build.0 = Release|x64
		{C13639A5-693B-414A-BDFB-8509C3C3A350}.Release-Portable|x64.ActiveCfg = Release|x64
		{C13639A5-693B-414A-BDFB-8509C3C3A350}.Release-Portable|x64.Build.0 = Release|x64
	EndGlobalSection
	GlobalSection(SolutionProperties) = preSolution
		HideSolutionNode = FALSE
	EndGlobalSection
	GlobalSection(ExtensibilityGlobals) = postSolution
		SolutionGuid = {9D1B59AA-346E-4C82-A520-90F8279DE25B}
	EndGlobalSection
EndGlobal
