
Microsoft Visual Studio Solution File, Format Version 12.00
# Visual Studio Version 17
VisualStudioVersion = 17.2.32317.152
MinimumVisualStudioVersion = 10.0.40219.1
Project("{9A19103F-16F7-4668-BE54-9A1E7A4F7556}") = "CollapseLauncher", "CollapseLauncher\CollapseLauncher.csproj", "{CA73E886-6AE2-4700-B8BB-5D11D91CA45F}"
EndProject
Project("{9A19103F-16F7-4668-BE54-9A1E7A4F7556}") = "Hi3Helper.Core", "Hi3Helper.Core\Hi3Helper.Core.csproj", "{102DC1D2-B1A9-46AF-B56C-A124013747B6}"
EndProject
Project("{9A19103F-16F7-4668-BE54-9A1E7A4F7556}") = "Hi3Helper.EncTool", "Hi3Helper.EncTool\Hi3Helper.EncTool.csproj", "{32413993-E384-46CA-84A4-F7975D78543C}"
EndProject
Project("{9A19103F-16F7-4668-BE54-9A1E7A4F7556}") = "Hi3Helper.Http", "Hi3Helper.Http\Hi3Helper.Http.csproj", "{0B70C677-C309-46B5-B58E-437728042B65}"
EndProject
Project("{9A19103F-16F7-4668-BE54-9A1E7A4F7556}") = "ColorThief", "ColorThief\ColorThief\ColorThief.csproj", "{C13639A5-693B-414A-BDFB-8509C3C3A350}"
EndProject
Project("{9A19103F-16F7-4668-BE54-9A1E7A4F7556}") = "Hi3Helper.EncTool.Test", "Hi3Helper.EncTool.Test\Hi3Helper.EncTool.Test.csproj", "{1BAB5CE4-640E-41A7-B529-4842D378BD4C}"
EndProject
Project("{9A19103F-16F7-4668-BE54-9A1E7A4F7556}") = "Hi3Helper.SharpHDiffPatch", "Hi3Helper.SharpHDiffPatch\Hi3Helper.SharpHDiffPatch\Hi3Helper.SharpHDiffPatch.csproj", "{D236EC29-B627-4A73-A605-C12C8E1B70B5}"
EndProject
Global
	GlobalSection(SolutionConfigurationPlatforms) = preSolution
		Debug|ARM64 = Debug|ARM64
		Debug|x64 = Debug|x64
		Debug|x86 = Debug|x86
		Publish|ARM64 = Publish|ARM64
		Publish|x64 = Publish|x64
		Publish|x86 = Publish|x86
		Release|ARM64 = Release|ARM64
		Release|x64 = Release|x64
		Release|x86 = Release|x86
	EndGlobalSection
	GlobalSection(ProjectConfigurationPlatforms) = postSolution
		{CA73E886-6AE2-4700-B8BB-5D11D91CA45F}.Debug|ARM64.ActiveCfg = Debug|x64
		{CA73E886-6AE2-4700-B8BB-5D11D91CA45F}.Debug|ARM64.Build.0 = Debug|x64
		{CA73E886-6AE2-4700-B8BB-5D11D91CA45F}.Debug|x64.ActiveCfg = Debug|x64
		{CA73E886-6AE2-4700-B8BB-5D11D91CA45F}.Debug|x64.Build.0 = Debug|x64
		{CA73E886-6AE2-4700-B8BB-5D11D91CA45F}.Debug|x64.Deploy.0 = Debug|x64
		{CA73E886-6AE2-4700-B8BB-5D11D91CA45F}.Debug|x86.ActiveCfg = Debug|x64
		{CA73E886-6AE2-4700-B8BB-5D11D91CA45F}.Debug|x86.Build.0 = Debug|x64
		{CA73E886-6AE2-4700-B8BB-5D11D91CA45F}.Publish|ARM64.ActiveCfg = Publish|x64
		{CA73E886-6AE2-4700-B8BB-5D11D91CA45F}.Publish|ARM64.Build.0 = Publish|x64
		{CA73E886-6AE2-4700-B8BB-5D11D91CA45F}.Publish|x64.ActiveCfg = Publish|x64
		{CA73E886-6AE2-4700-B8BB-5D11D91CA45F}.Publish|x64.Build.0 = Publish|x64
		{CA73E886-6AE2-4700-B8BB-5D11D91CA45F}.Publish|x86.ActiveCfg = Publish|x64
		{CA73E886-6AE2-4700-B8BB-5D11D91CA45F}.Publish|x86.Build.0 = Publish|x64
		{CA73E886-6AE2-4700-B8BB-5D11D91CA45F}.Release|ARM64.ActiveCfg = Release|x64
		{CA73E886-6AE2-4700-B8BB-5D11D91CA45F}.Release|ARM64.Build.0 = Release|x64
		{CA73E886-6AE2-4700-B8BB-5D11D91CA45F}.Release|x64.ActiveCfg = Release|x64
		{CA73E886-6AE2-4700-B8BB-5D11D91CA45F}.Release|x64.Build.0 = Release|x64
		{CA73E886-6AE2-4700-B8BB-5D11D91CA45F}.Release|x64.Deploy.0 = Release|x64
		{CA73E886-6AE2-4700-B8BB-5D11D91CA45F}.Release|x86.ActiveCfg = Release|x64
		{CA73E886-6AE2-4700-B8BB-5D11D91CA45F}.Release|x86.Build.0 = Release|x64
		{102DC1D2-B1A9-46AF-B56C-A124013747B6}.Debug|ARM64.ActiveCfg = Debug|x64
		{102DC1D2-B1A9-46AF-B56C-A124013747B6}.Debug|ARM64.Build.0 = Debug|x64
		{102DC1D2-B1A9-46AF-B56C-A124013747B6}.Debug|x64.ActiveCfg = Debug|x64
		{102DC1D2-B1A9-46AF-B56C-A124013747B6}.Debug|x64.Build.0 = Debug|x64
		{102DC1D2-B1A9-46AF-B56C-A124013747B6}.Debug|x86.ActiveCfg = Debug|x64
		{102DC1D2-B1A9-46AF-B56C-A124013747B6}.Debug|x86.Build.0 = Debug|x64
		{102DC1D2-B1A9-46AF-B56C-A124013747B6}.Publish|ARM64.ActiveCfg = Publish|x64
		{102DC1D2-B1A9-46AF-B56C-A124013747B6}.Publish|ARM64.Build.0 = Publish|x64
		{102DC1D2-B1A9-46AF-B56C-A124013747B6}.Publish|x64.ActiveCfg = Publish|x64
		{102DC1D2-B1A9-46AF-B56C-A124013747B6}.Publish|x64.Build.0 = Publish|x64
		{102DC1D2-B1A9-46AF-B56C-A124013747B6}.Publish|x86.ActiveCfg = Publish|x64
		{102DC1D2-B1A9-46AF-B56C-A124013747B6}.Publish|x86.Build.0 = Publish|x64
		{102DC1D2-B1A9-46AF-B56C-A124013747B6}.Release|ARM64.ActiveCfg = Release|x64
		{102DC1D2-B1A9-46AF-B56C-A124013747B6}.Release|ARM64.Build.0 = Release|x64
		{102DC1D2-B1A9-46AF-B56C-A124013747B6}.Release|x64.ActiveCfg = Release|x64
		{102DC1D2-B1A9-46AF-B56C-A124013747B6}.Release|x64.Build.0 = Release|x64
		{102DC1D2-B1A9-46AF-B56C-A124013747B6}.Release|x86.ActiveCfg = Release|x64
		{102DC1D2-B1A9-46AF-B56C-A124013747B6}.Release|x86.Build.0 = Release|x64
		{32413993-E384-46CA-84A4-F7975D78543C}.Debug|ARM64.ActiveCfg = Debug|x64
		{32413993-E384-46CA-84A4-F7975D78543C}.Debug|ARM64.Build.0 = Debug|x64
		{32413993-E384-46CA-84A4-F7975D78543C}.Debug|x64.ActiveCfg = Debug|x64
		{32413993-E384-46CA-84A4-F7975D78543C}.Debug|x64.Build.0 = Debug|x64
		{32413993-E384-46CA-84A4-F7975D78543C}.Debug|x86.ActiveCfg = Debug|x64
		{32413993-E384-46CA-84A4-F7975D78543C}.Debug|x86.Build.0 = Debug|x64
		{32413993-E384-46CA-84A4-F7975D78543C}.Publish|ARM64.ActiveCfg = Publish|x64
		{32413993-E384-46CA-84A4-F7975D78543C}.Publish|ARM64.Build.0 = Publish|x64
		{32413993-E384-46CA-84A4-F7975D78543C}.Publish|x64.ActiveCfg = Publish|x64
		{32413993-E384-46CA-84A4-F7975D78543C}.Publish|x64.Build.0 = Publish|x64
		{32413993-E384-46CA-84A4-F7975D78543C}.Publish|x86.ActiveCfg = Publish|x64
		{32413993-E384-46CA-84A4-F7975D78543C}.Publish|x86.Build.0 = Publish|x64
		{32413993-E384-46CA-84A4-F7975D78543C}.Release|ARM64.ActiveCfg = Release|x64
		{32413993-E384-46CA-84A4-F7975D78543C}.Release|ARM64.Build.0 = Release|x64
		{32413993-E384-46CA-84A4-F7975D78543C}.Release|x64.ActiveCfg = Release|x64
		{32413993-E384-46CA-84A4-F7975D78543C}.Release|x64.Build.0 = Release|x64
		{32413993-E384-46CA-84A4-F7975D78543C}.Release|x86.ActiveCfg = Release|x64
		{32413993-E384-46CA-84A4-F7975D78543C}.Release|x86.Build.0 = Release|x64
		{0B70C677-C309-46B5-B58E-437728042B65}.Debug|ARM64.ActiveCfg = Debug|x64
		{0B70C677-C309-46B5-B58E-437728042B65}.Debug|ARM64.Build.0 = Debug|x64
		{0B70C677-C309-46B5-B58E-437728042B65}.Debug|x64.ActiveCfg = Debug|x64
		{0B70C677-C309-46B5-B58E-437728042B65}.Debug|x64.Build.0 = Debug|x64
		{0B70C677-C309-46B5-B58E-437728042B65}.Debug|x86.ActiveCfg = Debug|x64
		{0B70C677-C309-46B5-B58E-437728042B65}.Debug|x86.Build.0 = Debug|x64
		{0B70C677-C309-46B5-B58E-437728042B65}.Publish|ARM64.ActiveCfg = Publish|x64
		{0B70C677-C309-46B5-B58E-437728042B65}.Publish|ARM64.Build.0 = Publish|x64
		{0B70C677-C309-46B5-B58E-437728042B65}.Publish|x64.ActiveCfg = Publish|x64
		{0B70C677-C309-46B5-B58E-437728042B65}.Publish|x64.Build.0 = Publish|x64
		{0B70C677-C309-46B5-B58E-437728042B65}.Publish|x86.ActiveCfg = Publish|x64
		{0B70C677-C309-46B5-B58E-437728042B65}.Publish|x86.Build.0 = Publish|x64
		{0B70C677-C309-46B5-B58E-437728042B65}.Release|ARM64.ActiveCfg = Release|x64
		{0B70C677-C309-46B5-B58E-437728042B65}.Release|ARM64.Build.0 = Release|x64
		{0B70C677-C309-46B5-B58E-437728042B65}.Release|x64.ActiveCfg = Release|x64
		{0B70C677-C309-46B5-B58E-437728042B65}.Release|x64.Build.0 = Release|x64
		{0B70C677-C309-46B5-B58E-437728042B65}.Release|x86.ActiveCfg = Release|x64
		{0B70C677-C309-46B5-B58E-437728042B65}.Release|x86.Build.0 = Release|x64
		{C13639A5-693B-414A-BDFB-8509C3C3A350}.Debug|ARM64.ActiveCfg = Debug|x64
		{C13639A5-693B-414A-BDFB-8509C3C3A350}.Debug|ARM64.Build.0 = Debug|x64
		{C13639A5-693B-414A-BDFB-8509C3C3A350}.Debug|x64.ActiveCfg = Debug|x64
		{C13639A5-693B-414A-BDFB-8509C3C3A350}.Debug|x64.Build.0 = Debug|x64
		{C13639A5-693B-414A-BDFB-8509C3C3A350}.Debug|x86.ActiveCfg = Debug|x64
		{C13639A5-693B-414A-BDFB-8509C3C3A350}.Debug|x86.Build.0 = Debug|x64
		{C13639A5-693B-414A-BDFB-8509C3C3A350}.Publish|ARM64.ActiveCfg = Publish|x64
		{C13639A5-693B-414A-BDFB-8509C3C3A350}.Publish|ARM64.Build.0 = Publish|x64
		{C13639A5-693B-414A-BDFB-8509C3C3A350}.Publish|x64.ActiveCfg = Publish|x64
		{C13639A5-693B-414A-BDFB-8509C3C3A350}.Publish|x64.Build.0 = Publish|x64
		{C13639A5-693B-414A-BDFB-8509C3C3A350}.Publish|x86.ActiveCfg = Publish|x64
		{C13639A5-693B-414A-BDFB-8509C3C3A350}.Publish|x86.Build.0 = Publish|x64
		{C13639A5-693B-414A-BDFB-8509C3C3A350}.Release|ARM64.ActiveCfg = Release|x64
		{C13639A5-693B-414A-BDFB-8509C3C3A350}.Release|ARM64.Build.0 = Release|x64
		{C13639A5-693B-414A-BDFB-8509C3C3A350}.Release|x64.ActiveCfg = Release|x64
		{C13639A5-693B-414A-BDFB-8509C3C3A350}.Release|x64.Build.0 = Release|x64
		{C13639A5-693B-414A-BDFB-8509C3C3A350}.Release|x86.ActiveCfg = Release|x64
		{C13639A5-693B-414A-BDFB-8509C3C3A350}.Release|x86.Build.0 = Release|x64
		{1BAB5CE4-640E-41A7-B529-4842D378BD4C}.Debug|ARM64.ActiveCfg = Debug|x64
		{1BAB5CE4-640E-41A7-B529-4842D378BD4C}.Debug|ARM64.Build.0 = Debug|x64
		{1BAB5CE4-640E-41A7-B529-4842D378BD4C}.Debug|x64.ActiveCfg = Debug|x64
		{1BAB5CE4-640E-41A7-B529-4842D378BD4C}.Debug|x64.Build.0 = Debug|x64
		{1BAB5CE4-640E-41A7-B529-4842D378BD4C}.Debug|x86.ActiveCfg = Debug|x64
		{1BAB5CE4-640E-41A7-B529-4842D378BD4C}.Debug|x86.Build.0 = Debug|x64
		{1BAB5CE4-640E-41A7-B529-4842D378BD4C}.Publish|ARM64.ActiveCfg = Release|x64
		{1BAB5CE4-640E-41A7-B529-4842D378BD4C}.Publish|ARM64.Build.0 = Release|x64
		{1BAB5CE4-640E-41A7-B529-4842D378BD4C}.Publish|x64.ActiveCfg = Release|x64
		{1BAB5CE4-640E-41A7-B529-4842D378BD4C}.Publish|x86.ActiveCfg = Release|x64
		{1BAB5CE4-640E-41A7-B529-4842D378BD4C}.Publish|x86.Build.0 = Release|x64
		{1BAB5CE4-640E-41A7-B529-4842D378BD4C}.Release|ARM64.ActiveCfg = Release|x64
		{1BAB5CE4-640E-41A7-B529-4842D378BD4C}.Release|ARM64.Build.0 = Release|x64
		{1BAB5CE4-640E-41A7-B529-4842D378BD4C}.Release|x64.ActiveCfg = Release|x64
		{1BAB5CE4-640E-41A7-B529-4842D378BD4C}.Release|x86.ActiveCfg = Release|x64
		{1BAB5CE4-640E-41A7-B529-4842D378BD4C}.Release|x86.Build.0 = Release|x64
		{D236EC29-B627-4A73-A605-C12C8E1B70B5}.Debug|ARM64.ActiveCfg = Debug|ARM64
		{D236EC29-B627-4A73-A605-C12C8E1B70B5}.Debug|ARM64.Build.0 = Debug|ARM64
		{D236EC29-B627-4A73-A605-C12C8E1B70B5}.Debug|x64.ActiveCfg = Debug|x64
		{D236EC29-B627-4A73-A605-C12C8E1B70B5}.Debug|x64.Build.0 = Debug|x64
		{D236EC29-B627-4A73-A605-C12C8E1B70B5}.Debug|x86.ActiveCfg = Debug|x86
		{D236EC29-B627-4A73-A605-C12C8E1B70B5}.Debug|x86.Build.0 = Debug|x86
		{D236EC29-B627-4A73-A605-C12C8E1B70B5}.Publish|ARM64.ActiveCfg = Debug|ARM64
		{D236EC29-B627-4A73-A605-C12C8E1B70B5}.Publish|ARM64.Build.0 = Debug|ARM64
		{D236EC29-B627-4A73-A605-C12C8E1B70B5}.Publish|x64.ActiveCfg = Debug|x64
		{D236EC29-B627-4A73-A605-C12C8E1B70B5}.Publish|x64.Build.0 = Debug|x64
		{D236EC29-B627-4A73-A605-C12C8E1B70B5}.Publish|x86.ActiveCfg = Debug|x86
		{D236EC29-B627-4A73-A605-C12C8E1B70B5}.Publish|x86.Build.0 = Debug|x86
		{D236EC29-B627-4A73-A605-C12C8E1B70B5}.Release|ARM64.ActiveCfg = Release|ARM64
		{D236EC29-B627-4A73-A605-C12C8E1B70B5}.Release|ARM64.Build.0 = Release|ARM64
		{D236EC29-B627-4A73-A605-C12C8E1B70B5}.Release|x64.ActiveCfg = Release|x64
		{D236EC29-B627-4A73-A605-C12C8E1B70B5}.Release|x64.Build.0 = Release|x64
		{D236EC29-B627-4A73-A605-C12C8E1B70B5}.Release|x86.ActiveCfg = Release|x86
		{D236EC29-B627-4A73-A605-C12C8E1B70B5}.Release|x86.Build.0 = Release|x86
	EndGlobalSection
	GlobalSection(SolutionProperties) = preSolution
		HideSolutionNode = FALSE
	EndGlobalSection
	GlobalSection(ExtensibilityGlobals) = postSolution
		SolutionGuid = {9D1B59AA-346E-4C82-A520-90F8279DE25B}
	EndGlobalSection
EndGlobal
