
Microsoft Visual Studio Solution File, Format Version 12.00
# Visual Studio Version 17
VisualStudioVersion = 17.2.32317.152
MinimumVisualStudioVersion = 10.0.40219.1
Project("{9A19103F-16F7-4668-BE54-9A1E7A4F7556}") = "CollapseLauncher", "CollapseLauncher\CollapseLauncher.csproj", "{CA73E886-6AE2-4700-B8BB-5D11D91CA45F}"
EndProject
Project("{9A19103F-16F7-4668-BE54-9A1E7A4F7556}") = "Hi3HelperCore", "Hi3HelperCore\Hi3HelperCore.csproj", "{102DC1D2-B1A9-46AF-B56C-A124013747B6}"
EndProject
Project("{9A19103F-16F7-4668-BE54-9A1E7A4F7556}") = "CollapseLauncher.Updater", "CollapseLauncher.Updater\CollapseLauncher.Updater.csproj", "{A6691971-F003-4AD8-82DC-4C75B47C8215}"
EndProject
Project("{9A19103F-16F7-4668-BE54-9A1E7A4F7556}") = "CollapseLauncher.Invoker", "CollapseLauncher.Invoker\CollapseLauncher.Invoker.csproj", "{A69203AF-A29E-4855-AEC0-7BBFBB3BE1E7}"
EndProject
Global
	GlobalSection(SolutionConfigurationPlatforms) = preSolution
		Debug|Any CPU = Debug|Any CPU
		Debug|x64 = Debug|x64
		Publish|Any CPU = Publish|Any CPU
		Publish|x64 = Publish|x64
		Release|Any CPU = Release|Any CPU
		Release|x64 = Release|x64
	EndGlobalSection
	GlobalSection(ProjectConfigurationPlatforms) = postSolution
		{CA73E886-6AE2-4700-B8BB-5D11D91CA45F}.Debug|Any CPU.ActiveCfg = Debug|x64
		{CA73E886-6AE2-4700-B8BB-5D11D91CA45F}.Debug|Any CPU.Build.0 = Debug|x64
		{CA73E886-6AE2-4700-B8BB-5D11D91CA45F}.Debug|x64.ActiveCfg = Debug|x64
		{CA73E886-6AE2-4700-B8BB-5D11D91CA45F}.Debug|x64.Build.0 = Debug|x64
		{CA73E886-6AE2-4700-B8BB-5D11D91CA45F}.Debug|x64.Deploy.0 = Debug|x64
		{CA73E886-6AE2-4700-B8BB-5D11D91CA45F}.Publish|Any CPU.ActiveCfg = Publish|x64
		{CA73E886-6AE2-4700-B8BB-5D11D91CA45F}.Publish|Any CPU.Build.0 = Publish|x64
		{CA73E886-6AE2-4700-B8BB-5D11D91CA45F}.Publish|x64.ActiveCfg = Publish|x64
		{CA73E886-6AE2-4700-B8BB-5D11D91CA45F}.Publish|x64.Build.0 = Publish|x64
		{CA73E886-6AE2-4700-B8BB-5D11D91CA45F}.Release|Any CPU.ActiveCfg = Release|x64
		{CA73E886-6AE2-4700-B8BB-5D11D91CA45F}.Release|Any CPU.Build.0 = Release|x64
		{CA73E886-6AE2-4700-B8BB-5D11D91CA45F}.Release|x64.ActiveCfg = Release|x64
		{CA73E886-6AE2-4700-B8BB-5D11D91CA45F}.Release|x64.Build.0 = Release|x64
		{CA73E886-6AE2-4700-B8BB-5D11D91CA45F}.Release|x64.Deploy.0 = Release|x64
		{102DC1D2-B1A9-46AF-B56C-A124013747B6}.Debug|Any CPU.ActiveCfg = Debug|x64
		{102DC1D2-B1A9-46AF-B56C-A124013747B6}.Debug|Any CPU.Build.0 = Debug|x64
		{102DC1D2-B1A9-46AF-B56C-A124013747B6}.Debug|x64.ActiveCfg = Debug|x64
		{102DC1D2-B1A9-46AF-B56C-A124013747B6}.Debug|x64.Build.0 = Debug|x64
		{102DC1D2-B1A9-46AF-B56C-A124013747B6}.Publish|Any CPU.ActiveCfg = Publish|x64
		{102DC1D2-B1A9-46AF-B56C-A124013747B6}.Publish|Any CPU.Build.0 = Publish|x64
		{102DC1D2-B1A9-46AF-B56C-A124013747B6}.Publish|x64.ActiveCfg = Publish|x64
		{102DC1D2-B1A9-46AF-B56C-A124013747B6}.Publish|x64.Build.0 = Publish|x64
		{102DC1D2-B1A9-46AF-B56C-A124013747B6}.Release|Any CPU.ActiveCfg = Release|x64
		{102DC1D2-B1A9-46AF-B56C-A124013747B6}.Release|Any CPU.Build.0 = Release|x64
		{102DC1D2-B1A9-46AF-B56C-A124013747B6}.Release|x64.ActiveCfg = Release|x64
		{102DC1D2-B1A9-46AF-B56C-A124013747B6}.Release|x64.Build.0 = Release|x64
		{A6691971-F003-4AD8-82DC-4C75B47C8215}.Debug|Any CPU.ActiveCfg = Debug|x64
		{A6691971-F003-4AD8-82DC-4C75B47C8215}.Debug|Any CPU.Build.0 = Debug|x64
		{A6691971-F003-4AD8-82DC-4C75B47C8215}.Debug|x64.ActiveCfg = Debug|x64
		{A6691971-F003-4AD8-82DC-4C75B47C8215}.Debug|x64.Build.0 = Debug|x64
		{A6691971-F003-4AD8-82DC-4C75B47C8215}.Publish|Any CPU.ActiveCfg = Publish|x64
		{A6691971-F003-4AD8-82DC-4C75B47C8215}.Publish|Any CPU.Build.0 = Publish|x64
		{A6691971-F003-4AD8-82DC-4C75B47C8215}.Publish|x64.ActiveCfg = Publish|x64
		{A6691971-F003-4AD8-82DC-4C75B47C8215}.Publish|x64.Build.0 = Publish|x64
		{A6691971-F003-4AD8-82DC-4C75B47C8215}.Release|Any CPU.ActiveCfg = Release|x64
		{A6691971-F003-4AD8-82DC-4C75B47C8215}.Release|Any CPU.Build.0 = Release|x64
		{A6691971-F003-4AD8-82DC-4C75B47C8215}.Release|x64.ActiveCfg = Release|x64
		{A6691971-F003-4AD8-82DC-4C75B47C8215}.Release|x64.Build.0 = Release|x64
		{A69203AF-A29E-4855-AEC0-7BBFBB3BE1E7}.Debug|Any CPU.ActiveCfg = Debug|Any CPU
		{A69203AF-A29E-4855-AEC0-7BBFBB3BE1E7}.Debug|Any CPU.Build.0 = Debug|Any CPU
		{A69203AF-A29E-4855-AEC0-7BBFBB3BE1E7}.Debug|x64.ActiveCfg = Debug|x64
		{A69203AF-A29E-4855-AEC0-7BBFBB3BE1E7}.Debug|x64.Build.0 = Debug|x64
		{A69203AF-A29E-4855-AEC0-7BBFBB3BE1E7}.Publish|Any CPU.ActiveCfg = Debug|Any CPU
		{A69203AF-A29E-4855-AEC0-7BBFBB3BE1E7}.Publish|Any CPU.Build.0 = Debug|Any CPU
		{A69203AF-A29E-4855-AEC0-7BBFBB3BE1E7}.Publish|x64.ActiveCfg = Debug|x64
		{A69203AF-A29E-4855-AEC0-7BBFBB3BE1E7}.Publish|x64.Build.0 = Debug|x64
		{A69203AF-A29E-4855-AEC0-7BBFBB3BE1E7}.Release|Any CPU.ActiveCfg = Release|Any CPU
		{A69203AF-A29E-4855-AEC0-7BBFBB3BE1E7}.Release|Any CPU.Build.0 = Release|Any CPU
		{A69203AF-A29E-4855-AEC0-7BBFBB3BE1E7}.Release|x64.ActiveCfg = Release|x64
		{A69203AF-A29E-4855-AEC0-7BBFBB3BE1E7}.Release|x64.Build.0 = Release|x64
	EndGlobalSection
	GlobalSection(SolutionProperties) = preSolution
		HideSolutionNode = FALSE
	EndGlobalSection
	GlobalSection(ExtensibilityGlobals) = postSolution
		SolutionGuid = {9D1B59AA-346E-4C82-A520-90F8279DE25B}
	EndGlobalSection
EndGlobal
