
Microsoft Visual Studio Solution File, Format Version 12.00
# Visual Studio Version 16
VisualStudioVersion = 16.0.31911.196
MinimumVisualStudioVersion = 10.0.40219.1
Project("{9A19103F-16F7-4668-BE54-9A1E7A4F7556}") = "Hi3HelperCore", "Hi3HelperCore\Hi3HelperCore.csproj", "{0470F5E8-E47D-44E8-9FB2-98F81950A605}"
EndProject
Project("{9A19103F-16F7-4668-BE54-9A1E7A4F7556}") = "Hi3HelperGUI-NETCore", "Hi3HelperGUI\Hi3HelperGUI-NETCore.csproj", "{ED844A39-224E-48C4-917E-6BBDCBA57AEF}"
EndProject
Project("{9A19103F-16F7-4668-BE54-9A1E7A4F7556}") = "Hi3HelperGUI-NETFramework", "Hi3HelperGUI\Hi3HelperGUI-NETFramework.csproj", "{91FDBA77-C47B-43E5-B83B-BF5A36E0E97E}"
EndProject
Global
	GlobalSection(SolutionConfigurationPlatforms) = preSolution
		Debug|Any CPU = Debug|Any CPU
		Debug|arm64 = Debug|arm64
		Debug|x64 = Debug|x64
		Debug|x86 = Debug|x86
		Release|Any CPU = Release|Any CPU
		Release|arm64 = Release|arm64
		Release|x64 = Release|x64
		Release|x86 = Release|x86
	EndGlobalSection
	GlobalSection(ProjectConfigurationPlatforms) = postSolution
		{0470F5E8-E47D-44E8-9FB2-98F81950A605}.Debug|Any CPU.ActiveCfg = Debug|Any CPU
		{0470F5E8-E47D-44E8-9FB2-98F81950A605}.Debug|Any CPU.Build.0 = Debug|Any CPU
		{0470F5E8-E47D-44E8-9FB2-98F81950A605}.Debug|arm64.ActiveCfg = Debug|Any CPU
		{0470F5E8-E47D-44E8-9FB2-98F81950A605}.Debug|arm64.Build.0 = Debug|Any CPU
		{0470F5E8-E47D-44E8-9FB2-98F81950A605}.Debug|x64.ActiveCfg = Debug|Any CPU
		{0470F5E8-E47D-44E8-9FB2-98F81950A605}.Debug|x64.Build.0 = Debug|Any CPU
		{0470F5E8-E47D-44E8-9FB2-98F81950A605}.Debug|x86.ActiveCfg = Debug|Any CPU
		{0470F5E8-E47D-44E8-9FB2-98F81950A605}.Debug|x86.Build.0 = Debug|Any CPU
		{0470F5E8-E47D-44E8-9FB2-98F81950A605}.Release|Any CPU.ActiveCfg = Release|Any CPU
		{0470F5E8-E47D-44E8-9FB2-98F81950A605}.Release|Any CPU.Build.0 = Release|Any CPU
		{0470F5E8-E47D-44E8-9FB2-98F81950A605}.Release|arm64.ActiveCfg = Release|Any CPU
		{0470F5E8-E47D-44E8-9FB2-98F81950A605}.Release|arm64.Build.0 = Release|Any CPU
		{0470F5E8-E47D-44E8-9FB2-98F81950A605}.Release|x64.ActiveCfg = Release|x64
		{0470F5E8-E47D-44E8-9FB2-98F81950A605}.Release|x64.Build.0 = Release|x64
		{0470F5E8-E47D-44E8-9FB2-98F81950A605}.Release|x86.ActiveCfg = Release|Any CPU
		{0470F5E8-E47D-44E8-9FB2-98F81950A605}.Release|x86.Build.0 = Release|Any CPU
		{ED844A39-224E-48C4-917E-6BBDCBA57AEF}.Debug|Any CPU.ActiveCfg = Debug|Any CPU
		{ED844A39-224E-48C4-917E-6BBDCBA57AEF}.Debug|Any CPU.Build.0 = Debug|Any CPU
		{ED844A39-224E-48C4-917E-6BBDCBA57AEF}.Debug|arm64.ActiveCfg = Debug|Any CPU
		{ED844A39-224E-48C4-917E-6BBDCBA57AEF}.Debug|arm64.Build.0 = Debug|Any CPU
		{ED844A39-224E-48C4-917E-6BBDCBA57AEF}.Debug|x64.ActiveCfg = Debug|x64
		{ED844A39-224E-48C4-917E-6BBDCBA57AEF}.Debug|x64.Build.0 = Debug|x64
		{ED844A39-224E-48C4-917E-6BBDCBA57AEF}.Debug|x86.ActiveCfg = Debug|Any CPU
		{ED844A39-224E-48C4-917E-6BBDCBA57AEF}.Debug|x86.Build.0 = Debug|Any CPU
		{ED844A39-224E-48C4-917E-6BBDCBA57AEF}.Release|Any CPU.ActiveCfg = Release|Any CPU
		{ED844A39-224E-48C4-917E-6BBDCBA57AEF}.Release|Any CPU.Build.0 = Release|Any CPU
		{ED844A39-224E-48C4-917E-6BBDCBA57AEF}.Release|arm64.ActiveCfg = Release|Any CPU
		{ED844A39-224E-48C4-917E-6BBDCBA57AEF}.Release|arm64.Build.0 = Release|Any CPU
		{ED844A39-224E-48C4-917E-6BBDCBA57AEF}.Release|x64.ActiveCfg = Release|x64
		{ED844A39-224E-48C4-917E-6BBDCBA57AEF}.Release|x64.Build.0 = Release|x64
		{ED844A39-224E-48C4-917E-6BBDCBA57AEF}.Release|x86.ActiveCfg = Release|Any CPU
		{ED844A39-224E-48C4-917E-6BBDCBA57AEF}.Release|x86.Build.0 = Release|Any CPU
		{91FDBA77-C47B-43E5-B83B-BF5A36E0E97E}.Debug|Any CPU.ActiveCfg = Debug|Any CPU
		{91FDBA77-C47B-43E5-B83B-BF5A36E0E97E}.Debug|Any CPU.Build.0 = Debug|Any CPU
		{91FDBA77-C47B-43E5-B83B-BF5A36E0E97E}.Debug|arm64.ActiveCfg = Debug|Any CPU
		{91FDBA77-C47B-43E5-B83B-BF5A36E0E97E}.Debug|arm64.Build.0 = Debug|Any CPU
		{91FDBA77-C47B-43E5-B83B-BF5A36E0E97E}.Debug|x64.ActiveCfg = Debug|x64
		{91FDBA77-C47B-43E5-B83B-BF5A36E0E97E}.Debug|x64.Build.0 = Debug|x64
		{91FDBA77-C47B-43E5-B83B-BF5A36E0E97E}.Debug|x86.ActiveCfg = Debug|Any CPU
		{91FDBA77-C47B-43E5-B83B-BF5A36E0E97E}.Debug|x86.Build.0 = Debug|Any CPU
		{91FDBA77-C47B-43E5-B83B-BF5A36E0E97E}.Release|Any CPU.ActiveCfg = Release|Any CPU
		{91FDBA77-C47B-43E5-B83B-BF5A36E0E97E}.Release|Any CPU.Build.0 = Release|Any CPU
		{91FDBA77-C47B-43E5-B83B-BF5A36E0E97E}.Release|arm64.ActiveCfg = Release|Any CPU
		{91FDBA77-C47B-43E5-B83B-BF5A36E0E97E}.Release|arm64.Build.0 = Release|Any CPU
		{91FDBA77-C47B-43E5-B83B-BF5A36E0E97E}.Release|x64.ActiveCfg = Release|x64
		{91FDBA77-C47B-43E5-B83B-BF5A36E0E97E}.Release|x64.Build.0 = Release|x64
		{91FDBA77-C47B-43E5-B83B-BF5A36E0E97E}.Release|x86.ActiveCfg = Release|Any CPU
		{91FDBA77-C47B-43E5-B83B-BF5A36E0E97E}.Release|x86.Build.0 = Release|Any CPU
	EndGlobalSection
	GlobalSection(SolutionProperties) = preSolution
		HideSolutionNode = FALSE
	EndGlobalSection
	GlobalSection(ExtensibilityGlobals) = postSolution
		SolutionGuid = {D7636737-C4CB-4FED-8101-37915CF1F8A7}
	EndGlobalSection
EndGlobal
