
Microsoft Visual Studio Solution File, Format Version 12.00
# Visual Studio Version 17
VisualStudioVersion = 17.0.31912.275
MinimumVisualStudioVersion = 10.0.40219.1
Project("{9A19103F-16F7-4668-BE54-9A1E7A4F7556}") = "Hi3HelperCore", "Hi3HelperCore\Hi3HelperCore.csproj", "{0470F5E8-E47D-44E8-9FB2-98F81950A605}"
EndProject
Project("{9A19103F-16F7-4668-BE54-9A1E7A4F7556}") = "Hi3HelperGUI-NETCore", "Hi3HelperGUI\Hi3HelperGUI-NETCore.csproj", "{ED844A39-224E-48C4-917E-6BBDCBA57AEF}"
EndProject
Project("{9A19103F-16F7-4668-BE54-9A1E7A4F7556}") = "Hi3HelperGUI-NETFramework", "Hi3HelperGUI\Hi3HelperGUI-NETFramework.csproj", "{91FDBA77-C47B-43E5-B83B-BF5A36E0E97E}"
EndProject
Project("{9A19103F-16F7-4668-BE54-9A1E7A4F7556}") = "CollapseLauncher.Invoker", "CollapseLauncher.Invoker\CollapseLauncher.Invoker.csproj", "{69E017C4-FBEB-4E48-AF0F-E74468E3E382}"
EndProject
Project("{C7167F0D-BC9F-4E6E-AFE1-012C56B48DB5}") = "CollapseLauncher (Package)", "CollapseLauncher\CollapseLauncher (Package)\CollapseLauncher (Package).wapproj", "{85655A19-E569-46E8-83F0-68AEEF2657FA}"
EndProject
Project("{FAE04EC0-301F-11D3-BF4B-00C04F79EFBC}") = "CollapseLauncher", "CollapseLauncher\CollapseLauncher\CollapseLauncher.csproj", "{E442EB05-F2BE-401B-8EFE-15ADA5F9F146}"
EndProject
Global
	GlobalSection(SolutionConfigurationPlatforms) = preSolution
		Debug|Any CPU = Debug|Any CPU
		Debug|ARM = Debug|ARM
		Debug|arm64 = Debug|arm64
		Debug|x64 = Debug|x64
		Debug|x86 = Debug|x86
		Deploy|Any CPU = Deploy|Any CPU
		Deploy|ARM = Deploy|ARM
		Deploy|arm64 = Deploy|arm64
		Deploy|x64 = Deploy|x64
		Deploy|x86 = Deploy|x86
		Release|Any CPU = Release|Any CPU
		Release|ARM = Release|ARM
		Release|arm64 = Release|arm64
		Release|x64 = Release|x64
		Release|x86 = Release|x86
	EndGlobalSection
	GlobalSection(ProjectConfigurationPlatforms) = postSolution
		{0470F5E8-E47D-44E8-9FB2-98F81950A605}.Debug|Any CPU.ActiveCfg = Debug|Any CPU
		{0470F5E8-E47D-44E8-9FB2-98F81950A605}.Debug|Any CPU.Build.0 = Debug|Any CPU
		{0470F5E8-E47D-44E8-9FB2-98F81950A605}.Debug|ARM.ActiveCfg = Debug|Any CPU
		{0470F5E8-E47D-44E8-9FB2-98F81950A605}.Debug|ARM.Build.0 = Debug|Any CPU
		{0470F5E8-E47D-44E8-9FB2-98F81950A605}.Debug|arm64.ActiveCfg = Debug|Any CPU
		{0470F5E8-E47D-44E8-9FB2-98F81950A605}.Debug|arm64.Build.0 = Debug|Any CPU
		{0470F5E8-E47D-44E8-9FB2-98F81950A605}.Debug|x64.ActiveCfg = Debug|x64
		{0470F5E8-E47D-44E8-9FB2-98F81950A605}.Debug|x64.Build.0 = Debug|x64
		{0470F5E8-E47D-44E8-9FB2-98F81950A605}.Debug|x86.ActiveCfg = Debug|Any CPU
		{0470F5E8-E47D-44E8-9FB2-98F81950A605}.Debug|x86.Build.0 = Debug|Any CPU
		{0470F5E8-E47D-44E8-9FB2-98F81950A605}.Deploy|Any CPU.ActiveCfg = Debug|Any CPU
		{0470F5E8-E47D-44E8-9FB2-98F81950A605}.Deploy|Any CPU.Build.0 = Debug|Any CPU
		{0470F5E8-E47D-44E8-9FB2-98F81950A605}.Deploy|ARM.ActiveCfg = Debug|Any CPU
		{0470F5E8-E47D-44E8-9FB2-98F81950A605}.Deploy|ARM.Build.0 = Debug|Any CPU
		{0470F5E8-E47D-44E8-9FB2-98F81950A605}.Deploy|arm64.ActiveCfg = Debug|Any CPU
		{0470F5E8-E47D-44E8-9FB2-98F81950A605}.Deploy|arm64.Build.0 = Debug|Any CPU
		{0470F5E8-E47D-44E8-9FB2-98F81950A605}.Deploy|x64.ActiveCfg = Debug|x64
		{0470F5E8-E47D-44E8-9FB2-98F81950A605}.Deploy|x64.Build.0 = Debug|x64
		{0470F5E8-E47D-44E8-9FB2-98F81950A605}.Deploy|x86.ActiveCfg = Debug|Any CPU
		{0470F5E8-E47D-44E8-9FB2-98F81950A605}.Deploy|x86.Build.0 = Debug|Any CPU
		{0470F5E8-E47D-44E8-9FB2-98F81950A605}.Release|Any CPU.ActiveCfg = Release|Any CPU
		{0470F5E8-E47D-44E8-9FB2-98F81950A605}.Release|Any CPU.Build.0 = Release|Any CPU
		{0470F5E8-E47D-44E8-9FB2-98F81950A605}.Release|ARM.ActiveCfg = Release|Any CPU
		{0470F5E8-E47D-44E8-9FB2-98F81950A605}.Release|ARM.Build.0 = Release|Any CPU
		{0470F5E8-E47D-44E8-9FB2-98F81950A605}.Release|arm64.ActiveCfg = Release|Any CPU
		{0470F5E8-E47D-44E8-9FB2-98F81950A605}.Release|arm64.Build.0 = Release|Any CPU
		{0470F5E8-E47D-44E8-9FB2-98F81950A605}.Release|x64.ActiveCfg = Release|x64
		{0470F5E8-E47D-44E8-9FB2-98F81950A605}.Release|x64.Build.0 = Release|x64
		{0470F5E8-E47D-44E8-9FB2-98F81950A605}.Release|x86.ActiveCfg = Release|Any CPU
		{0470F5E8-E47D-44E8-9FB2-98F81950A605}.Release|x86.Build.0 = Release|Any CPU
		{ED844A39-224E-48C4-917E-6BBDCBA57AEF}.Debug|Any CPU.ActiveCfg = Debug|Any CPU
		{ED844A39-224E-48C4-917E-6BBDCBA57AEF}.Debug|Any CPU.Build.0 = Debug|Any CPU
		{ED844A39-224E-48C4-917E-6BBDCBA57AEF}.Debug|ARM.ActiveCfg = Debug|Any CPU
		{ED844A39-224E-48C4-917E-6BBDCBA57AEF}.Debug|ARM.Build.0 = Debug|Any CPU
		{ED844A39-224E-48C4-917E-6BBDCBA57AEF}.Debug|arm64.ActiveCfg = Debug|Any CPU
		{ED844A39-224E-48C4-917E-6BBDCBA57AEF}.Debug|arm64.Build.0 = Debug|Any CPU
		{ED844A39-224E-48C4-917E-6BBDCBA57AEF}.Debug|x64.ActiveCfg = Debug|x64
		{ED844A39-224E-48C4-917E-6BBDCBA57AEF}.Debug|x64.Build.0 = Debug|x64
		{ED844A39-224E-48C4-917E-6BBDCBA57AEF}.Debug|x86.ActiveCfg = Debug|Any CPU
		{ED844A39-224E-48C4-917E-6BBDCBA57AEF}.Debug|x86.Build.0 = Debug|Any CPU
		{ED844A39-224E-48C4-917E-6BBDCBA57AEF}.Deploy|Any CPU.ActiveCfg = Debug|Any CPU
		{ED844A39-224E-48C4-917E-6BBDCBA57AEF}.Deploy|Any CPU.Build.0 = Debug|Any CPU
		{ED844A39-224E-48C4-917E-6BBDCBA57AEF}.Deploy|ARM.ActiveCfg = Debug|Any CPU
		{ED844A39-224E-48C4-917E-6BBDCBA57AEF}.Deploy|ARM.Build.0 = Debug|Any CPU
		{ED844A39-224E-48C4-917E-6BBDCBA57AEF}.Deploy|arm64.ActiveCfg = Debug|Any CPU
		{ED844A39-224E-48C4-917E-6BBDCBA57AEF}.Deploy|arm64.Build.0 = Debug|Any CPU
		{ED844A39-224E-48C4-917E-6BBDCBA57AEF}.Deploy|x64.ActiveCfg = Debug|x64
		{ED844A39-224E-48C4-917E-6BBDCBA57AEF}.Deploy|x64.Build.0 = Debug|x64
		{ED844A39-224E-48C4-917E-6BBDCBA57AEF}.Deploy|x86.ActiveCfg = Debug|Any CPU
		{ED844A39-224E-48C4-917E-6BBDCBA57AEF}.Deploy|x86.Build.0 = Debug|Any CPU
		{ED844A39-224E-48C4-917E-6BBDCBA57AEF}.Release|Any CPU.ActiveCfg = Release|Any CPU
		{ED844A39-224E-48C4-917E-6BBDCBA57AEF}.Release|Any CPU.Build.0 = Release|Any CPU
		{ED844A39-224E-48C4-917E-6BBDCBA57AEF}.Release|ARM.ActiveCfg = Release|Any CPU
		{ED844A39-224E-48C4-917E-6BBDCBA57AEF}.Release|ARM.Build.0 = Release|Any CPU
		{ED844A39-224E-48C4-917E-6BBDCBA57AEF}.Release|arm64.ActiveCfg = Release|Any CPU
		{ED844A39-224E-48C4-917E-6BBDCBA57AEF}.Release|arm64.Build.0 = Release|Any CPU
		{ED844A39-224E-48C4-917E-6BBDCBA57AEF}.Release|x64.ActiveCfg = Release|x64
		{ED844A39-224E-48C4-917E-6BBDCBA57AEF}.Release|x64.Build.0 = Release|x64
		{ED844A39-224E-48C4-917E-6BBDCBA57AEF}.Release|x86.ActiveCfg = Release|Any CPU
		{ED844A39-224E-48C4-917E-6BBDCBA57AEF}.Release|x86.Build.0 = Release|Any CPU
		{91FDBA77-C47B-43E5-B83B-BF5A36E0E97E}.Debug|Any CPU.ActiveCfg = Debug|Any CPU
		{91FDBA77-C47B-43E5-B83B-BF5A36E0E97E}.Debug|Any CPU.Build.0 = Debug|Any CPU
		{91FDBA77-C47B-43E5-B83B-BF5A36E0E97E}.Debug|ARM.ActiveCfg = Debug|Any CPU
		{91FDBA77-C47B-43E5-B83B-BF5A36E0E97E}.Debug|ARM.Build.0 = Debug|Any CPU
		{91FDBA77-C47B-43E5-B83B-BF5A36E0E97E}.Debug|arm64.ActiveCfg = Debug|Any CPU
		{91FDBA77-C47B-43E5-B83B-BF5A36E0E97E}.Debug|arm64.Build.0 = Debug|Any CPU
		{91FDBA77-C47B-43E5-B83B-BF5A36E0E97E}.Debug|x64.ActiveCfg = Debug|x64
		{91FDBA77-C47B-43E5-B83B-BF5A36E0E97E}.Debug|x64.Build.0 = Debug|x64
		{91FDBA77-C47B-43E5-B83B-BF5A36E0E97E}.Debug|x86.ActiveCfg = Debug|Any CPU
		{91FDBA77-C47B-43E5-B83B-BF5A36E0E97E}.Debug|x86.Build.0 = Debug|Any CPU
		{91FDBA77-C47B-43E5-B83B-BF5A36E0E97E}.Deploy|Any CPU.ActiveCfg = Debug|Any CPU
		{91FDBA77-C47B-43E5-B83B-BF5A36E0E97E}.Deploy|ARM.ActiveCfg = Debug|Any CPU
		{91FDBA77-C47B-43E5-B83B-BF5A36E0E97E}.Deploy|arm64.ActiveCfg = Debug|Any CPU
		{91FDBA77-C47B-43E5-B83B-BF5A36E0E97E}.Deploy|x64.ActiveCfg = Debug|x64
		{91FDBA77-C47B-43E5-B83B-BF5A36E0E97E}.Deploy|x86.ActiveCfg = Debug|Any CPU
		{91FDBA77-C47B-43E5-B83B-BF5A36E0E97E}.Release|Any CPU.ActiveCfg = Release|Any CPU
		{91FDBA77-C47B-43E5-B83B-BF5A36E0E97E}.Release|Any CPU.Build.0 = Release|Any CPU
		{91FDBA77-C47B-43E5-B83B-BF5A36E0E97E}.Release|ARM.ActiveCfg = Release|Any CPU
		{91FDBA77-C47B-43E5-B83B-BF5A36E0E97E}.Release|ARM.Build.0 = Release|Any CPU
		{91FDBA77-C47B-43E5-B83B-BF5A36E0E97E}.Release|arm64.ActiveCfg = Release|Any CPU
		{91FDBA77-C47B-43E5-B83B-BF5A36E0E97E}.Release|arm64.Build.0 = Release|Any CPU
		{91FDBA77-C47B-43E5-B83B-BF5A36E0E97E}.Release|x64.ActiveCfg = Release|x64
		{91FDBA77-C47B-43E5-B83B-BF5A36E0E97E}.Release|x64.Build.0 = Release|x64
		{91FDBA77-C47B-43E5-B83B-BF5A36E0E97E}.Release|x86.ActiveCfg = Release|Any CPU
		{91FDBA77-C47B-43E5-B83B-BF5A36E0E97E}.Release|x86.Build.0 = Release|Any CPU
		{69E017C4-FBEB-4E48-AF0F-E74468E3E382}.Debug|Any CPU.ActiveCfg = Debug|Any CPU
		{69E017C4-FBEB-4E48-AF0F-E74468E3E382}.Debug|Any CPU.Build.0 = Debug|Any CPU
		{69E017C4-FBEB-4E48-AF0F-E74468E3E382}.Debug|ARM.ActiveCfg = Debug|Any CPU
		{69E017C4-FBEB-4E48-AF0F-E74468E3E382}.Debug|ARM.Build.0 = Debug|Any CPU
		{69E017C4-FBEB-4E48-AF0F-E74468E3E382}.Debug|arm64.ActiveCfg = Debug|Any CPU
		{69E017C4-FBEB-4E48-AF0F-E74468E3E382}.Debug|arm64.Build.0 = Debug|Any CPU
		{69E017C4-FBEB-4E48-AF0F-E74468E3E382}.Debug|x64.ActiveCfg = Debug|x64
		{69E017C4-FBEB-4E48-AF0F-E74468E3E382}.Debug|x64.Build.0 = Debug|x64
		{69E017C4-FBEB-4E48-AF0F-E74468E3E382}.Debug|x86.ActiveCfg = Debug|Any CPU
		{69E017C4-FBEB-4E48-AF0F-E74468E3E382}.Debug|x86.Build.0 = Debug|Any CPU
		{69E017C4-FBEB-4E48-AF0F-E74468E3E382}.Deploy|Any CPU.ActiveCfg = Debug|Any CPU
		{69E017C4-FBEB-4E48-AF0F-E74468E3E382}.Deploy|Any CPU.Build.0 = Debug|Any CPU
		{69E017C4-FBEB-4E48-AF0F-E74468E3E382}.Deploy|ARM.ActiveCfg = Debug|Any CPU
		{69E017C4-FBEB-4E48-AF0F-E74468E3E382}.Deploy|ARM.Build.0 = Debug|Any CPU
		{69E017C4-FBEB-4E48-AF0F-E74468E3E382}.Deploy|arm64.ActiveCfg = Debug|Any CPU
		{69E017C4-FBEB-4E48-AF0F-E74468E3E382}.Deploy|arm64.Build.0 = Debug|Any CPU
		{69E017C4-FBEB-4E48-AF0F-E74468E3E382}.Deploy|x64.ActiveCfg = Debug|x64
		{69E017C4-FBEB-4E48-AF0F-E74468E3E382}.Deploy|x64.Build.0 = Debug|x64
		{69E017C4-FBEB-4E48-AF0F-E74468E3E382}.Deploy|x86.ActiveCfg = Debug|Any CPU
		{69E017C4-FBEB-4E48-AF0F-E74468E3E382}.Deploy|x86.Build.0 = Debug|Any CPU
		{69E017C4-FBEB-4E48-AF0F-E74468E3E382}.Release|Any CPU.ActiveCfg = Release|Any CPU
		{69E017C4-FBEB-4E48-AF0F-E74468E3E382}.Release|Any CPU.Build.0 = Release|Any CPU
		{69E017C4-FBEB-4E48-AF0F-E74468E3E382}.Release|ARM.ActiveCfg = Release|Any CPU
		{69E017C4-FBEB-4E48-AF0F-E74468E3E382}.Release|ARM.Build.0 = Release|Any CPU
		{69E017C4-FBEB-4E48-AF0F-E74468E3E382}.Release|arm64.ActiveCfg = Release|Any CPU
		{69E017C4-FBEB-4E48-AF0F-E74468E3E382}.Release|arm64.Build.0 = Release|Any CPU
		{69E017C4-FBEB-4E48-AF0F-E74468E3E382}.Release|x64.ActiveCfg = Release|Any CPU
		{69E017C4-FBEB-4E48-AF0F-E74468E3E382}.Release|x64.Build.0 = Release|Any CPU
		{69E017C4-FBEB-4E48-AF0F-E74468E3E382}.Release|x86.ActiveCfg = Release|Any CPU
		{69E017C4-FBEB-4E48-AF0F-E74468E3E382}.Release|x86.Build.0 = Release|Any CPU
		{85655A19-E569-46E8-83F0-68AEEF2657FA}.Debug|Any CPU.ActiveCfg = Debug|x64
		{85655A19-E569-46E8-83F0-68AEEF2657FA}.Debug|Any CPU.Build.0 = Debug|x64
		{85655A19-E569-46E8-83F0-68AEEF2657FA}.Debug|Any CPU.Deploy.0 = Debug|x64
		{85655A19-E569-46E8-83F0-68AEEF2657FA}.Debug|ARM.ActiveCfg = Debug|x64
		{85655A19-E569-46E8-83F0-68AEEF2657FA}.Debug|ARM.Build.0 = Debug|x64
		{85655A19-E569-46E8-83F0-68AEEF2657FA}.Debug|ARM.Deploy.0 = Debug|x64
		{85655A19-E569-46E8-83F0-68AEEF2657FA}.Debug|arm64.ActiveCfg = Debug|arm64
		{85655A19-E569-46E8-83F0-68AEEF2657FA}.Debug|arm64.Build.0 = Debug|arm64
		{85655A19-E569-46E8-83F0-68AEEF2657FA}.Debug|arm64.Deploy.0 = Debug|arm64
		{85655A19-E569-46E8-83F0-68AEEF2657FA}.Debug|x64.ActiveCfg = Debug|x64
		{85655A19-E569-46E8-83F0-68AEEF2657FA}.Debug|x64.Build.0 = Debug|x64
		{85655A19-E569-46E8-83F0-68AEEF2657FA}.Debug|x64.Deploy.0 = Debug|x64
		{85655A19-E569-46E8-83F0-68AEEF2657FA}.Debug|x86.ActiveCfg = Debug|x86
		{85655A19-E569-46E8-83F0-68AEEF2657FA}.Debug|x86.Build.0 = Debug|x86
		{85655A19-E569-46E8-83F0-68AEEF2657FA}.Debug|x86.Deploy.0 = Debug|x86
		{85655A19-E569-46E8-83F0-68AEEF2657FA}.Deploy|Any CPU.ActiveCfg = Debug|arm64
		{85655A19-E569-46E8-83F0-68AEEF2657FA}.Deploy|Any CPU.Build.0 = Debug|arm64
		{85655A19-E569-46E8-83F0-68AEEF2657FA}.Deploy|Any CPU.Deploy.0 = Debug|arm64
		{85655A19-E569-46E8-83F0-68AEEF2657FA}.Deploy|ARM.ActiveCfg = Debug|arm64
		{85655A19-E569-46E8-83F0-68AEEF2657FA}.Deploy|ARM.Build.0 = Debug|arm64
		{85655A19-E569-46E8-83F0-68AEEF2657FA}.Deploy|ARM.Deploy.0 = Debug|arm64
		{85655A19-E569-46E8-83F0-68AEEF2657FA}.Deploy|arm64.ActiveCfg = Debug|arm64
		{85655A19-E569-46E8-83F0-68AEEF2657FA}.Deploy|arm64.Build.0 = Debug|arm64
		{85655A19-E569-46E8-83F0-68AEEF2657FA}.Deploy|arm64.Deploy.0 = Debug|arm64
		{85655A19-E569-46E8-83F0-68AEEF2657FA}.Deploy|x64.ActiveCfg = Debug|x64
		{85655A19-E569-46E8-83F0-68AEEF2657FA}.Deploy|x64.Build.0 = Debug|x64
		{85655A19-E569-46E8-83F0-68AEEF2657FA}.Deploy|x64.Deploy.0 = Debug|x64
		{85655A19-E569-46E8-83F0-68AEEF2657FA}.Deploy|x86.ActiveCfg = Debug|x86
		{85655A19-E569-46E8-83F0-68AEEF2657FA}.Deploy|x86.Build.0 = Debug|x86
		{85655A19-E569-46E8-83F0-68AEEF2657FA}.Deploy|x86.Deploy.0 = Debug|x86
		{85655A19-E569-46E8-83F0-68AEEF2657FA}.Release|Any CPU.ActiveCfg = Release|x64
		{85655A19-E569-46E8-83F0-68AEEF2657FA}.Release|Any CPU.Build.0 = Release|x64
		{85655A19-E569-46E8-83F0-68AEEF2657FA}.Release|Any CPU.Deploy.0 = Release|x64
		{85655A19-E569-46E8-83F0-68AEEF2657FA}.Release|ARM.ActiveCfg = Release|x64
		{85655A19-E569-46E8-83F0-68AEEF2657FA}.Release|ARM.Build.0 = Release|x64
		{85655A19-E569-46E8-83F0-68AEEF2657FA}.Release|ARM.Deploy.0 = Release|x64
		{85655A19-E569-46E8-83F0-68AEEF2657FA}.Release|arm64.ActiveCfg = Release|arm64
		{85655A19-E569-46E8-83F0-68AEEF2657FA}.Release|arm64.Build.0 = Release|arm64
		{85655A19-E569-46E8-83F0-68AEEF2657FA}.Release|arm64.Deploy.0 = Release|arm64
		{85655A19-E569-46E8-83F0-68AEEF2657FA}.Release|x64.ActiveCfg = Release|x64
		{85655A19-E569-46E8-83F0-68AEEF2657FA}.Release|x64.Build.0 = Release|x64
		{85655A19-E569-46E8-83F0-68AEEF2657FA}.Release|x64.Deploy.0 = Release|x64
		{85655A19-E569-46E8-83F0-68AEEF2657FA}.Release|x86.ActiveCfg = Release|x86
		{85655A19-E569-46E8-83F0-68AEEF2657FA}.Release|x86.Build.0 = Release|x86
		{85655A19-E569-46E8-83F0-68AEEF2657FA}.Release|x86.Deploy.0 = Release|x86
		{E442EB05-F2BE-401B-8EFE-15ADA5F9F146}.Debug|Any CPU.ActiveCfg = Debug|x64
		{E442EB05-F2BE-401B-8EFE-15ADA5F9F146}.Debug|Any CPU.Build.0 = Debug|x64
		{E442EB05-F2BE-401B-8EFE-15ADA5F9F146}.Debug|ARM.ActiveCfg = Debug|x64
		{E442EB05-F2BE-401B-8EFE-15ADA5F9F146}.Debug|ARM.Build.0 = Debug|x64
		{E442EB05-F2BE-401B-8EFE-15ADA5F9F146}.Debug|arm64.ActiveCfg = Debug|arm64
		{E442EB05-F2BE-401B-8EFE-15ADA5F9F146}.Debug|arm64.Build.0 = Debug|arm64
		{E442EB05-F2BE-401B-8EFE-15ADA5F9F146}.Debug|x64.ActiveCfg = Debug|x64
		{E442EB05-F2BE-401B-8EFE-15ADA5F9F146}.Debug|x64.Build.0 = Debug|x64
		{E442EB05-F2BE-401B-8EFE-15ADA5F9F146}.Debug|x86.ActiveCfg = Debug|x86
		{E442EB05-F2BE-401B-8EFE-15ADA5F9F146}.Debug|x86.Build.0 = Debug|x86
		{E442EB05-F2BE-401B-8EFE-15ADA5F9F146}.Deploy|Any CPU.ActiveCfg = Debug|x86
		{E442EB05-F2BE-401B-8EFE-15ADA5F9F146}.Deploy|Any CPU.Build.0 = Debug|x86
		{E442EB05-F2BE-401B-8EFE-15ADA5F9F146}.Deploy|ARM.ActiveCfg = Debug|x86
		{E442EB05-F2BE-401B-8EFE-15ADA5F9F146}.Deploy|ARM.Build.0 = Debug|x86
		{E442EB05-F2BE-401B-8EFE-15ADA5F9F146}.Deploy|arm64.ActiveCfg = Debug|arm64
		{E442EB05-F2BE-401B-8EFE-15ADA5F9F146}.Deploy|arm64.Build.0 = Debug|arm64
		{E442EB05-F2BE-401B-8EFE-15ADA5F9F146}.Deploy|x64.ActiveCfg = Debug|x64
		{E442EB05-F2BE-401B-8EFE-15ADA5F9F146}.Deploy|x64.Build.0 = Debug|x64
		{E442EB05-F2BE-401B-8EFE-15ADA5F9F146}.Deploy|x86.ActiveCfg = Debug|x86
		{E442EB05-F2BE-401B-8EFE-15ADA5F9F146}.Deploy|x86.Build.0 = Debug|x86
		{E442EB05-F2BE-401B-8EFE-15ADA5F9F146}.Release|Any CPU.ActiveCfg = Release|x64
		{E442EB05-F2BE-401B-8EFE-15ADA5F9F146}.Release|Any CPU.Build.0 = Release|x64
		{E442EB05-F2BE-401B-8EFE-15ADA5F9F146}.Release|ARM.ActiveCfg = Release|x64
		{E442EB05-F2BE-401B-8EFE-15ADA5F9F146}.Release|ARM.Build.0 = Release|x64
		{E442EB05-F2BE-401B-8EFE-15ADA5F9F146}.Release|arm64.ActiveCfg = Release|arm64
		{E442EB05-F2BE-401B-8EFE-15ADA5F9F146}.Release|arm64.Build.0 = Release|arm64
		{E442EB05-F2BE-401B-8EFE-15ADA5F9F146}.Release|x64.ActiveCfg = Release|x64
		{E442EB05-F2BE-401B-8EFE-15ADA5F9F146}.Release|x64.Build.0 = Release|x64
		{E442EB05-F2BE-401B-8EFE-15ADA5F9F146}.Release|x86.ActiveCfg = Release|x86
		{E442EB05-F2BE-401B-8EFE-15ADA5F9F146}.Release|x86.Build.0 = Release|x86
	EndGlobalSection
	GlobalSection(SolutionProperties) = preSolution
		HideSolutionNode = FALSE
	EndGlobalSection
	GlobalSection(ExtensibilityGlobals) = postSolution
		SolutionGuid = {D7636737-C4CB-4FED-8101-37915CF1F8A7}
	EndGlobalSection
EndGlobal
