{
  "version": 1,
  "dependencies": {
    "net9.0-windows10.0.26100": {
      "CommunityToolkit.Common": {
        "type": "Direct",
        "requested": "[8.4.0, )",
        "resolved": "8.4.0",
        "contentHash": "yqU6s4sLjaMuJ0OS6MSpOLkdbLS8HhyD0RSMQ/+/AyAjXizLMdXnlImgVBXPEGmBsNKDjApGF7uFmSh/xhie7A=="
      },
      "CommunityToolkit.WinUI.Triggers": {
        "type": "Direct",
        "requested": "[8.2.250402, )",
        "resolved": "8.2.250402",
        "contentHash": "laHIrBQkwQCurTNSQdGdEXUyoCpqY8QFXSybDM/Q1Ti/23xL+sRX/gHe3pP8uMM59bcwYbYlMRCbIaLnxnrdjw==",
        "dependencies": {
          "CommunityToolkit.WinUI.Helpers": "8.2.250402",
          "Microsoft.WindowsAppSDK": "1.6.250108002"
        }
      },
      "Microsoft.NET.ILLink.Tasks": {
        "type": "Direct",
        "requested": "[9.0.7, )",
        "resolved": "9.0.7",
        "contentHash": "SZ1brSGoLnhLbE8QUZrtN6YwzN2gDT1wbx9qDBEfFFJcstiDTjJ6ygNuTPBV/K7SjGfx2YNbcJi5+ygbPOZpDg=="
      },
      "Microsoft.Web.WebView2": {
        "type": "Direct",
        "requested": "[1.0.3415-prerelease, )",
        "resolved": "1.0.3415-prerelease",
        "contentHash": "7CGb9Y+KGdrJEKhrkU9g+Cz4WjG8wIeWx8eWbKqLgHZEUMayNfyxvILmE05gXhBnG/nz+i1cVLeGfrmIPNMjXQ=="
      },
      "Microsoft.Windows.CsWinRT": {
        "type": "Direct",
        "requested": "[2.2.0, )",
        "resolved": "2.2.0",
        "contentHash": "R8MDVawukHrKgYCFgYaoLfbAna/FrImEFRxDK9k8ITbrXv3KLE5uN6tRqrNV83H4MFdqJ/uiA/hg1cSsXkl0vw=="
      },
      "Microsoft.Windows.SDK.BuildTools": {
        "type": "Direct",
        "requested": "[10.0.26100.4654, )",
        "resolved": "10.0.26100.4654",
        "contentHash": "2mgcOlj/t2RfSyyw+pVESfO+Tk1RkfQzto9Vrq42M1lUQIfQEwbi8QLha9GXWIOj+TFzeHIEJckIoF25mgiM8A=="
      },
      "Microsoft.WindowsAppSDK": {
        "type": "Direct",
        "requested": "[1.8.250702007-experimental4, )",
        "resolved": "1.8.250702007-experimental4",
        "contentHash": "nByTnXrYJyR+bBJDM8fOTpsddm2VGb5BfryIwon0ZCyJBfgVCv/Y7bJmVbBSiwdlySuJiENmlKlQTeuYNtd5eg==",
        "dependencies": {
          "Microsoft.WindowsAppSDK.AI": "[1.8.407-experimental]",
          "Microsoft.WindowsAppSDK.Base": "[1.8.250509001-experimental]",
          "Microsoft.WindowsAppSDK.DWrite": "[1.8.25052801-experimental3]",
          "Microsoft.WindowsAppSDK.Foundation": "[1.8.250701000-experimental]",
          "Microsoft.WindowsAppSDK.InteractiveExperiences": "[1.8.250626001-experimental]",
          "Microsoft.WindowsAppSDK.ML": "[1.8.126-experimental]",
          "Microsoft.WindowsAppSDK.Runtime": "[1.8.250702007-experimental4]",
          "Microsoft.WindowsAppSDK.Widgets": "[1.8.250610001-experimental]",
          "Microsoft.WindowsAppSDK.WinUI": "[1.8.250701000-experimental]"
        }
      },
      "CommunityToolkit.WinUI.Extensions": {
        "type": "Transitive",
        "resolved": "8.2.250402",
        "contentHash": "rAOYzNX6kdUeeE1ejGd6Q8B+xmyZvOrWFUbqCgOtP8OQsOL66en9ZQTtzxAlaaFC4qleLvnKcn8FJFBezujOlw==",
        "dependencies": {
          "CommunityToolkit.Common": "8.2.1",
          "Microsoft.WindowsAppSDK": "1.6.250108002"
        }
      },
      "CommunityToolkit.WinUI.Helpers": {
        "type": "Transitive",
        "resolved": "8.2.250402",
        "contentHash": "DThBXB4hT3/aJ7xFKQJw/C0ZEs1QhZL7QG6AFOYcpnGWNlv3tkF761PFtTyhpNQrR1AFfzml5zG+zWfFbKs6Mw==",
        "dependencies": {
          "CommunityToolkit.WinUI.Extensions": "8.2.250402",
          "Microsoft.WindowsAppSDK": "1.6.250108002"
        }
      },
      "Microsoft.Windows.SDK.BuildTools.MSIX": {
        "type": "Transitive",
        "resolved": "1.7.20250508.1",
        "contentHash": "omgDNQElO0w0wY20I7XLGHISyn7Z4quh9Pc+Gp9XkRHJgiks7ARDhq4Vu+DK32bDoCBrFe1CLK4ovete4QiuVw=="
      },
      "Microsoft.WindowsAppSDK.AI": {
        "type": "Transitive",
        "resolved": "1.8.407-experimental",
        "contentHash": "evbWwVGjLM2YPajnt4GztSUFJEp9Mk/6KdOU/LL2i3VB/gmzyAZBKwi7Xj8a7EDG3A4GuFY+iTs8omIbpIxXbA==",
        "dependencies": {
          "Microsoft.WindowsAppSDK.Base": "1.8.250509001-experimental",
          "Microsoft.WindowsAppSDK.Foundation": "1.8.250701000-experimental"
        }
      },
      "Microsoft.WindowsAppSDK.Base": {
        "type": "Transitive",
        "resolved": "1.8.250509001-experimental",
        "contentHash": "kw60pLocD7M09t5bOxcx6juKdk2e5xdSO5cGCaedcNgD+e1h92vUFT9WU1xCzc0sXIt2x1FL426T606PjoXXUQ==",
        "dependencies": {
          "Microsoft.Windows.SDK.BuildTools": "10.0.22621.3233",
          "Microsoft.Windows.SDK.BuildTools.MSIX": "1.7.20250508.1"
        }
      },
      "Microsoft.WindowsAppSDK.DWrite": {
        "type": "Transitive",
        "resolved": "1.8.25052801-experimental3",
        "contentHash": "VQLKFZ4a4sn9d9aGIUFsjEmQM5RAW3RUFCkCcyUXY2aF2lVD09imT9m9hnKcmtjkkZPZtJzLBwq3tIxmnRe2Cg==",
        "dependencies": {
          "Microsoft.WindowsAppSDK.Base": "1.8.250501001-experimental"
        }
      },
      "Microsoft.WindowsAppSDK.Foundation": {
        "type": "Transitive",
        "resolved": "1.8.250701000-experimental",
        "contentHash": "wM6C3p9x6nGRVnpZMTSU5sitBDW27jgu9Dzu0Ru6NTzOtqA0OQIOUK7j08W0V+Um33ZrWoUGJIVZnrYrzOHFYg==",
        "dependencies": {
          "Microsoft.WindowsAppSDK.Base": "1.8.250509001-experimental",
          "Microsoft.WindowsAppSDK.InteractiveExperiences": "1.8.250626001-experimental"
        }
      },
      "Microsoft.WindowsAppSDK.InteractiveExperiences": {
        "type": "Transitive",
        "resolved": "1.8.250626001-experimental",
        "contentHash": "HXNtlVduthY3sOenbcgxI7rHqkCpVN0QU1hjTEAzuPPDWO1hQ22OfByKF/yUgDrwv8KxfRUe1vgUX4JwbeFDGQ==",
        "dependencies": {
          "Microsoft.WindowsAppSDK.Base": "1.8.250501001-experimental"
        }
      },
      "Microsoft.WindowsAppSDK.ML": {
        "type": "Transitive",
        "resolved": "1.8.126-experimental",
        "contentHash": "LW/MPS8qHa4wQVdsH+s1AjUhaUVeT+nSmjj8md/hNsKhp/z9qMDXv26ht0k0o+VbbdhRCrSrJYtNEuoQCOoOww==",
        "dependencies": {
          "Microsoft.WindowsAppSDK.Base": "1.8.250509001-experimental",
          "Microsoft.WindowsAppSDK.Foundation": "1.8.250701000-experimental"
        }
      },
      "Microsoft.WindowsAppSDK.Runtime": {
        "type": "Transitive",
        "resolved": "1.8.250702007-experimental4",
        "contentHash": "zm0LhlOxut0yGEox8aGSq73RadSm7i/5RrKM9Ygk0+BgmC3t27wekr5BUsDFMdakvn/8dAzNiM4HZxFHFTniEg==",
        "dependencies": {
          "Microsoft.WindowsAppSDK.Base": "1.8.250509001-experimental"
        }
      },
      "Microsoft.WindowsAppSDK.Widgets": {
        "type": "Transitive",
        "resolved": "1.8.250610001-experimental",
        "contentHash": "hpqPDxj+BmUv+tFsEdE/Fv8UIvLDKPIc96oKgZwlFfIwWmqh0UVnVPj9zqKEKbnZw9GNtSDW93w0J/LgcIvnZQ==",
        "dependencies": {
          "Microsoft.WindowsAppSDK.Base": "1.8.250501001-experimental"
        }
      },
      "Microsoft.WindowsAppSDK.WinUI": {
        "type": "Transitive",
        "resolved": "1.8.250701000-experimental",
        "contentHash": "vkA9eI9aTzg+YH/QTQgFyuJv02KOvHIlpmkV6RhyfNt/Z1faZmtOWFVPpnmE+0GJZRHyBkHX/iQ7RZ0xZK5r/A==",
        "dependencies": {
          "Microsoft.Web.WebView2": "1.0.3179.45",
          "Microsoft.WindowsAppSDK.Base": "1.8.250509001-experimental",
          "Microsoft.WindowsAppSDK.Foundation": "1.8.250701000-experimental",
          "Microsoft.WindowsAppSDK.InteractiveExperiences": "1.8.250626001-experimental"
        }
      }
    },
    "net9.0-windows10.0.26100/win-x64": {
      "Microsoft.Web.WebView2": {
        "type": "Direct",
        "requested": "[1.0.3415-prerelease, )",
        "resolved": "1.0.3415-prerelease",
        "contentHash": "7CGb9Y+KGdrJEKhrkU9g+Cz4WjG8wIeWx8eWbKqLgHZEUMayNfyxvILmE05gXhBnG/nz+i1cVLeGfrmIPNMjXQ=="
      },
      "Microsoft.WindowsAppSDK.Foundation": {
        "type": "Transitive",
        "resolved": "1.8.250701000-experimental",
        "contentHash": "wM6C3p9x6nGRVnpZMTSU5sitBDW27jgu9Dzu0Ru6NTzOtqA0OQIOUK7j08W0V+Um33ZrWoUGJIVZnrYrzOHFYg==",
        "dependencies": {
          "Microsoft.WindowsAppSDK.Base": "1.8.250509001-experimental",
          "Microsoft.WindowsAppSDK.InteractiveExperiences": "1.8.250626001-experimental"
        }
      }
    }
  }
}