{
  "version": 1,
  "dependencies": {
    "net10.0-windows10.0.26100": {
      "CommunityToolkit.Common": {
        "type": "Direct",
        "requested": "[8.4.2, )",
        "resolved": "8.4.2",
        "contentHash": "SedQf214RzGA4Jwdl/auRM6h/8838DAbP0XvCxRWfeRTEnVqtl+6vn/XGYW2aXt8J5cWTh7rPdHWLZmly2qyIg=="
      },
      "CommunityToolkit.WinUI.Triggers": {
        "type": "Direct",
        "requested": "[8.2.251219, )",
        "resolved": "8.2.251219",
        "contentHash": "E1D5jZ93hI2VkDJjHFvVPdwWBYG7gubx/zw9mS3aOL60rhroGuy9Jq/WqzL+VNaKFzsXZ4CZ0ivjOP7/SLGxIg==",
        "dependencies": {
          "CommunityToolkit.WinUI.Helpers": "8.2.251219",
          "Microsoft.WindowsAppSDK": "1.6.250108002"
        }
      },
      "Microsoft.NET.ILLink.Tasks": {
        "type": "Direct",
        "requested": "[10.0.7, )",
        "resolved": "10.0.7",
        "contentHash": "AA/yhzFHNtQZXLdqjzujPy25G8EWwGWsAnxOE2zYSBoT/8QHP6ketN3CToD3DFreO653ipUwnKHo22B8AlBMCw=="
      },
      "Microsoft.Windows.CsWinRT": {
        "type": "Direct",
        "requested": "[2.3.0-prerelease.251115.2, )",
        "resolved": "2.3.0-prerelease.251115.2",
        "contentHash": "p+U1Afh5GPnTPyz4ToxxsUPrkOP47Z1pzAiFsmGrm5D5T1mbifabqCpd5J6+hxotFt9YLbysch4jCw09niFfsg=="
      },
      "Microsoft.Windows.SDK.BuildTools": {
        "type": "Direct",
        "requested": "[10.0.28000.1839, )",
        "resolved": "10.0.28000.1839",
        "contentHash": "xPRyq2l8rBbKPOEymCGGN1+086KHsMpXz2bhP2Ha3Woo0tsqrnEXUO/iINJ5kqOvax78LtSReoAZi26rFqOdPg=="
      },
      "Microsoft.WindowsAppSDK": {
        "type": "Direct",
        "requested": "[2.0.1, )",
        "resolved": "2.0.1",
        "contentHash": "R+iN0mqIUUppbzpHU178R5malnttTTVBOBIGi1NQVVZAs34bAANM/iLJhjj6uUBgYiPfpvjcLbHT5IZ8kKKaqg==",
        "dependencies": {
          "Microsoft.WindowsAppSDK.AI": "2.0.185",
          "Microsoft.WindowsAppSDK.Base": "2.0.3",
          "Microsoft.WindowsAppSDK.DWrite": "2.0.26041403",
          "Microsoft.WindowsAppSDK.Foundation": "2.0.20",
          "Microsoft.WindowsAppSDK.InteractiveExperiences": "2.0.12",
          "Microsoft.WindowsAppSDK.ML": "2.0.300",
          "Microsoft.WindowsAppSDK.Runtime": "[2.0.1]",
          "Microsoft.WindowsAppSDK.Widgets": "2.0.4",
          "Microsoft.WindowsAppSDK.WinUI": "2.0.12"
        }
      },
      "CommunityToolkit.WinUI.Extensions": {
        "type": "Transitive",
        "resolved": "8.2.251219",
        "contentHash": "7ydxHF7jRl889qymGihhng4Yy5hFCxTxw+iKFM4XBo27bBAJxzr45Iu7GIZrydY5lhEgsG+xE4ZCA6HccNFxNA==",
        "dependencies": {
          "CommunityToolkit.Common": "8.2.1",
          "Microsoft.WindowsAppSDK": "1.6.250108002"
        }
      },
      "CommunityToolkit.WinUI.Helpers": {
        "type": "Transitive",
        "resolved": "8.2.251219",
        "contentHash": "Ksyd6yoItNnZSae3901n04pwM81h34kHPrR+pGYd5OxBAR7NVksFJBi1r2xcJV1Rg/bg+40blHJsZk85KgF/cw==",
        "dependencies": {
          "CommunityToolkit.WinUI.Extensions": "8.2.251219",
          "Microsoft.WindowsAppSDK": "1.6.250108002"
        }
      },
      "Microsoft.Web.WebView2": {
        "type": "Transitive",
        "resolved": "1.0.3719.77",
        "contentHash": "t+ucyKw5NTwMjsUrDF6R9Lk40lpcKQD1/HgyGFxl49tdA4h9dKlsj6FYGEmDRpFNfnTpENuTypMcdbrlkqBdDA=="
      },
      "Microsoft.Windows.AI.MachineLearning": {
        "type": "Transitive",
        "resolved": "2.0.300",
        "contentHash": "OiJX15N198kG30Lop7LH8WjmBfk2/9iU9it9eLPnkNZ49Yi/vAa4ntONGiGOgv5mb8/fvFHV5trCWSPM+OQhSw==",
        "dependencies": {
          "System.Numerics.Tensors": "9.0.0"
        }
      },
      "Microsoft.Windows.SDK.BuildTools.MSIX": {
        "type": "Transitive",
        "resolved": "1.7.251221100",
        "contentHash": "f4aIZJ0NUth2403oxrpR+9rxVzZVI6dabqB21u8ncnk8eJAKCs9m77E4iYAnvP1YwrRe4axz3f8+yUcttNSfEA=="
      },
      "Microsoft.WindowsAppSDK.AI": {
        "type": "Transitive",
        "resolved": "2.0.185",
        "contentHash": "KkWthQS+QuiTQJ8HgSpobUgfJDRUAwps0/1MjYM3wZ/hQzSKr1UoyiYLgk/I8Z2I+/NNphbZ9NsY7DwHKrZJlg==",
        "dependencies": {
          "Microsoft.WindowsAppSDK.Base": "2.0.3",
          "Microsoft.WindowsAppSDK.Foundation": "2.0.19"
        }
      },
      "Microsoft.WindowsAppSDK.Base": {
        "type": "Transitive",
        "resolved": "2.0.3",
        "contentHash": "UZIO8/Vk2FKONlKNM8ZyFLhkSZcMZSzFDVmmzZOCnOBcvxNwWRW/+klUlTEI8tLpPVHJTQUsZE677GaYyDzrHw==",
        "dependencies": {
          "Microsoft.Windows.SDK.BuildTools": "10.0.26100.4654",
          "Microsoft.Windows.SDK.BuildTools.MSIX": "1.7.251221100"
        }
      },
      "Microsoft.WindowsAppSDK.DWrite": {
        "type": "Transitive",
        "resolved": "2.0.26041403",
        "contentHash": "iClF//qwKk82OWR84acdTezu9euInOYo6QvtFz/IobfbpWBLfXA4mjbu5DpK03z/BF8hHG7COIwvJ+D/5iNvsg==",
        "dependencies": {
          "Microsoft.WindowsAppSDK.Base": "2.0.3"
        }
      },
      "Microsoft.WindowsAppSDK.Foundation": {
        "type": "Transitive",
        "resolved": "2.0.20",
        "contentHash": "PwoRG/eddoi9SOSVPyanei5WAHMyAeVFAeqcovd0V0Ebx6dw7S+ksVVGThAoMjrRI6f93Fa6mTmwXqFHExOtlw==",
        "dependencies": {
          "Microsoft.WindowsAppSDK.Base": "2.0.3",
          "Microsoft.WindowsAppSDK.InteractiveExperiences": "2.0.12"
        }
      },
      "Microsoft.WindowsAppSDK.InteractiveExperiences": {
        "type": "Transitive",
        "resolved": "2.0.12",
        "contentHash": "uGNDuIhBHTO1azsa0SCO6/h/0JBVKqoKiJA0K8JSgrlGeC5Lx7g0xppS8aOF/aTnOPSR9BIEHWRvH9JldWTbBg==",
        "dependencies": {
          "Microsoft.WindowsAppSDK.Base": "2.0.3"
        }
      },
      "Microsoft.WindowsAppSDK.ML": {
        "type": "Transitive",
        "resolved": "2.0.300",
        "contentHash": "3/PInpjZozhI+KryPO2b3gZVNyFVOd5qSBhiGW/qFo2VzKQCMc0+cyaCPVm8uhfm3jqgYjQ4g/EqHFA5gJIaoQ==",
        "dependencies": {
          "Microsoft.Windows.AI.MachineLearning": "[2.0.300, 3.0.0)",
          "Microsoft.WindowsAppSDK.Base": "2.0.3",
          "Microsoft.WindowsAppSDK.Foundation": "2.0.19"
        }
      },
      "Microsoft.WindowsAppSDK.Runtime": {
        "type": "Transitive",
        "resolved": "2.0.1",
        "contentHash": "auDu0gwvIrxM1gbOJsRiyRJHHeFaAC9ORO4EppreRQEeD+BteTdl6Z/bP4aUgmUimrr7gOQQ87iLcQOsahbvSQ==",
        "dependencies": {
          "Microsoft.WindowsAppSDK.Base": "2.0.3"
        }
      },
      "Microsoft.WindowsAppSDK.Widgets": {
        "type": "Transitive",
        "resolved": "2.0.4",
        "contentHash": "gvfIHLmQKBQ+KQKrWb+Oc+eQEZtpKx2zHQDBzFF7Tio+SDkXtaONU4nvHgaqcnkbqNpDPPT/pYIr7UaI51vNEQ==",
        "dependencies": {
          "Microsoft.WindowsAppSDK.Base": "2.0.3"
        }
      },
      "Microsoft.WindowsAppSDK.WinUI": {
        "type": "Transitive",
        "resolved": "2.0.12",
        "contentHash": "qNyajFTgO9xuxKtcs7vLqg7NLSuZK5+EUKeRh6fHQ9Da8hhmymoKci/srxyQwyLkFOXRL7nnuoxovUpzNjlsCg==",
        "dependencies": {
          "Microsoft.Web.WebView2": "1.0.3719.77",
          "Microsoft.WindowsAppSDK.Base": "2.0.3",
          "Microsoft.WindowsAppSDK.Foundation": "2.0.20",
          "Microsoft.WindowsAppSDK.InteractiveExperiences": "2.0.12"
        }
      },
      "System.Numerics.Tensors": {
        "type": "Transitive",
        "resolved": "9.0.0",
        "contentHash": "hyJB4UlpAi19Xr9AXzu2NuagKC4lPfHObNMEAA0HmqFz2rX7wKgzeYzO/jM/eBHDhnUGFFEjk5cOoJaxqg5J4A=="
      }
    },
    "net10.0-windows10.0.26100/win-x64": {
      "Microsoft.Web.WebView2": {
        "type": "Transitive",
        "resolved": "1.0.3719.77",
        "contentHash": "t+ucyKw5NTwMjsUrDF6R9Lk40lpcKQD1/HgyGFxl49tdA4h9dKlsj6FYGEmDRpFNfnTpENuTypMcdbrlkqBdDA=="
      },
      "Microsoft.Windows.AI.MachineLearning": {
        "type": "Transitive",
        "resolved": "2.0.300",
        "contentHash": "OiJX15N198kG30Lop7LH8WjmBfk2/9iU9it9eLPnkNZ49Yi/vAa4ntONGiGOgv5mb8/fvFHV5trCWSPM+OQhSw==",
        "dependencies": {
          "System.Numerics.Tensors": "9.0.0"
        }
      },
      "Microsoft.WindowsAppSDK.Foundation": {
        "type": "Transitive",
        "resolved": "2.0.20",
        "contentHash": "PwoRG/eddoi9SOSVPyanei5WAHMyAeVFAeqcovd0V0Ebx6dw7S+ksVVGThAoMjrRI6f93Fa6mTmwXqFHExOtlw==",
        "dependencies": {
          "Microsoft.WindowsAppSDK.Base": "2.0.3",
          "Microsoft.WindowsAppSDK.InteractiveExperiences": "2.0.12"
        }
      }
    }
  }
}