{
  "version": 1,
  "dependencies": {
    "net9.0-windows10.0.26100": {
      "CommunityToolkit.Common": {
        "type": "Direct",
        "requested": "[8.4.0, )",
        "resolved": "8.4.0",
        "contentHash": "yqU6s4sLjaMuJ0OS6MSpOLkdbLS8HhyD0RSMQ/+/AyAjXizLMdXnlImgVBXPEGmBsNKDjApGF7uFmSh/xhie7A=="
      },
      "CommunityToolkit.WinUI.Triggers": {
        "type": "Direct",
        "requested": "[8.2.250129-preview2, )",
        "resolved": "8.2.250129-preview2",
        "contentHash": "IzGOB0qbb2uNzBc/RytfLqGG5qQUCs2j95RcCpGg6R8CFilPNwHyJdd8etGOmw4oWVaUvXHbDeAH2Swy9595VQ==",
        "dependencies": {
          "CommunityToolkit.WinUI.Helpers": "8.2.250129-preview2",
          "Microsoft.WindowsAppSDK": "1.6.250108002"
        }
      },
      "Microsoft.DotNet.ILCompiler": {
        "type": "Direct",
        "requested": "[9.0.2, )",
        "resolved": "9.0.2",
        "contentHash": "eyIUUqqPy7brzmoV04zabOUm0puEAAjZd3O3vuzan9iTTh0oIPwts8fLxZFoEZCFi63ACFtHbNBs5Y7myB3ZDQ=="
      },
      "Microsoft.NET.ILLink.Tasks": {
        "type": "Direct",
        "requested": "[9.0.2, )",
        "resolved": "9.0.2",
        "contentHash": "+KFnCLVPicEq99ko0tq+ycTvNLXHw0tImmTZjPloB/DOFLPT56KLfk5aS7wbgXRPzYhXTTBYLGaABea5mke77w=="
      },
      "Microsoft.Web.WebView2": {
        "type": "Direct",
        "requested": "[1.0.3116-prerelease, )",
        "resolved": "1.0.3116-prerelease",
        "contentHash": "F8vWHXXAyEB3Z60lxr39VnWbHQ2ortOvYxlvx4Ts1JRdrLtPrs9S8+XY5xJC38l4r8GNW3+hZvEHUkqQ2BAniA=="
      },
      "Microsoft.Windows.CsWinRT": {
        "type": "Direct",
        "requested": "[2.2.0, )",
        "resolved": "2.2.0",
        "contentHash": "R8MDVawukHrKgYCFgYaoLfbAna/FrImEFRxDK9k8ITbrXv3KLE5uN6tRqrNV83H4MFdqJ/uiA/hg1cSsXkl0vw=="
      },
      "Microsoft.Windows.SDK.BuildTools": {
        "type": "Direct",
        "requested": "[10.0.26100.1742, )",
        "resolved": "10.0.26100.1742",
        "contentHash": "ypcHjr4KEi6xQhgClnbXoANHcyyX/QsC4Rky4igs6M4GiDa+weegPo8JuV/VMxqrZCV4zlqDsp2krgkN7ReAAg=="
      },
      "Microsoft.WindowsAppSDK": {
        "type": "Direct",
        "requested": "[1.7.250208002-preview1, )",
        "resolved": "1.7.250208002-preview1",
        "contentHash": "snMdeQTc+u9oNzdvFTmQZ1HFIiPp/Z6GuytbTc+a5hnWCRFy9brGnCK01+kRTrXgnIR6L9C5rmc+vwGzd3oQyg==",
        "dependencies": {
          "Microsoft.Web.WebView2": "1.0.2903.40",
          "Microsoft.Windows.SDK.BuildTools": "10.0.22621.756"
        }
      },
      "CommunityToolkit.WinUI.Extensions": {
        "type": "Transitive",
        "resolved": "8.2.250129-preview2",
        "contentHash": "7l+22QHfDcyU4SqpfIci4Sl+XcT7oFxsxI2KYitUHg4lo922cMCK70L9v6EgM8z+H4IAFF9HqPcKSDehvbZtWw==",
        "dependencies": {
          "CommunityToolkit.Common": "8.2.1",
          "Microsoft.WindowsAppSDK": "1.6.250108002"
        }
      },
      "CommunityToolkit.WinUI.Helpers": {
        "type": "Transitive",
        "resolved": "8.2.250129-preview2",
        "contentHash": "EcqFmIFwpNgZgmOJUil58Z40YwO2DcZRUeF5tXaLxaHOFXiL/Zo2ISvw6wNlhMAsVBmMizSzYSKKL+A3yxJ5xg==",
        "dependencies": {
          "CommunityToolkit.WinUI.Extensions": "8.2.250129-preview2",
          "Microsoft.WindowsAppSDK": "1.6.250108002"
        }
      }
    },
    "net9.0-windows10.0.26100/win-x64": {
      "Microsoft.DotNet.ILCompiler": {
        "type": "Direct",
        "requested": "[9.0.2, )",
        "resolved": "9.0.2",
        "contentHash": "eyIUUqqPy7brzmoV04zabOUm0puEAAjZd3O3vuzan9iTTh0oIPwts8fLxZFoEZCFi63ACFtHbNBs5Y7myB3ZDQ==",
        "dependencies": {
          "runtime.win-x64.Microsoft.DotNet.ILCompiler": "9.0.2"
        }
      },
      "Microsoft.Web.WebView2": {
        "type": "Direct",
        "requested": "[1.0.3116-prerelease, )",
        "resolved": "1.0.3116-prerelease",
        "contentHash": "F8vWHXXAyEB3Z60lxr39VnWbHQ2ortOvYxlvx4Ts1JRdrLtPrs9S8+XY5xJC38l4r8GNW3+hZvEHUkqQ2BAniA=="
      },
      "Microsoft.WindowsAppSDK": {
        "type": "Direct",
        "requested": "[1.7.250208002-preview1, )",
        "resolved": "1.7.250208002-preview1",
        "contentHash": "snMdeQTc+u9oNzdvFTmQZ1HFIiPp/Z6GuytbTc+a5hnWCRFy9brGnCK01+kRTrXgnIR6L9C5rmc+vwGzd3oQyg==",
        "dependencies": {
          "Microsoft.Web.WebView2": "1.0.2903.40",
          "Microsoft.Windows.SDK.BuildTools": "10.0.22621.756"
        }
      },
      "runtime.win-x64.Microsoft.DotNet.ILCompiler": {
        "type": "Transitive",
        "resolved": "9.0.2",
        "contentHash": "i+GxLf1LRnhYdrUMHwDjRGUUhK+YEBaSgbvTEF5zhgN7AjMPIsiRX6r+7rtUBOZnkp47YYfL1eCkronW6MTi1g=="
      }
    }
  }
}