{
  "version": 1,
  "dependencies": {
    "net9.0-windows10.0.26100": {
      "CommunityToolkit.Common": {
        "type": "Direct",
        "requested": "[8.4.0, )",
        "resolved": "8.4.0",
        "contentHash": "yqU6s4sLjaMuJ0OS6MSpOLkdbLS8HhyD0RSMQ/+/AyAjXizLMdXnlImgVBXPEGmBsNKDjApGF7uFmSh/xhie7A=="
      },
      "CommunityToolkit.Mvvm": {
        "type": "Direct",
        "requested": "[8.4.0, )",
        "resolved": "8.4.0",
        "contentHash": "tqVU8yc/ADO9oiTRyTnwhFN68hCwvkliMierptWOudIAvWY1mWCh5VFh+guwHJmpMwfg0J0rY+yyd5Oy7ty9Uw=="
      },
      "CommunityToolkit.WinUI.Behaviors": {
        "type": "Direct",
        "requested": "[8.2.250402, )",
        "resolved": "8.2.250402",
        "contentHash": "Bb0uLjMJrLyNDaARHnlFGjTw7T/y0NkL2VTJWY5iWVw8NWCoBxFJCs0KQ258I/PRth5DG582Zy2CDn6HTkUliw==",
        "dependencies": {
          "CommunityToolkit.WinUI.Animations": "8.2.250402",
          "CommunityToolkit.WinUI.Extensions": "8.2.250402",
          "Microsoft.WindowsAppSDK": "1.6.250108002",
          "Microsoft.Xaml.Behaviors.WinUI.Managed": "3.0.0"
        }
      },
      "CommunityToolkit.WinUI.Controls.Primitives": {
        "type": "Direct",
        "requested": "[8.2.250402, )",
        "resolved": "8.2.250402",
        "contentHash": "Wx3t1zADrzBWDar45uRl+lmSxDO5Vx7tTMFm/mNgl3fs5xSQ1ySPdGqD10EFov3rkKc5fbpHGW5xj8t62Yisvg==",
        "dependencies": {
          "CommunityToolkit.WinUI.Extensions": "8.2.250402",
          "Microsoft.WindowsAppSDK": "1.6.250108002"
        }
      },
      "CommunityToolkit.WinUI.Controls.Sizers": {
        "type": "Direct",
        "requested": "[8.2.250402, )",
        "resolved": "8.2.250402",
        "contentHash": "8kWJX+TxUyYbLFPpzoivtYPnSI9kgBGL1dfdsteQSw6Yq69v7mv/Z3emTLHqBJXOi9WKCiq2HNhKXuCH18/ctA==",
        "dependencies": {
          "CommunityToolkit.WinUI.Extensions": "8.2.250402",
          "Microsoft.WindowsAppSDK": "1.6.250108002"
        }
      },
      "CommunityToolkit.WinUI.Converters": {
        "type": "Direct",
        "requested": "[8.2.250402, )",
        "resolved": "8.2.250402",
        "contentHash": "fLWJmy2jBO0ECYmu4eWJzjPp1Drww3XcARdig8HQXSMZkg9k857g1lQQzJr3MVPaLeMPDqeKONtsc0kxBLLMCw==",
        "dependencies": {
          "CommunityToolkit.Common": "8.2.1",
          "Microsoft.WindowsAppSDK": "1.6.250108002"
        }
      },
      "CommunityToolkit.WinUI.Extensions": {
        "type": "Direct",
        "requested": "[8.2.250402, )",
        "resolved": "8.2.250402",
        "contentHash": "rAOYzNX6kdUeeE1ejGd6Q8B+xmyZvOrWFUbqCgOtP8OQsOL66en9ZQTtzxAlaaFC4qleLvnKcn8FJFBezujOlw==",
        "dependencies": {
          "CommunityToolkit.Common": "8.2.1",
          "Microsoft.WindowsAppSDK": "1.6.250108002"
        }
      },
      "CommunityToolkit.WinUI.Media": {
        "type": "Direct",
        "requested": "[8.2.250402, )",
        "resolved": "8.2.250402",
        "contentHash": "/FB24b8g65fp4p9/IdBROgByqxavIbdJt7u8klfbSv8ABV/SqTjR2yduvCXdyVdYxWyyT+ecMf3Gmt8HOGkU2A==",
        "dependencies": {
          "CommunityToolkit.WinUI.Animations": "8.2.250402",
          "CommunityToolkit.WinUI.Extensions": "8.2.250402",
          "Microsoft.Graphics.Win2D": "1.3.1",
          "Microsoft.WindowsAppSDK": "1.6.250108002"
        }
      },
      "GitInfo": {
        "type": "Direct",
        "requested": "[3.6.0, )",
        "resolved": "3.6.0",
        "contentHash": "Nw3TZP1GbDqEsV4hk34iL9YnOLZRDAiosH/IgWXtjv+KTNVJXCEWkDTBmUamWuP9QOShin79c1FudnbT2AV5dA==",
        "dependencies": {
          "ThisAssembly.Constants": "2.1.2"
        }
      },
      "HtmlAgilityPack": {
        "type": "Direct",
        "requested": "[1.12.4, )",
        "resolved": "1.12.4",
        "contentHash": "ljqvBabvFwKoLniuoQKO8b5bJfJweKLs4fUNS/V5dsvpo0A8MlJqxxn9XVmP2DaskbUXty6IYaWAi1SArGIMeQ=="
      },
      "Libsql.Client": {
        "type": "Direct",
        "requested": "[0.5.1, )",
        "resolved": "0.5.1",
        "contentHash": "5fJusmhN7snIZzlsZ0xpQOoNvWZkJKS2/hhljLz8qvEPIJZgYxpkWWCROrSDpjMxQpixqI/nUhfhrQR67jVVoA=="
      },
      "Markdig.Signed": {
        "type": "Direct",
        "requested": "[0.43.0, )",
        "resolved": "0.43.0",
        "contentHash": "Ly5oB+iS5rA2GqLuv7KZNJWQnHXLb5oi7cmIpGrrCrsvU9oplSKO/Xo65tLUiC+bcMjhQ7ZHn97h6vcvF24FbQ=="
      },
      "Microsoft.Extensions.DependencyInjection.Abstractions": {
        "type": "Direct",
        "requested": "[9.0.11, )",
        "resolved": "9.0.11",
        "contentHash": "+ZxxZzcVU+IEzq12GItUzf/V3mEc5nSLiXijwvDc4zyhbjvSZZ043giSZqGnhakrjwRWjkerIHPrRwm9okEIpw=="
      },
      "Microsoft.Extensions.Logging.Abstractions": {
        "type": "Direct",
        "requested": "[9.0.11, )",
        "resolved": "9.0.11",
        "contentHash": "UKWFTDwtZQIoypyt1YPVsxTnDK+0sKn26+UeSGeNlkRQddrkt9EC6kP4g94rgO/WOZkz94bKNlF1dVZN3QfPFQ==",
        "dependencies": {
          "Microsoft.Extensions.DependencyInjection.Abstractions": "9.0.11"
        }
      },
      "Microsoft.Graphics.Win2D": {
        "type": "Direct",
        "requested": "[1.3.2, )",
        "resolved": "1.3.2",
        "contentHash": "xAv4+Xj8wePW1innIUSXebX6UHMGDzOxwKPwYNUNY7mBrsRL/hPFEtuPLpBSxc3iBnuaCogPDCDeN7T4b1xV0Q==",
        "dependencies": {
          "Microsoft.WindowsAppSDK": "1.6.241114003"
        }
      },
      "Microsoft.NET.ILLink.Tasks": {
        "type": "Direct",
        "requested": "[9.0.10, )",
        "resolved": "9.0.10",
        "contentHash": "sseaSJcBxKEpkc59hnB00b3NmJdGvJLfj74HK+nucHxERxbZSUREuWKjC9ywc+HdzJvJyiP2eiyEOROaGSfcPw=="
      },
      "Microsoft.NETCore.Targets": {
        "type": "Direct",
        "requested": "[6.0.0-preview.4.21253.7, )",
        "resolved": "6.0.0-preview.4.21253.7",
        "contentHash": "ipvxo/6FRdrmcsAtCGI9QPeaZZSyeCk9LiSVIJ4AN36IZQG7KFtk9ZbbYgvy4wzCzHkbBmTWaf2ESBqrYEtCRg=="
      },
      "Microsoft.Web.WebView2": {
        "type": "Direct",
        "requested": "[1.0.3595.46, )",
        "resolved": "1.0.3595.46",
        "contentHash": "j+yzqAKwC8Zn+3FL5XJxm6N0Rh5iDqTANBfFaYvnjyRpbpqt3qkpFcqMWLjqEBGiWEClh3zLCkJINwRUcr1KxQ=="
      },
      "Microsoft.Windows.CsWinRT": {
        "type": "Direct",
        "requested": "[2.3.0-prerelease.250720.1, )",
        "resolved": "2.3.0-prerelease.250720.1",
        "contentHash": "2Anaw2yEhLgBXt5Uif3HWuqC+VfjEgnUNlQ9aLKPJcyLGQseB7Nk/TTRt+c6Jv4ud7Ss9Q9pGsFIdnpU2jc3iw=="
      },
      "Microsoft.Windows.SDK.BuildTools": {
        "type": "Direct",
        "requested": "[10.0.26100.6901, )",
        "resolved": "10.0.26100.6901",
        "contentHash": "DyYB9KgaPC/bJasyWgdLKVQAsjbrRHEdGRx9Lw9bIcEPAItOAomqUNLOG0YQCkH3oAys468oA2yM0hdm5+YSqg=="
      },
      "Microsoft.WindowsAppSDK": {
        "type": "Direct",
        "requested": "[1.8.251003001, )",
        "resolved": "1.8.251003001",
        "contentHash": "qdYWPMArvy9QmiCLYMqGiAWg/+ucUs6JqLVgwsdkpaj6RJs5Akj/zJrbvqf50lPdLWKIOwent5ymPBEwh8S7Mw==",
        "dependencies": {
          "Microsoft.WindowsAppSDK.AI": "[1.8.38]",
          "Microsoft.WindowsAppSDK.Base": "[1.8.250831001]",
          "Microsoft.WindowsAppSDK.DWrite": "[1.8.25090401]",
          "Microsoft.WindowsAppSDK.Foundation": "[1.8.250906002]",
          "Microsoft.WindowsAppSDK.InteractiveExperiences": "[1.8.250906004]",
          "Microsoft.WindowsAppSDK.ML": "[1.8.2095]",
          "Microsoft.WindowsAppSDK.Runtime": "[1.8.251003001]",
          "Microsoft.WindowsAppSDK.Widgets": "[1.8.250904007]",
          "Microsoft.WindowsAppSDK.WinUI": "[1.8.250906003]"
        }
      },
      "Microsoft.Xaml.Behaviors.WinUI.Managed": {
        "type": "Direct",
        "requested": "[3.0.0, )",
        "resolved": "3.0.0",
        "contentHash": "IoeGOYbOvhnNlzYs79z2TB1EFVldlQKJHH1gjUMtrViu+MJZfnkyNeCiK1IBVo8zP86VuFPZ4Yg6Vm4mYJ8tGA==",
        "dependencies": {
          "Microsoft.WindowsAppSDK": "1.6.250108002"
        }
      },
      "PhotoSauce.MagicScaler": {
        "type": "Direct",
        "requested": "[0.15.0, )",
        "resolved": "0.15.0",
        "contentHash": "ajPOdS5wGIZrHGT0NHvmmrQ7sJb0Vp+Ex3JauD7Ru+U+F+N7tTYRVDcvXW2ER56MLzC+VSqK3KjRn4Sntkf3vA=="
      },
      "PhotoSauce.NativeCodecs.Libwebp": {
        "type": "Direct",
        "requested": "[*-*, )",
        "resolved": "1.4.0-preview1",
        "contentHash": "0AyuhMpynCdCq84dh0wU/Kjuxzo3GkYny5Z1l2JlWTHD2muUlE3Akqa1CtEPj0lif9o/KHnYwhmIWnP0ZctF4g==",
        "dependencies": {
          "PhotoSauce.MagicScaler": "[0.15.0]"
        }
      },
      "Roman-Numerals": {
        "type": "Direct",
        "requested": "[2.0.1, )",
        "resolved": "2.0.1",
        "contentHash": "Xvhd0IPCKhdYppa9RhDr4fkwhoMMWfahwCfyVtRgt6TRlbUw0gOmSjJR/+L+/s0QNhLTK93C+2pSlrkDgsoY2w=="
      },
      "SharpCompress": {
        "type": "Direct",
        "requested": "[0.41.0, )",
        "resolved": "0.41.0",
        "contentHash": "z04dBVdTIAFTRKi38f0LkajaKA++bR+M8kYCbasXePILD2H+qs7CkLpyiippB24CSbTrWIgpBKm6BenZqkUwvw==",
        "dependencies": {
          "System.Buffers": "4.6.0",
          "ZstdSharp.Port": "0.8.6"
        }
      },
      "System.CommandLine": {
        "type": "Direct",
        "requested": "[2.0.0, )",
        "resolved": "2.0.0",
        "contentHash": "Bjklzc5NoxqAGFi7BcGlY2TWAdB06Bq3a5sfRr3ubMRU80Mf98eyq3Y2UgR6xRV0TLznZmfe5T7mUjOunRNcdA=="
      },
      "System.CommandLine.NamingConventionBinder": {
        "type": "Direct",
        "requested": "[2.0.0-beta5.25306.1, )",
        "resolved": "2.0.0-beta5.25306.1",
        "contentHash": "hEz+l/35lDcDuGg6wpTQNYwAQ6D4Nw5jFzGJu7C2sNFMkKgncGppjyH4jmWrdIuSi3GXOy4Jm+t5UwJAaxJdFQ==",
        "dependencies": {
          "System.CommandLine": "2.0.0-beta5.25306.1"
        }
      },
      "System.Security.AccessControl": {
        "type": "Direct",
        "requested": "[6.0.1, )",
        "resolved": "6.0.1",
        "contentHash": "IQ4NXP/B3Ayzvw0rDQzVTYsCKyy0Jp9KI6aYcK7UnGVlR9+Awz++TIPCQtPYfLJfOpm8ajowMR09V7quD3sEHw=="
      },
      "System.Security.Cryptography.ProtectedData": {
        "type": "Direct",
        "requested": "[9.0.11, )",
        "resolved": "9.0.11",
        "contentHash": "s8yUYuYYu+PAwvBdhLG1KyrGrk9gkYeuPxfAsXsTqqWyepwSyEw8hAaflW4nO98NG52YpYI1am2+9o+79h2RtQ=="
      },
      "System.Text.Encoding.CodePages": {
        "type": "Direct",
        "requested": "[9.0.11, )",
        "resolved": "9.0.11",
        "contentHash": "pbj1Rpy0feT/PztOop9sxBE4X0AjkuLVqg7X8irM2Yvnp9qT2HkPbkCoJCxTQixcM6Ic7UCcxGEZg4OZhVHscg=="
      },
      "System.Text.Json": {
        "type": "Direct",
        "requested": "[9.0.11, )",
        "resolved": "9.0.11",
        "contentHash": "DGToqSFbBSU6pMSbZuJ+7jDvLa73rvpcYdGFqZIB3FKdCVlEAbrBJrl9PuCT6E0QbdhXjPwqalYc5lxjUqMQzw=="
      },
      "ThisAssembly.Constants": {
        "type": "Direct",
        "requested": "[2.1.2, )",
        "resolved": "2.1.2",
        "contentHash": "rq7HoR45a4H1NM8KPG+rOPhv6z36wpB088+tB6KCbltBsnx1uwCpS3IvLmMZh3EOnZarRjXE9oiVgGMFCCJ1Wg==",
        "dependencies": {
          "Microsoft.CSharp": "4.7.0",
          "System.Threading.Tasks.Extensions": "4.6.3"
        }
      },
      "TurnerSoftware.DinoDNS": {
        "type": "Direct",
        "requested": "[0.3.0, )",
        "resolved": "0.3.0",
        "contentHash": "4tYkD4ENlwozKrNuNXSCjnqKVX5vQjPvxbdSgN37KeGX+x8AT/u6QK3tToO/uxv42c/cPp8n3a8BRrPZWX7BCw=="
      },
      "Velopack": {
        "type": "Direct",
        "requested": "[0.0.1298, )",
        "resolved": "0.0.1298",
        "contentHash": "PJ6Nm28qJ4ChsHYzgHUJ8g+DGyyHes2+bwxY709+znMhgi8fMp8M1FTF8x6pZMjnsPCWVwoMlxVEyq0NLeRZtA==",
        "dependencies": {
          "NuGet.Versioning": "6.14.0"
        }
      },
      "CommunityToolkit.WinUI.Animations": {
        "type": "Transitive",
        "resolved": "8.2.250402",
        "contentHash": "KMKFGu2BD9qUBJO4FAAmUy0fdLB8/DXPcW1ZhO8k6agZtNnsKqc0yAz5OX9Dt1dvK38uHYGd5z9yQkwq+DAqUg==",
        "dependencies": {
          "CommunityToolkit.WinUI.Extensions": "8.2.250402",
          "Microsoft.WindowsAppSDK": "1.6.250108002"
        }
      },
      "CommunityToolkit.WinUI.Helpers": {
        "type": "Transitive",
        "resolved": "8.2.250402",
        "contentHash": "DThBXB4hT3/aJ7xFKQJw/C0ZEs1QhZL7QG6AFOYcpnGWNlv3tkF761PFtTyhpNQrR1AFfzml5zG+zWfFbKs6Mw==",
        "dependencies": {
          "CommunityToolkit.WinUI.Extensions": "8.2.250402",
          "Microsoft.WindowsAppSDK": "1.6.250108002"
        }
      },
      "CommunityToolkit.WinUI.Triggers": {
        "type": "Transitive",
        "resolved": "8.2.250402",
        "contentHash": "laHIrBQkwQCurTNSQdGdEXUyoCpqY8QFXSybDM/Q1Ti/23xL+sRX/gHe3pP8uMM59bcwYbYlMRCbIaLnxnrdjw==",
        "dependencies": {
          "CommunityToolkit.WinUI.Helpers": "8.2.250402",
          "Microsoft.WindowsAppSDK": "1.6.250108002"
        }
      },
      "Google.Protobuf": {
        "type": "Transitive",
        "resolved": "3.33.0",
        "contentHash": "+kIa03YipuiSDeRuZwcDcXS1xBQAFeGLIjuLbgJr2i+TlwBPYAqdnQZJ2SDVzIgDyy+q+n/400WyWyrJ5ZqCgQ=="
      },
      "Hi3Helper.ZstdNet": {
        "type": "Transitive",
        "resolved": "1.6.5",
        "contentHash": "0Voe4Vi/kcUR+/33mOIKcJlP73oK9iauA2MuHXB0IHDvrbzT02L/2tfyTe621904LzN2zaML7JGKnOOLzuzmFQ=="
      },
      "Microsoft.CSharp": {
        "type": "Transitive",
        "resolved": "4.7.0",
        "contentHash": "pTj+D3uJWyN3My70i2Hqo+OXixq3Os2D1nJ2x92FFo6sk8fYS1m1WLNTs0Dc1uPaViH0YvEEwvzddQ7y4rhXmA=="
      },
      "Microsoft.Extensions.DependencyInjection": {
        "type": "Transitive",
        "resolved": "9.0.11",
        "contentHash": "UquyDzvz0EneIQrrU67GJkIgynS+VD7t+RDtNv6VgKMOFrLBjldn6hzlXppGGecFMvAkMTqn4T8RYvzw7j7fQA==",
        "dependencies": {
          "Microsoft.Extensions.DependencyInjection.Abstractions": "9.0.11"
        }
      },
      "Microsoft.Extensions.Logging": {
        "type": "Transitive",
        "resolved": "9.0.11",
        "contentHash": "PVHYgMmMZFEE3PGpc7oZ9CnoyNonNyT5klrV9pNIzCPxL12FpQ7kNhliXAwowmtaDVBmKnG/1db6d7gqPwDj8g==",
        "dependencies": {
          "Microsoft.Extensions.DependencyInjection": "9.0.11",
          "Microsoft.Extensions.Logging.Abstractions": "9.0.11",
          "Microsoft.Extensions.Options": "9.0.11"
        }
      },
      "Microsoft.Extensions.Options": {
        "type": "Transitive",
        "resolved": "9.0.11",
        "contentHash": "HX4M3BLkW1dtByMKHDVq6r7Jy6e4hf8NDzHpIgz7C8BtYk9JQHhfYX5c1UheQTD5Veg1yBhz/cD9C8vtrGrk9w==",
        "dependencies": {
          "Microsoft.Extensions.DependencyInjection.Abstractions": "9.0.11",
          "Microsoft.Extensions.Primitives": "9.0.11"
        }
      },
      "Microsoft.Extensions.Primitives": {
        "type": "Transitive",
        "resolved": "9.0.11",
        "contentHash": "rtUNSIhbQTv8iSBTFvtg2b/ZUkoqC9qAH9DdC2hr+xPpoZrxiCITci9UR/ELUGUGnGUrF8Xye+tGVRhCxE+4LA=="
      },
      "Microsoft.Win32.SystemEvents": {
        "type": "Transitive",
        "resolved": "9.0.11",
        "contentHash": "0uNctwFYvfI4/LWQt1C+86WAoUF/1MACPUJQuHSsKEG/nCoV86wr9ouHRZB3ZddbtrUuv+dZPD4QeUGjEXqFOQ=="
      },
      "Microsoft.Windows.SDK.BuildTools.MSIX": {
        "type": "Transitive",
        "resolved": "1.7.20250829.1",
        "contentHash": "IMdvRmCIZnBS5GkYnv0po1bcx6U1OF39pqA4TphQ9evDzpCRoSE19/PkDvlUNNrBavTsLIEJgd/TAIFner75ow=="
      },
      "Microsoft.WindowsAppSDK.AI": {
        "type": "Transitive",
        "resolved": "1.8.38",
        "contentHash": "6qTuu2DLprytb+yx8bKUDJLtp4CELeVcQo6JyhJYOjj1cGzOGLnweQKg+OuwkX1u/LVJGDjnad5TAjU7mEoeSw==",
        "dependencies": {
          "Microsoft.WindowsAppSDK.Base": "1.8.250831001",
          "Microsoft.WindowsAppSDK.Foundation": "1.8.250906002"
        }
      },
      "Microsoft.WindowsAppSDK.Base": {
        "type": "Transitive",
        "resolved": "1.8.250831001",
        "contentHash": "8LlfXBS2Hpw+OoVXViJmIOPXl0nMbqMaFR3j6+QHFNc62VULwPEcXiMRcP2WbV/+mtC7W2LH6yx6uu/Hrr9lVw==",
        "dependencies": {
          "Microsoft.Windows.SDK.BuildTools": "10.0.26100.4654",
          "Microsoft.Windows.SDK.BuildTools.MSIX": "1.7.20250829.1"
        }
      },
      "Microsoft.WindowsAppSDK.DWrite": {
        "type": "Transitive",
        "resolved": "1.8.25090401",
        "contentHash": "WJ0p9yMgiNYqU2O5ZKCXcb7FBjryIUUopgeYMvnlf1yBUYgdjMFMkoJqYVqkz866wnntiB2IZhLxEzhFzvVs1A==",
        "dependencies": {
          "Microsoft.WindowsAppSDK.Base": "1.8.250831001"
        }
      },
      "Microsoft.WindowsAppSDK.Foundation": {
        "type": "Transitive",
        "resolved": "1.8.250906002",
        "contentHash": "ltIXeHUX0AATpqmx/oBcRK+zhtK0KAfoGqItlQRlef9kG7Itj9iXAI+1EdFr4cQYzHzFM3PPLszEWDyR633svA==",
        "dependencies": {
          "Microsoft.WindowsAppSDK.Base": "1.8.250831001",
          "Microsoft.WindowsAppSDK.InteractiveExperiences": "1.8.250906004"
        }
      },
      "Microsoft.WindowsAppSDK.InteractiveExperiences": {
        "type": "Transitive",
        "resolved": "1.8.250906004",
        "contentHash": "UoK2yeZiycD1DmADHZz+hcMAoOaUfXLc9qUPfOjmVeKQ6i5ghGMjx/nd49bksP3wVhmSGHxb3argRKWPkK5maw==",
        "dependencies": {
          "Microsoft.WindowsAppSDK.Base": "1.8.250831001"
        }
      },
      "Microsoft.WindowsAppSDK.ML": {
        "type": "Transitive",
        "resolved": "1.8.2095",
        "contentHash": "eYBtHfQXxCFZUTWwl1NCjF33TqAgY61aSlBSP3JkpgYu8Viei726vVzaZA8INeBIYtwhS9nktfD5iJn7KpK4/w==",
        "dependencies": {
          "Microsoft.WindowsAppSDK.Base": "1.8.250831001",
          "Microsoft.WindowsAppSDK.Foundation": "1.8.250906002"
        }
      },
      "Microsoft.WindowsAppSDK.Runtime": {
        "type": "Transitive",
        "resolved": "1.8.251003001",
        "contentHash": "AwL3F3VXHqh0d2s2v7TFJUtUyKIBLdQKkgAoJu669sWN6KgIQryxhIAW3DFwfeDvLnj6PqgmgmFL0URRCAWxrg==",
        "dependencies": {
          "Microsoft.WindowsAppSDK.Base": "1.8.250831001"
        }
      },
      "Microsoft.WindowsAppSDK.Widgets": {
        "type": "Transitive",
        "resolved": "1.8.250904007",
        "contentHash": "sgwdXYhb8S4JjBmWWiFxALT1xK0fJeAbisolctmodMX7tlvBXDgUyvl/GHfTQ61DGIiW+kokX61WR46L2YlhAA==",
        "dependencies": {
          "Microsoft.WindowsAppSDK.Base": "1.8.250831001"
        }
      },
      "Microsoft.WindowsAppSDK.WinUI": {
        "type": "Transitive",
        "resolved": "1.8.250906003",
        "contentHash": "6oskwUluqlDGwUcwYlY3GWTMLajyjh9e790SmWzCCMDRV6sunYbqp7DkiSLzn8nhgSbGvmj6zG92JnkYRlbrXw==",
        "dependencies": {
          "Microsoft.Web.WebView2": "1.0.3179.45",
          "Microsoft.WindowsAppSDK.Base": "1.8.250831001",
          "Microsoft.WindowsAppSDK.Foundation": "1.8.250906002",
          "Microsoft.WindowsAppSDK.InteractiveExperiences": "1.8.250906004"
        }
      },
      "NuGet.Versioning": {
        "type": "Transitive",
        "resolved": "6.14.0",
        "contentHash": "4v4blkhCv8mpKtfx+z0G/X0daVCzdIaHSC51GkUspugi5JIMn2Bo8xm5PdZYF0U68gOBfz/+aPWMnpRd85Jbow=="
      },
      "Sentry": {
        "type": "Transitive",
        "resolved": "5.16.2",
        "contentHash": "JZiKizATWdBe4dSdvMhp3d/TiMUug3VvWjiu9ZH5UfTbrwGWYUexZ4ZGdyrIB2GuWlLBUWs3Vi1GFv3pNhRKFg=="
      },
      "SharpHDiffPatch.Core": {
        "type": "Transitive",
        "resolved": "2.3.4",
        "contentHash": "Id0lCnBTvvFRUQl6EArE449RmPh/hqjxnhDxQLUgIMMad2nF2ryY7Hh1oKazumgk0Ov7c5/aLiAA6lYCfv1mMw==",
        "dependencies": {
          "Hi3Helper.ZstdNet": "1.6.5",
          "ZstdSharp.Port": "0.8.6"
        }
      },
      "System.Buffers": {
        "type": "Transitive",
        "resolved": "4.6.0",
        "contentHash": "lN6tZi7Q46zFzAbRYXTIvfXcyvQQgxnY7Xm6C6xQ9784dEL1amjM6S6Iw4ZpsvesAKnRVsM4scrDQaDqSClkjA=="
      },
      "System.Collections.Immutable": {
        "type": "Transitive",
        "resolved": "9.0.11",
        "contentHash": "Iv7F+Ph7Dc0QFa3iwZrwcnvWesUSFgjn2CGTBi0DGE88fzjoySwIakAWWD6oD89WJ4Xrudroy7al2yxJbZ36BQ=="
      },
      "System.Drawing.Common": {
        "type": "Transitive",
        "resolved": "9.0.11",
        "contentHash": "qhYck6x/nOVgA4V8I/4f3gyXedAmAL73Zecos1HEmKMd10M1UxHaJHXTDqrJ8CPUv7UKefxkPaoXiluwypUC0g==",
        "dependencies": {
          "Microsoft.Win32.SystemEvents": "9.0.11"
        }
      },
      "System.IO.Hashing": {
        "type": "Transitive",
        "resolved": "9.0.11",
        "contentHash": "c9tFngnvHiUsBPLW22QQBgcGe9xFvac9rg3QIRHxrY2gCUdy4s2M/gQHimH+Z4yR9Cj6xWTOsa8IYY5CIG8QFA=="
      },
      "System.Reflection.Metadata": {
        "type": "Transitive",
        "resolved": "9.0.11",
        "contentHash": "Vwc+nYS2sZDWzBmoJ0cCJwgPoZPUPh3cSw9ZQRfABy+9AB56bE2PdxtJ42IEdp5uqPqTwA2Fxb91/d3a87oQHA=="
      },
      "System.Threading.Tasks.Extensions": {
        "type": "Transitive",
        "resolved": "4.6.3",
        "contentHash": "7sCiwilJLYbTZELaKnc7RecBBXWXA+xMLQWZKWawBxYjp6DBlSE3v9/UcvKBvr1vv2tTOhipiogM8rRmxlhrVA=="
      },
      "ZstdSharp.Port": {
        "type": "Transitive",
        "resolved": "0.8.6",
        "contentHash": "iP4jVLQoQmUjMU88g1WObiNr6YKZGvh4aOXn3yOJsHqZsflwRsxZPcIBvNXgjXO3vQKSLctXGLTpcBPLnWPS8A=="
      },
      "colorthief": {
        "type": "Project",
        "dependencies": {
          "System.Drawing.Common": "[9.0.11, )"
        }
      },
      "discordrpc": {
        "type": "Project",
        "dependencies": {
          "Microsoft.Extensions.Logging": "[9.0.11, )",
          "System.Text.Json": "[9.0.11, )"
        }
      },
      "h.generatedicons.system.drawing": {
        "type": "Project",
        "dependencies": {
          "System.Drawing.Common": "[9.0.11, )"
        }
      },
      "h.notifyicon": {
        "type": "Project",
        "dependencies": {
          "H.GeneratedIcons.System.Drawing": "[1.0.0, )",
          "Microsoft.Extensions.Logging": "[9.0.11, )"
        }
      },
      "h.notifyicon.winui": {
        "type": "Project",
        "dependencies": {
          "H.NotifyIcon": "[1.0.0, )",
          "Microsoft.WindowsAppSDK": "[1.8.251003001, )",
          "System.Collections.Immutable": "[9.0.11, )",
          "System.Reflection.Metadata": "[9.0.11, )"
        }
      },
      "hi3helper.core": {
        "type": "Project",
        "dependencies": {
          "Hi3Helper.EncTool": "[1.0.0, )",
          "Hi3Helper.Win32": "[1.0.0, )",
          "Microsoft.Windows.CsWinRT": "[2.3.0-prerelease.250720.1, )",
          "Sentry": "[5.16.2, )"
        }
      },
      "hi3helper.enctool": {
        "type": "Project",
        "dependencies": {
          "Google.Protobuf": "[3.33.0, )",
          "Hi3Helper.Http": "[2.0.0, )",
          "Hi3Helper.Win32": "[1.0.0, )",
          "System.IO.Hashing": "[9.0.11, )"
        }
      },
      "hi3helper.http": {
        "type": "Project"
      },
      "hi3helper.plugin.core": {
        "type": "Project",
        "dependencies": {
          "Microsoft.Extensions.Logging.Abstractions": "[9.0.11, )"
        }
      },
      "hi3helper.sophon": {
        "type": "Project",
        "dependencies": {
          "Google.Protobuf": "[3.33.0, )",
          "Hi3Helper.ZstdNet": "[*, )",
          "SharpHDiffPatch.Core": "[*, )",
          "System.IO.Hashing": "[9.0.11, )"
        }
      },
      "hi3helper.win32": {
        "type": "Project",
        "dependencies": {
          "Microsoft.Extensions.Logging.Abstractions": "[9.0.11, )"
        }
      },
      "hi3helper.win32.winrt": {
        "type": "Project",
        "dependencies": {
          "Hi3Helper.Win32": "[1.0.0, )",
          "Microsoft.Extensions.Logging.Abstractions": "[9.0.11, )"
        }
      },
      "ImageCropper": {
        "type": "Project",
        "dependencies": {
          "CommunityToolkit.Common": "[8.4.0, )",
          "CommunityToolkit.WinUI.Extensions": "[8.2.250402, )",
          "CommunityToolkit.WinUI.Media": "[8.2.250402, )",
          "Microsoft.Graphics.Win2D": "[1.3.2, )",
          "Microsoft.Windows.CsWinRT": "[2.3.0-prerelease.250720.1, )",
          "Microsoft.Windows.SDK.BuildTools": "[10.0.26100.6901, )",
          "Microsoft.WindowsAppSDK": "[1.8.251003001, )"
        }
      },
      "imageex": {
        "type": "Project",
        "dependencies": {
          "CommunityToolkit.Common": "[8.4.0, )",
          "CommunityToolkit.WinUI.Extensions": "[8.2.250402, )",
          "Microsoft.Windows.SDK.BuildTools": "[10.0.26100.6901, )",
          "Microsoft.WindowsAppSDK": "[1.8.251003001, )"
        }
      },
      "innosetuphelper": {
        "type": "Project",
        "dependencies": {
          "System.IO.Hashing": "[9.0.11, )"
        }
      },
      "SettingsControls": {
        "type": "Project",
        "dependencies": {
          "CommunityToolkit.Common": "[8.4.0, )",
          "CommunityToolkit.WinUI.Triggers": "[8.2.250402, )",
          "Microsoft.Windows.CsWinRT": "[2.3.0-prerelease.250720.1, )",
          "Microsoft.Windows.SDK.BuildTools": "[10.0.26100.6901, )",
          "Microsoft.WindowsAppSDK": "[1.8.251003001, )"
        }
      },
      "sevenzipextractor": {
        "type": "Project"
      }
    },
    "net9.0-windows10.0.26100/win-x64": {
      "Libsql.Client": {
        "type": "Direct",
        "requested": "[0.5.1, )",
        "resolved": "0.5.1",
        "contentHash": "5fJusmhN7snIZzlsZ0xpQOoNvWZkJKS2/hhljLz8qvEPIJZgYxpkWWCROrSDpjMxQpixqI/nUhfhrQR67jVVoA=="
      },
      "Microsoft.Graphics.Win2D": {
        "type": "Direct",
        "requested": "[1.3.2, )",
        "resolved": "1.3.2",
        "contentHash": "xAv4+Xj8wePW1innIUSXebX6UHMGDzOxwKPwYNUNY7mBrsRL/hPFEtuPLpBSxc3iBnuaCogPDCDeN7T4b1xV0Q==",
        "dependencies": {
          "Microsoft.WindowsAppSDK": "1.6.241114003"
        }
      },
      "Microsoft.Web.WebView2": {
        "type": "Direct",
        "requested": "[1.0.3595.46, )",
        "resolved": "1.0.3595.46",
        "contentHash": "j+yzqAKwC8Zn+3FL5XJxm6N0Rh5iDqTANBfFaYvnjyRpbpqt3qkpFcqMWLjqEBGiWEClh3zLCkJINwRUcr1KxQ=="
      },
      "PhotoSauce.NativeCodecs.Libwebp": {
        "type": "Direct",
        "requested": "[*-*, )",
        "resolved": "1.4.0-preview1",
        "contentHash": "0AyuhMpynCdCq84dh0wU/Kjuxzo3GkYny5Z1l2JlWTHD2muUlE3Akqa1CtEPj0lif9o/KHnYwhmIWnP0ZctF4g==",
        "dependencies": {
          "PhotoSauce.MagicScaler": "[0.15.0]"
        }
      },
      "System.Security.AccessControl": {
        "type": "Direct",
        "requested": "[6.0.1, )",
        "resolved": "6.0.1",
        "contentHash": "IQ4NXP/B3Ayzvw0rDQzVTYsCKyy0Jp9KI6aYcK7UnGVlR9+Awz++TIPCQtPYfLJfOpm8ajowMR09V7quD3sEHw=="
      },
      "System.Text.Encoding.CodePages": {
        "type": "Direct",
        "requested": "[9.0.11, )",
        "resolved": "9.0.11",
        "contentHash": "pbj1Rpy0feT/PztOop9sxBE4X0AjkuLVqg7X8irM2Yvnp9qT2HkPbkCoJCxTQixcM6Ic7UCcxGEZg4OZhVHscg=="
      },
      "Microsoft.Win32.SystemEvents": {
        "type": "Transitive",
        "resolved": "9.0.11",
        "contentHash": "0uNctwFYvfI4/LWQt1C+86WAoUF/1MACPUJQuHSsKEG/nCoV86wr9ouHRZB3ZddbtrUuv+dZPD4QeUGjEXqFOQ=="
      },
      "Microsoft.WindowsAppSDK.Foundation": {
        "type": "Transitive",
        "resolved": "1.8.250906002",
        "contentHash": "ltIXeHUX0AATpqmx/oBcRK+zhtK0KAfoGqItlQRlef9kG7Itj9iXAI+1EdFr4cQYzHzFM3PPLszEWDyR633svA==",
        "dependencies": {
          "Microsoft.WindowsAppSDK.Base": "1.8.250831001",
          "Microsoft.WindowsAppSDK.InteractiveExperiences": "1.8.250906004"
        }
      },
      "Microsoft.WindowsAppSDK.ML": {
        "type": "Transitive",
        "resolved": "1.8.2095",
        "contentHash": "eYBtHfQXxCFZUTWwl1NCjF33TqAgY61aSlBSP3JkpgYu8Viei726vVzaZA8INeBIYtwhS9nktfD5iJn7KpK4/w==",
        "dependencies": {
          "Microsoft.WindowsAppSDK.Base": "1.8.250831001",
          "Microsoft.WindowsAppSDK.Foundation": "1.8.250906002"
        }
      }
    }
  }
}