{
  "version": 1,
  "dependencies": {
    "net7.0-windows10.0.22000": {
      "Clowd.Squirrel": {
        "type": "Direct",
        "requested": "[2.9.42, )",
        "resolved": "2.9.42",
        "contentHash": "bM7h3tqoenZD+tmiV7pUnFdJ/o1oOrC21PaS8crMDRDOuGB4YqsgzlUKFD1g8X6z64IRBqzlUwEKzpsFyFc0mQ==",
        "dependencies": {
          "SharpCompress": "0.31.0"
        }
      },
      "CommunityToolkit.WinUI.UI.Controls": {
        "type": "Direct",
        "requested": "[7.1.2, )",
        "resolved": "7.1.2",
        "contentHash": "+aDc1KqmlYM+HE0Mw5OnfQBOFhY0c7zp1aGz/4qs+1I+Xk8Ot3IRwvs8dYxBEGCD9YzE2OzaJLPztBpQ9JEWig==",
        "dependencies": {
          "CommunityToolkit.WinUI.UI.Controls.Core": "7.1.2",
          "CommunityToolkit.WinUI.UI.Controls.DataGrid": "7.1.2",
          "CommunityToolkit.WinUI.UI.Controls.Input": "7.1.2",
          "CommunityToolkit.WinUI.UI.Controls.Layout": "7.1.2",
          "CommunityToolkit.WinUI.UI.Controls.Markdown": "7.1.2",
          "CommunityToolkit.WinUI.UI.Controls.Media": "7.1.2",
          "CommunityToolkit.WinUI.UI.Controls.Primitives": "7.1.2",
          "Microsoft.WindowsAppSDK": "1.0.0"
        }
      },
      "Dongle.Windows.CsWinRT": {
        "type": "Direct",
        "requested": "[3.0.0-wux.2, )",
        "resolved": "3.0.0-wux.2",
        "contentHash": "bWi9eF+I2Gb3lDUwGtzGdtyD3epopH0EySDmjxoO1hv1D+XlY56tkIryZVXtxegQchHhL5MqT9HWlTwL3263YQ=="
      },
      "Microsoft.Graphics.Win2D": {
        "type": "Direct",
        "requested": "[1.0.5.1, )",
        "resolved": "1.0.5.1",
        "contentHash": "9DVEVvyQWWz8kqhsFBAx9Zv4KRIAcmxuT7kFpK1Fgh6czSiMB+CQW0DlhZXT44Mtv41FRXG47lhEv+7a2YyiLA==",
        "dependencies": {
          "Microsoft.WindowsAppSDK": "1.0.4"
        }
      },
      "Microsoft.Windows.SDK.BuildTools": {
        "type": "Direct",
        "requested": "[10.0.22621.756, )",
        "resolved": "10.0.22621.756",
        "contentHash": "7ZL2sFSioYm1Ry067Kw1hg0SCcW5kuVezC2SwjGbcPE61Nn+gTbH86T73G3LcEOVj0S3IZzNuE/29gZvOLS7VA=="
      },
      "Microsoft.WindowsAppSDK": {
        "type": "Direct",
        "requested": "[1.3.230724000, )",
        "resolved": "1.3.230724000",
        "contentHash": "cCw26h8Uh8IjDMOUzHaR7/IKxEVJxuqEOgBlmLj0Pu1wDezZb9J0Wz53Vop10FQUOZaTfnwDcHavyPTxgkwbKQ==",
        "dependencies": {
          "Microsoft.Windows.SDK.BuildTools": "10.0.22621.1"
        }
      },
      "PhotoSauce.MagicScaler": {
        "type": "Direct",
        "requested": "[0.13.2, )",
        "resolved": "0.13.2",
        "contentHash": "MSFwTRbK9NwBsaDDupMvMfzI+27Ns4eilkcR0lni3LTx9cQVgZbxJJSq5Qg3Y2LbkeYiVbLWWj7T8BHYeif6MA=="
      },
      "System.CommandLine": {
        "type": "Direct",
        "requested": "[2.0.0-beta3.22114.1, )",
        "resolved": "2.0.0-beta3.22114.1",
        "contentHash": "QMzk1jj+PzdGbwuVsxII7FcQaCelnK+TcRcAqOGVoPovLBCSQPdikKiEzb56vAidvum5t4LSdDZ34O4j7+ALgw=="
      },
      "System.Drawing.Common": {
        "type": "Direct",
        "requested": "[7.0.0, )",
        "resolved": "7.0.0",
        "contentHash": "KIX+oBU38pxkKPxvLcLfIkOV5Ien8ReN78wro7OF5/erwcmortzeFx+iBswlh2Vz6gVne0khocQudGwaO1Ey6A==",
        "dependencies": {
          "Microsoft.Win32.SystemEvents": "7.0.0"
        }
      },
      "System.Net.Http": {
        "type": "Direct",
        "requested": "[4.3.4, )",
        "resolved": "4.3.4",
        "contentHash": "aOa2d51SEbmM+H+Csw7yJOuNZoHkrP2XnAurye5HWYgGVVU54YZDvsLUYRv6h18X3sPnjNCANmN7ZhIPiqMcjA==",
        "dependencies": {
          "Microsoft.NETCore.Platforms": "1.1.1",
          "System.Collections": "4.3.0",
          "System.Diagnostics.Debug": "4.3.0",
          "System.Diagnostics.DiagnosticSource": "4.3.0",
          "System.Diagnostics.Tracing": "4.3.0",
          "System.Globalization": "4.3.0",
          "System.Globalization.Extensions": "4.3.0",
          "System.IO": "4.3.0",
          "System.IO.FileSystem": "4.3.0",
          "System.Net.Primitives": "4.3.0",
          "System.Resources.ResourceManager": "4.3.0",
          "System.Runtime": "4.3.0",
          "System.Runtime.Extensions": "4.3.0",
          "System.Runtime.Handles": "4.3.0",
          "System.Runtime.InteropServices": "4.3.0",
          "System.Security.Cryptography.Algorithms": "4.3.0",
          "System.Security.Cryptography.Encoding": "4.3.0",
          "System.Security.Cryptography.OpenSsl": "4.3.0",
          "System.Security.Cryptography.Primitives": "4.3.0",
          "System.Security.Cryptography.X509Certificates": "4.3.0",
          "System.Text.Encoding": "4.3.0",
          "System.Threading": "4.3.0",
          "System.Threading.Tasks": "4.3.0",
          "runtime.native.System": "4.3.0",
          "runtime.native.System.Net.Http": "4.3.0",
          "runtime.native.System.Security.Cryptography.OpenSsl": "4.3.2"
        }
      },
      "System.Text.Json": {
        "type": "Direct",
        "requested": "[7.0.3, )",
        "resolved": "7.0.3",
        "contentHash": "AyjhwXN1zTFeIibHimfJn6eAsZ7rTBib79JQpzg8WAuR/HKDu9JGNHTuu3nbbXQ/bgI+U4z6HtZmCHNXB1QXrQ==",
        "dependencies": {
          "System.Text.Encodings.Web": "7.0.0"
        }
      },
      "System.Text.RegularExpressions": {
        "type": "Direct",
        "requested": "[4.3.1, )",
        "resolved": "4.3.1",
        "contentHash": "N0kNRrWe4+nXOWlpLT4LAY5brb8caNFlUuIRpraCVMDLYutKkol1aV079rQjLuSxKMJT2SpBQsYX9xbcTMmzwg==",
        "dependencies": {
          "System.Runtime": "4.3.1"
        }
      },
      "ColorCode.Core": {
        "type": "Transitive",
        "resolved": "2.0.13",
        "contentHash": "v0xqipj/6h2TpIKSrOCZpXMmOGvLsyO2prWBXY6t+lduexDSimqKIZXTTZkpq/vG2kNxB8K8nzyrkIB3usoN7A==",
        "dependencies": {
          "NETStandard.Library": "1.6.1"
        }
      },
      "ColorCode.WinUI": {
        "type": "Transitive",
        "resolved": "2.0.13",
        "contentHash": "FPuyaXOb9LaD6nSUXtMrK/l564tmRbCfMiQWrnKzzLhJnnRuWkU2JpSJjV2KGCrjyx5ol7wy7TiK0GnGnPsIEA==",
        "dependencies": {
          "ColorCode.Core": "2.0.13",
          "Microsoft.WindowsAppSDK": "1.0.0"
        }
      },
      "CommunityToolkit.Common": {
        "type": "Transitive",
        "resolved": "7.1.2",
        "contentHash": "KnHnukN+Sc26YT98OWYTp8mvaYlLc61lzDh0RrVRNQXm01hZ+iXAjCgKM59vAojqxNVrlbcXj22LYOyXWDItgg=="
      },
      "CommunityToolkit.WinUI": {
        "type": "Transitive",
        "resolved": "7.1.2",
        "contentHash": "0O6hCHy+/adJygcROD3r3yA41gRq972i/r6uGUfo8lfEbr/I1YGePTClAh1P9JYT7DdoI2IqeUhX05lq+rwrHg==",
        "dependencies": {
          "CommunityToolkit.Common": "7.1.2",
          "Microsoft.WindowsAppSDK": "1.0.0"
        }
      },
      "CommunityToolkit.WinUI.UI": {
        "type": "Transitive",
        "resolved": "7.1.2",
        "contentHash": "jF1GdEJsZX5o81ZfLjSjgC5RuYwQneuW2mdFIb7FDFzITsgqCn7mfn7BglpNiXvjExkocmAKbBgmCcbp0Nypmw==",
        "dependencies": {
          "CommunityToolkit.WinUI": "7.1.2",
          "Microsoft.WindowsAppSDK": "1.0.0"
        }
      },
      "CommunityToolkit.WinUI.UI.Controls.Core": {
        "type": "Transitive",
        "resolved": "7.1.2",
        "contentHash": "7MVYQKjYlD5SryWNy5FA7Pcer9Rphjk7hCrSIOT9m4dcsOYmekZf36TOJARKxySXvlmjNud6QkmWssJKFC4k5w==",
        "dependencies": {
          "CommunityToolkit.WinUI": "7.1.2",
          "CommunityToolkit.WinUI.UI.Controls.Primitives": "7.1.2",
          "Microsoft.WindowsAppSDK": "1.0.0"
        }
      },
      "CommunityToolkit.WinUI.UI.Controls.DataGrid": {
        "type": "Transitive",
        "resolved": "7.1.2",
        "contentHash": "F73oYdYza8zhDwGHdXCZJJMeiDJ6nR97WPe180o7jOX3U90ZIqvU/GtYZdN3/x8DOS48t5GQG70LqxfyIGeaxw==",
        "dependencies": {
          "Microsoft.WindowsAppSDK": "1.0.0"
        }
      },
      "CommunityToolkit.WinUI.UI.Controls.Input": {
        "type": "Transitive",
        "resolved": "7.1.2",
        "contentHash": "fT8s21NI51YCR/mgm1eabwnSSQuXnQRz/TqHKjzYABhfGSvl44YlvuAQzbE9VfZSEUtiv4kesgylrzKd4/dArg==",
        "dependencies": {
          "CommunityToolkit.WinUI.UI.Controls.Primitives": "7.1.2",
          "Microsoft.WindowsAppSDK": "1.0.0"
        }
      },
      "CommunityToolkit.WinUI.UI.Controls.Layout": {
        "type": "Transitive",
        "resolved": "7.1.2",
        "contentHash": "FpKo2DdJgREAvttTYhOJTy1ru6ODRG41Da+vMrB7bcqavdbPgSTqYzolLcgvMl2InpIdt+fqn6U6mGQYoV+ksQ==",
        "dependencies": {
          "CommunityToolkit.WinUI.UI": "7.1.2",
          "Microsoft.WindowsAppSDK": "1.0.0"
        }
      },
      "CommunityToolkit.WinUI.UI.Controls.Markdown": {
        "type": "Transitive",
        "resolved": "7.1.2",
        "contentHash": "0hAhwBfWa7aWKYOPGxhJJXowjrncY4he8jizcbuPVCgv8tZS1LXEEH4MoGKq57iLKz2lG3qaVN+1trcDWYq0Sg==",
        "dependencies": {
          "ColorCode.WinUI": "2.0.13",
          "CommunityToolkit.WinUI.UI": "7.1.2",
          "CommunityToolkit.WinUI.UI.Controls.Core": "7.1.2",
          "Microsoft.WindowsAppSDK": "1.0.0"
        }
      },
      "CommunityToolkit.WinUI.UI.Controls.Media": {
        "type": "Transitive",
        "resolved": "7.1.2",
        "contentHash": "FFH1mNF+rp3GEIQOceoxzSrRVY3G8aA+sYoK6Fv1kDEFWlCfLYF+cSCexL4sBuw0ARs1QXUvNqW4T1F/nAWsdw==",
        "dependencies": {
          "CommunityToolkit.WinUI.UI": "7.1.2",
          "Microsoft.Graphics.Win2D": "1.0.0.30",
          "Microsoft.WindowsAppSDK": "1.0.0",
          "System.Text.Json": "5.0.2"
        }
      },
      "CommunityToolkit.WinUI.UI.Controls.Primitives": {
        "type": "Transitive",
        "resolved": "7.1.2",
        "contentHash": "mNtVRpBVnFzSywRzzLPXBIoYm4UWJPZkpNPNAu75lnl4KcnkfjjyQg90hkfF9MT/JkBJQG0z5XOdMCksn7EiMQ==",
        "dependencies": {
          "CommunityToolkit.WinUI.UI": "7.1.2",
          "Microsoft.WindowsAppSDK": "1.0.0"
        }
      },
      "Google.Protobuf": {
        "type": "Transitive",
        "resolved": "3.24.3",
        "contentHash": "HX8KHRTJPUcC4KOvEobKBNlMpHGYmK+3X73xPq+OUE2M5dLYvpGhp9qQQWt2jASgTUbxI1yHaGeBqFYiECBupw=="
      },
      "Microsoft.NETCore.Platforms": {
        "type": "Transitive",
        "resolved": "1.1.1",
        "contentHash": "TMBuzAHpTenGbGgk0SMTwyEkyijY/Eae4ZGsFNYJvAr/LDn1ku3Etp3FPxChmDp5HHF3kzJuoaa08N0xjqAJfQ=="
      },
      "Microsoft.NETCore.Targets": {
        "type": "Transitive",
        "resolved": "1.1.3",
        "contentHash": "3Wrmi0kJDzClwAC+iBdUBpEKmEle8FQNsCs77fkiOIw/9oYA07bL1EZNX0kQ2OMN3xpwvl0vAtOCYY3ndDNlhQ=="
      },
      "Microsoft.Win32.Primitives": {
        "type": "Transitive",
        "resolved": "4.3.0",
        "contentHash": "9ZQKCWxH7Ijp9BfahvL2Zyf1cJIk8XYLF6Yjzr2yi0b2cOut/HQ31qf1ThHAgCc3WiZMdnWcfJCgN82/0UunxA==",
        "dependencies": {
          "Microsoft.NETCore.Platforms": "1.1.0",
          "Microsoft.NETCore.Targets": "1.1.0",
          "System.Runtime": "4.3.0"
        }
      },
      "Microsoft.Win32.SystemEvents": {
        "type": "Transitive",
        "resolved": "7.0.0",
        "contentHash": "2nXPrhdAyAzir0gLl8Yy8S5Mnm/uBSQQA7jEsILOS1MTyS7DbmV1NgViMtvV1sfCD1ebITpNwb1NIinKeJgUVQ=="
      },
      "NETStandard.Library": {
        "type": "Transitive",
        "resolved": "1.6.1",
        "contentHash": "WcSp3+vP+yHNgS8EV5J7pZ9IRpeDuARBPN28by8zqff1wJQXm26PVU8L3/fYLBJVU7BtDyqNVWq2KlCVvSSR4A==",
        "dependencies": {
          "Microsoft.NETCore.Platforms": "1.1.0",
          "Microsoft.Win32.Primitives": "4.3.0",
          "System.AppContext": "4.3.0",
          "System.Collections": "4.3.0",
          "System.Collections.Concurrent": "4.3.0",
          "System.Console": "4.3.0",
          "System.Diagnostics.Debug": "4.3.0",
          "System.Diagnostics.Tools": "4.3.0",
          "System.Diagnostics.Tracing": "4.3.0",
          "System.Globalization": "4.3.0",
          "System.Globalization.Calendars": "4.3.0",
          "System.IO": "4.3.0",
          "System.IO.Compression": "4.3.0",
          "System.IO.Compression.ZipFile": "4.3.0",
          "System.IO.FileSystem": "4.3.0",
          "System.IO.FileSystem.Primitives": "4.3.0",
          "System.Linq": "4.3.0",
          "System.Linq.Expressions": "4.3.0",
          "System.Net.Http": "4.3.0",
          "System.Net.Primitives": "4.3.0",
          "System.Net.Sockets": "4.3.0",
          "System.ObjectModel": "4.3.0",
          "System.Reflection": "4.3.0",
          "System.Reflection.Extensions": "4.3.0",
          "System.Reflection.Primitives": "4.3.0",
          "System.Resources.ResourceManager": "4.3.0",
          "System.Runtime": "4.3.0",
          "System.Runtime.Extensions": "4.3.0",
          "System.Runtime.Handles": "4.3.0",
          "System.Runtime.InteropServices": "4.3.0",
          "System.Runtime.InteropServices.RuntimeInformation": "4.3.0",
          "System.Runtime.Numerics": "4.3.0",
          "System.Security.Cryptography.Algorithms": "4.3.0",
          "System.Security.Cryptography.Encoding": "4.3.0",
          "System.Security.Cryptography.Primitives": "4.3.0",
          "System.Security.Cryptography.X509Certificates": "4.3.0",
          "System.Text.Encoding": "4.3.0",
          "System.Text.Encoding.Extensions": "4.3.0",
          "System.Text.RegularExpressions": "4.3.0",
          "System.Threading": "4.3.0",
          "System.Threading.Tasks": "4.3.0",
          "System.Threading.Timer": "4.3.0",
          "System.Xml.ReaderWriter": "4.3.0",
          "System.Xml.XDocument": "4.3.0"
        }
      },
      "runtime.debian.8-x64.runtime.native.System.Security.Cryptography.OpenSsl": {
        "type": "Transitive",
        "resolved": "4.3.2",
        "contentHash": "7VSGO0URRKoMEAq0Sc9cRz8mb6zbyx/BZDEWhgPdzzpmFhkam3fJ1DAGWFXBI4nGlma+uPKpfuMQP5LXRnOH5g=="
      },
      "runtime.fedora.23-x64.runtime.native.System.Security.Cryptography.OpenSsl": {
        "type": "Transitive",
        "resolved": "4.3.2",
        "contentHash": "0oAaTAm6e2oVH+/Zttt0cuhGaePQYKII1dY8iaqP7CvOpVKgLybKRFvQjXR2LtxXOXTVPNv14j0ot8uV+HrUmw=="
      },
      "runtime.fedora.24-x64.runtime.native.System.Security.Cryptography.OpenSsl": {
        "type": "Transitive",
        "resolved": "4.3.2",
        "contentHash": "G24ibsCNi5Kbz0oXWynBoRgtGvsw5ZSVEWjv13/KiCAM8C6wz9zzcCniMeQFIkJ2tasjo2kXlvlBZhplL51kGg=="
      },
      "runtime.native.System": {
        "type": "Transitive",
        "resolved": "4.3.0",
        "contentHash": "c/qWt2LieNZIj1jGnVNsE2Kl23Ya2aSTBuXMD6V7k9KWr6l16Tqdwq+hJScEpWER9753NWC8h96PaVNY5Ld7Jw==",
        "dependencies": {
          "Microsoft.NETCore.Platforms": "1.1.0",
          "Microsoft.NETCore.Targets": "1.1.0"
        }
      },
      "runtime.native.System.IO.Compression": {
        "type": "Transitive",
        "resolved": "4.3.0",
        "contentHash": "INBPonS5QPEgn7naufQFXJEp3zX6L4bwHgJ/ZH78aBTpeNfQMtf7C6VrAFhlq2xxWBveIOWyFzQjJ8XzHMhdOQ==",
        "dependencies": {
          "Microsoft.NETCore.Platforms": "1.1.0",
          "Microsoft.NETCore.Targets": "1.1.0"
        }
      },
      "runtime.native.System.Net.Http": {
        "type": "Transitive",
        "resolved": "4.3.0",
        "contentHash": "ZVuZJqnnegJhd2k/PtAbbIcZ3aZeITq3sj06oKfMBSfphW3HDmk/t4ObvbOk/JA/swGR0LNqMksAh/f7gpTROg==",
        "dependencies": {
          "Microsoft.NETCore.Platforms": "1.1.0",
          "Microsoft.NETCore.Targets": "1.1.0"
        }
      },
      "runtime.native.System.Security.Cryptography.Apple": {
        "type": "Transitive",
        "resolved": "4.3.0",
        "contentHash": "DloMk88juo0OuOWr56QG7MNchmafTLYWvABy36izkrLI5VledI0rq28KGs1i9wbpeT9NPQrx/wTf8U2vazqQ3Q==",
        "dependencies": {
          "runtime.osx.10.10-x64.runtime.native.System.Security.Cryptography.Apple": "4.3.0"
        }
      },
      "runtime.native.System.Security.Cryptography.OpenSsl": {
        "type": "Transitive",
        "resolved": "4.3.2",
        "contentHash": "QR1OwtwehHxSeQvZKXe+iSd+d3XZNkEcuWMFYa2i0aG1l+lR739HPicKMlTbJst3spmeekDVBUS7SeS26s4U/g==",
        "dependencies": {
          "runtime.debian.8-x64.runtime.native.System.Security.Cryptography.OpenSsl": "4.3.2",
          "runtime.fedora.23-x64.runtime.native.System.Security.Cryptography.OpenSsl": "4.3.2",
          "runtime.fedora.24-x64.runtime.native.System.Security.Cryptography.OpenSsl": "4.3.2",
          "runtime.opensuse.13.2-x64.runtime.native.System.Security.Cryptography.OpenSsl": "4.3.2",
          "runtime.opensuse.42.1-x64.runtime.native.System.Security.Cryptography.OpenSsl": "4.3.2",
          "runtime.osx.10.10-x64.runtime.native.System.Security.Cryptography.OpenSsl": "4.3.2",
          "runtime.rhel.7-x64.runtime.native.System.Security.Cryptography.OpenSsl": "4.3.2",
          "runtime.ubuntu.14.04-x64.runtime.native.System.Security.Cryptography.OpenSsl": "4.3.2",
          "runtime.ubuntu.16.04-x64.runtime.native.System.Security.Cryptography.OpenSsl": "4.3.2",
          "runtime.ubuntu.16.10-x64.runtime.native.System.Security.Cryptography.OpenSsl": "4.3.2"
        }
      },
      "runtime.opensuse.13.2-x64.runtime.native.System.Security.Cryptography.OpenSsl": {
        "type": "Transitive",
        "resolved": "4.3.2",
        "contentHash": "I+GNKGg2xCHueRd1m9PzeEW7WLbNNLznmTuEi8/vZX71HudUbx1UTwlGkiwMri7JLl8hGaIAWnA/GONhu+LOyQ=="
      },
      "runtime.opensuse.42.1-x64.runtime.native.System.Security.Cryptography.OpenSsl": {
        "type": "Transitive",
        "resolved": "4.3.2",
        "contentHash": "1Z3TAq1ytS1IBRtPXJvEUZdVsfWfeNEhBkbiOCGEl9wwAfsjP2lz3ZFDx5tq8p60/EqbS0HItG5piHuB71RjoA=="
      },
      "runtime.osx.10.10-x64.runtime.native.System.Security.Cryptography.Apple": {
        "type": "Transitive",
        "resolved": "4.3.0",
        "contentHash": "kVXCuMTrTlxq4XOOMAysuNwsXWpYeboGddNGpIgNSZmv1b6r/s/DPk0fYMB7Q5Qo4bY68o48jt4T4y5BVecbCQ=="
      },
      "runtime.osx.10.10-x64.runtime.native.System.Security.Cryptography.OpenSsl": {
        "type": "Transitive",
        "resolved": "4.3.2",
        "contentHash": "6mU/cVmmHtQiDXhnzUImxIcDL48GbTk+TsptXyJA+MIOG9LRjPoAQC/qBFB7X+UNyK86bmvGwC8t+M66wsYC8w=="
      },
      "runtime.rhel.7-x64.runtime.native.System.Security.Cryptography.OpenSsl": {
        "type": "Transitive",
        "resolved": "4.3.2",
        "contentHash": "vjwG0GGcTW/PPg6KVud8F9GLWYuAV1rrw1BKAqY0oh4jcUqg15oYF1+qkGR2x2ZHM4DQnWKQ7cJgYbfncz/lYg=="
      },
      "runtime.ubuntu.14.04-x64.runtime.native.System.Security.Cryptography.OpenSsl": {
        "type": "Transitive",
        "resolved": "4.3.2",
        "contentHash": "7KMFpTkHC/zoExs+PwP8jDCWcrK9H6L7soowT80CUx3e+nxP/AFnq0AQAW5W76z2WYbLAYCRyPfwYFG6zkvQRw=="
      },
      "runtime.ubuntu.16.04-x64.runtime.native.System.Security.Cryptography.OpenSsl": {
        "type": "Transitive",
        "resolved": "4.3.2",
        "contentHash": "xrlmRCnKZJLHxyyLIqkZjNXqgxnKdZxfItrPkjI+6pkRo5lHX8YvSZlWrSI5AVwLMi4HbNWP7064hcAWeZKp5w=="
      },
      "runtime.ubuntu.16.10-x64.runtime.native.System.Security.Cryptography.OpenSsl": {
        "type": "Transitive",
        "resolved": "4.3.2",
        "contentHash": "leXiwfiIkW7Gmn7cgnNcdtNAU70SjmKW3jxGj1iKHOvdn0zRWsgv/l2OJUO5zdGdiv2VRFnAsxxhDgMzofPdWg=="
      },
      "SharpCompress": {
        "type": "Transitive",
        "resolved": "0.31.0",
        "contentHash": "wFf5N0ysnlKbG54beDDm4Z1uqM0EAKTupEkTxyG4EGVE1uZgTtohuBd2BhTHR2gNweJ6agxKbMFzmzk181qqjw=="
      },
      "System.AppContext": {
        "type": "Transitive",
        "resolved": "4.3.0",
        "contentHash": "fKC+rmaLfeIzUhagxY17Q9siv/sPrjjKcfNg1Ic8IlQkZLipo8ljcaZQu4VtI4Jqbzjc2VTjzGLF6WmsRXAEgA==",
        "dependencies": {
          "System.Runtime": "4.3.0"
        }
      },
      "System.Buffers": {
        "type": "Transitive",
        "resolved": "4.3.0",
        "contentHash": "ratu44uTIHgeBeI0dE8DWvmXVBSo4u7ozRZZHOMmK/JPpYyo0dAfgSiHlpiObMQ5lEtEyIXA40sKRYg5J6A8uQ==",
        "dependencies": {
          "System.Diagnostics.Debug": "4.3.0",
          "System.Diagnostics.Tracing": "4.3.0",
          "System.Resources.ResourceManager": "4.3.0",
          "System.Runtime": "4.3.0",
          "System.Threading": "4.3.0"
        }
      },
      "System.Collections": {
        "type": "Transitive",
        "resolved": "4.3.0",
        "contentHash": "3Dcj85/TBdVpL5Zr+gEEBUuFe2icOnLalmEh9hfck1PTYbbyWuZgh4fmm2ysCLTrqLQw6t3TgTyJ+VLp+Qb+Lw==",
        "dependencies": {
          "Microsoft.NETCore.Platforms": "1.1.0",
          "Microsoft.NETCore.Targets": "1.1.0",
          "System.Runtime": "4.3.0"
        }
      },
      "System.Collections.Concurrent": {
        "type": "Transitive",
        "resolved": "4.3.0",
        "contentHash": "ztl69Xp0Y/UXCL+3v3tEU+lIy+bvjKNUmopn1wep/a291pVPK7dxBd6T7WnlQqRog+d1a/hSsgRsmFnIBKTPLQ==",
        "dependencies": {
          "System.Collections": "4.3.0",
          "System.Diagnostics.Debug": "4.3.0",
          "System.Diagnostics.Tracing": "4.3.0",
          "System.Globalization": "4.3.0",
          "System.Reflection": "4.3.0",
          "System.Resources.ResourceManager": "4.3.0",
          "System.Runtime": "4.3.0",
          "System.Runtime.Extensions": "4.3.0",
          "System.Threading": "4.3.0",
          "System.Threading.Tasks": "4.3.0"
        }
      },
      "System.Console": {
        "type": "Transitive",
        "resolved": "4.3.0",
        "contentHash": "DHDrIxiqk1h03m6khKWV2X8p/uvN79rgSqpilL6uzpmSfxfU5ng8VcPtW4qsDsQDHiTv6IPV9TmD5M/vElPNLg==",
        "dependencies": {
          "Microsoft.NETCore.Platforms": "1.1.0",
          "Microsoft.NETCore.Targets": "1.1.0",
          "System.IO": "4.3.0",
          "System.Runtime": "4.3.0",
          "System.Text.Encoding": "4.3.0"
        }
      },
      "System.Diagnostics.Debug": {
        "type": "Transitive",
        "resolved": "4.3.0",
        "contentHash": "ZUhUOdqmaG5Jk3Xdb8xi5kIyQYAA4PnTNlHx1mu9ZY3qv4ELIdKbnL/akbGaKi2RnNUWaZsAs31rvzFdewTj2g==",
        "dependencies": {
          "Microsoft.NETCore.Platforms": "1.1.0",
          "Microsoft.NETCore.Targets": "1.1.0",
          "System.Runtime": "4.3.0"
        }
      },
      "System.Diagnostics.DiagnosticSource": {
        "type": "Transitive",
        "resolved": "4.3.0",
        "contentHash": "tD6kosZnTAGdrEa0tZSuFyunMbt/5KYDnHdndJYGqZoNy00XVXyACd5d6KnE1YgYv3ne2CjtAfNXo/fwEhnKUA==",
        "dependencies": {
          "System.Collections": "4.3.0",
          "System.Diagnostics.Tracing": "4.3.0",
          "System.Reflection": "4.3.0",
          "System.Runtime": "4.3.0",
          "System.Threading": "4.3.0"
        }
      },
      "System.Diagnostics.Tools": {
        "type": "Transitive",
        "resolved": "4.3.0",
        "contentHash": "UUvkJfSYJMM6x527dJg2VyWPSRqIVB0Z7dbjHst1zmwTXz5CcXSYJFWRpuigfbO1Lf7yfZiIaEUesfnl/g5EyA==",
        "dependencies": {
          "Microsoft.NETCore.Platforms": "1.1.0",
          "Microsoft.NETCore.Targets": "1.1.0",
          "System.Runtime": "4.3.0"
        }
      },
      "System.Diagnostics.Tracing": {
        "type": "Transitive",
        "resolved": "4.3.0",
        "contentHash": "rswfv0f/Cqkh78rA5S8eN8Neocz234+emGCtTF3lxPY96F+mmmUen6tbn0glN6PMvlKQb9bPAY5e9u7fgPTkKw==",
        "dependencies": {
          "Microsoft.NETCore.Platforms": "1.1.0",
          "Microsoft.NETCore.Targets": "1.1.0",
          "System.Runtime": "4.3.0"
        }
      },
      "System.Globalization": {
        "type": "Transitive",
        "resolved": "4.3.0",
        "contentHash": "kYdVd2f2PAdFGblzFswE4hkNANJBKRmsfa2X5LG2AcWE1c7/4t0pYae1L8vfZ5xvE2nK/R9JprtToA61OSHWIg==",
        "dependencies": {
          "Microsoft.NETCore.Platforms": "1.1.0",
          "Microsoft.NETCore.Targets": "1.1.0",
          "System.Runtime": "4.3.0"
        }
      },
      "System.Globalization.Calendars": {
        "type": "Transitive",
        "resolved": "4.3.0",
        "contentHash": "GUlBtdOWT4LTV3I+9/PJW+56AnnChTaOqqTLFtdmype/L500M2LIyXgmtd9X2P2VOkmJd5c67H5SaC2QcL1bFA==",
        "dependencies": {
          "Microsoft.NETCore.Platforms": "1.1.0",
          "Microsoft.NETCore.Targets": "1.1.0",
          "System.Globalization": "4.3.0",
          "System.Runtime": "4.3.0"
        }
      },
      "System.Globalization.Extensions": {
        "type": "Transitive",
        "resolved": "4.3.0",
        "contentHash": "FhKmdR6MPG+pxow6wGtNAWdZh7noIOpdD5TwQ3CprzgIE1bBBoim0vbR1+AWsWjQmU7zXHgQo4TWSP6lCeiWcQ==",
        "dependencies": {
          "Microsoft.NETCore.Platforms": "1.1.0",
          "System.Globalization": "4.3.0",
          "System.Resources.ResourceManager": "4.3.0",
          "System.Runtime": "4.3.0",
          "System.Runtime.Extensions": "4.3.0",
          "System.Runtime.InteropServices": "4.3.0"
        }
      },
      "System.IO": {
        "type": "Transitive",
        "resolved": "4.3.0",
        "contentHash": "3qjaHvxQPDpSOYICjUoTsmoq5u6QJAFRUITgeT/4gqkF1bajbSmb1kwSxEA8AHlofqgcKJcM8udgieRNhaJ5Cg==",
        "dependencies": {
          "Microsoft.NETCore.Platforms": "1.1.0",
          "Microsoft.NETCore.Targets": "1.1.0",
          "System.Runtime": "4.3.0",
          "System.Text.Encoding": "4.3.0",
          "System.Threading.Tasks": "4.3.0"
        }
      },
      "System.IO.Compression": {
        "type": "Transitive",
        "resolved": "4.3.0",
        "contentHash": "YHndyoiV90iu4iKG115ibkhrG+S3jBm8Ap9OwoUAzO5oPDAWcr0SFwQFm0HjM8WkEZWo0zvLTyLmbvTkW1bXgg==",
        "dependencies": {
          "Microsoft.NETCore.Platforms": "1.1.0",
          "System.Buffers": "4.3.0",
          "System.Collections": "4.3.0",
          "System.Diagnostics.Debug": "4.3.0",
          "System.IO": "4.3.0",
          "System.Resources.ResourceManager": "4.3.0",
          "System.Runtime": "4.3.0",
          "System.Runtime.Extensions": "4.3.0",
          "System.Runtime.Handles": "4.3.0",
          "System.Runtime.InteropServices": "4.3.0",
          "System.Text.Encoding": "4.3.0",
          "System.Threading": "4.3.0",
          "System.Threading.Tasks": "4.3.0",
          "runtime.native.System": "4.3.0",
          "runtime.native.System.IO.Compression": "4.3.0"
        }
      },
      "System.IO.Compression.ZipFile": {
        "type": "Transitive",
        "resolved": "4.3.0",
        "contentHash": "G4HwjEsgIwy3JFBduZ9quBkAu+eUwjIdJleuNSgmUojbH6O3mlvEIme+GHx/cLlTAPcrnnL7GqvB9pTlWRfhOg==",
        "dependencies": {
          "System.Buffers": "4.3.0",
          "System.IO": "4.3.0",
          "System.IO.Compression": "4.3.0",
          "System.IO.FileSystem": "4.3.0",
          "System.IO.FileSystem.Primitives": "4.3.0",
          "System.Resources.ResourceManager": "4.3.0",
          "System.Runtime": "4.3.0",
          "System.Runtime.Extensions": "4.3.0",
          "System.Text.Encoding": "4.3.0"
        }
      },
      "System.IO.FileSystem": {
        "type": "Transitive",
        "resolved": "4.3.0",
        "contentHash": "3wEMARTnuio+ulnvi+hkRNROYwa1kylvYahhcLk4HSoVdl+xxTFVeVlYOfLwrDPImGls0mDqbMhrza8qnWPTdA==",
        "dependencies": {
          "Microsoft.NETCore.Platforms": "1.1.0",
          "Microsoft.NETCore.Targets": "1.1.0",
          "System.IO": "4.3.0",
          "System.IO.FileSystem.Primitives": "4.3.0",
          "System.Runtime": "4.3.0",
          "System.Runtime.Handles": "4.3.0",
          "System.Text.Encoding": "4.3.0",
          "System.Threading.Tasks": "4.3.0"
        }
      },
      "System.IO.FileSystem.Primitives": {
        "type": "Transitive",
        "resolved": "4.3.0",
        "contentHash": "6QOb2XFLch7bEc4lIcJH49nJN2HV+OC3fHDgsLVsBVBk3Y4hFAnOBGzJ2lUu7CyDDFo9IBWkSsnbkT6IBwwiMw==",
        "dependencies": {
          "System.Runtime": "4.3.0"
        }
      },
      "System.IO.Hashing": {
        "type": "Transitive",
        "resolved": "7.0.0",
        "contentHash": "sDnWM0N3AMCa86LrKTWeF3BZLD2sgWyYUc7HL6z4+xyDZNQRwzmxbo4qP2rX2MqC+Sy1/gOSRDah5ltxY5jPxw=="
      },
      "System.Linq": {
        "type": "Transitive",
        "resolved": "4.3.0",
        "contentHash": "5DbqIUpsDp0dFftytzuMmc0oeMdQwjcP/EWxsksIz/w1TcFRkZ3yKKz0PqiYFMmEwPSWw+qNVqD7PJ889JzHbw==",
        "dependencies": {
          "System.Collections": "4.3.0",
          "System.Diagnostics.Debug": "4.3.0",
          "System.Resources.ResourceManager": "4.3.0",
          "System.Runtime": "4.3.0",
          "System.Runtime.Extensions": "4.3.0"
        }
      },
      "System.Linq.Expressions": {
        "type": "Transitive",
        "resolved": "4.3.0",
        "contentHash": "PGKkrd2khG4CnlyJwxwwaWWiSiWFNBGlgXvJpeO0xCXrZ89ODrQ6tjEWS/kOqZ8GwEOUATtKtzp1eRgmYNfclg==",
        "dependencies": {
          "System.Collections": "4.3.0",
          "System.Diagnostics.Debug": "4.3.0",
          "System.Globalization": "4.3.0",
          "System.IO": "4.3.0",
          "System.Linq": "4.3.0",
          "System.ObjectModel": "4.3.0",
          "System.Reflection": "4.3.0",
          "System.Reflection.Emit": "4.3.0",
          "System.Reflection.Emit.ILGeneration": "4.3.0",
          "System.Reflection.Emit.Lightweight": "4.3.0",
          "System.Reflection.Extensions": "4.3.0",
          "System.Reflection.Primitives": "4.3.0",
          "System.Reflection.TypeExtensions": "4.3.0",
          "System.Resources.ResourceManager": "4.3.0",
          "System.Runtime": "4.3.0",
          "System.Runtime.Extensions": "4.3.0",
          "System.Threading": "4.3.0"
        }
      },
      "System.Net.Primitives": {
        "type": "Transitive",
        "resolved": "4.3.0",
        "contentHash": "qOu+hDwFwoZPbzPvwut2qATe3ygjeQBDQj91xlsaqGFQUI5i4ZnZb8yyQuLGpDGivEPIt8EJkd1BVzVoP31FXA==",
        "dependencies": {
          "Microsoft.NETCore.Platforms": "1.1.0",
          "Microsoft.NETCore.Targets": "1.1.0",
          "System.Runtime": "4.3.0",
          "System.Runtime.Handles": "4.3.0"
        }
      },
      "System.Net.Sockets": {
        "type": "Transitive",
        "resolved": "4.3.0",
        "contentHash": "m6icV6TqQOAdgt5N/9I5KNpjom/5NFtkmGseEH+AK/hny8XrytLH3+b5M8zL/Ycg3fhIocFpUMyl/wpFnVRvdw==",
        "dependencies": {
          "Microsoft.NETCore.Platforms": "1.1.0",
          "Microsoft.NETCore.Targets": "1.1.0",
          "System.IO": "4.3.0",
          "System.Net.Primitives": "4.3.0",
          "System.Runtime": "4.3.0",
          "System.Threading.Tasks": "4.3.0"
        }
      },
      "System.ObjectModel": {
        "type": "Transitive",
        "resolved": "4.3.0",
        "contentHash": "bdX+80eKv9bN6K4N+d77OankKHGn6CH711a6fcOpMQu2Fckp/Ft4L/kW9WznHpyR0NRAvJutzOMHNNlBGvxQzQ==",
        "dependencies": {
          "System.Collections": "4.3.0",
          "System.Diagnostics.Debug": "4.3.0",
          "System.Resources.ResourceManager": "4.3.0",
          "System.Runtime": "4.3.0",
          "System.Threading": "4.3.0"
        }
      },
      "System.Reflection": {
        "type": "Transitive",
        "resolved": "4.3.0",
        "contentHash": "KMiAFoW7MfJGa9nDFNcfu+FpEdiHpWgTcS2HdMpDvt9saK3y/G4GwprPyzqjFH9NTaGPQeWNHU+iDlDILj96aQ==",
        "dependencies": {
          "Microsoft.NETCore.Platforms": "1.1.0",
          "Microsoft.NETCore.Targets": "1.1.0",
          "System.IO": "4.3.0",
          "System.Reflection.Primitives": "4.3.0",
          "System.Runtime": "4.3.0"
        }
      },
      "System.Reflection.Emit": {
        "type": "Transitive",
        "resolved": "4.3.0",
        "contentHash": "228FG0jLcIwTVJyz8CLFKueVqQK36ANazUManGaJHkO0icjiIypKW7YLWLIWahyIkdh5M7mV2dJepllLyA1SKg==",
        "dependencies": {
          "System.IO": "4.3.0",
          "System.Reflection": "4.3.0",
          "System.Reflection.Emit.ILGeneration": "4.3.0",
          "System.Reflection.Primitives": "4.3.0",
          "System.Runtime": "4.3.0"
        }
      },
      "System.Reflection.Emit.ILGeneration": {
        "type": "Transitive",
        "resolved": "4.3.0",
        "contentHash": "59tBslAk9733NXLrUJrwNZEzbMAcu8k344OYo+wfSVygcgZ9lgBdGIzH/nrg3LYhXceynyvTc8t5/GD4Ri0/ng==",
        "dependencies": {
          "System.Reflection": "4.3.0",
          "System.Reflection.Primitives": "4.3.0",
          "System.Runtime": "4.3.0"
        }
      },
      "System.Reflection.Emit.Lightweight": {
        "type": "Transitive",
        "resolved": "4.3.0",
        "contentHash": "oadVHGSMsTmZsAF864QYN1t1QzZjIcuKU3l2S9cZOwDdDueNTrqq1yRj7koFfIGEnKpt6NjpL3rOzRhs4ryOgA==",
        "dependencies": {
          "System.Reflection": "4.3.0",
          "System.Reflection.Emit.ILGeneration": "4.3.0",
          "System.Reflection.Primitives": "4.3.0",
          "System.Runtime": "4.3.0"
        }
      },
      "System.Reflection.Extensions": {
        "type": "Transitive",
        "resolved": "4.3.0",
        "contentHash": "rJkrJD3kBI5B712aRu4DpSIiHRtr6QlfZSQsb0hYHrDCZORXCFjQfoipo2LaMUHoT9i1B7j7MnfaEKWDFmFQNQ==",
        "dependencies": {
          "Microsoft.NETCore.Platforms": "1.1.0",
          "Microsoft.NETCore.Targets": "1.1.0",
          "System.Reflection": "4.3.0",
          "System.Runtime": "4.3.0"
        }
      },
      "System.Reflection.Primitives": {
        "type": "Transitive",
        "resolved": "4.3.0",
        "contentHash": "5RXItQz5As4xN2/YUDxdpsEkMhvw3e6aNveFXUn4Hl/udNTCNhnKp8lT9fnc3MhvGKh1baak5CovpuQUXHAlIA==",
        "dependencies": {
          "Microsoft.NETCore.Platforms": "1.1.0",
          "Microsoft.NETCore.Targets": "1.1.0",
          "System.Runtime": "4.3.0"
        }
      },
      "System.Reflection.TypeExtensions": {
        "type": "Transitive",
        "resolved": "4.3.0",
        "contentHash": "7u6ulLcZbyxB5Gq0nMkQttcdBTx57ibzw+4IOXEfR+sXYQoHvjW5LTLyNr8O22UIMrqYbchJQJnos4eooYzYJA==",
        "dependencies": {
          "System.Reflection": "4.3.0",
          "System.Runtime": "4.3.0"
        }
      },
      "System.Resources.ResourceManager": {
        "type": "Transitive",
        "resolved": "4.3.0",
        "contentHash": "/zrcPkkWdZmI4F92gL/TPumP98AVDu/Wxr3CSJGQQ+XN6wbRZcyfSKVoPo17ilb3iOr0cCRqJInGwNMolqhS8A==",
        "dependencies": {
          "Microsoft.NETCore.Platforms": "1.1.0",
          "Microsoft.NETCore.Targets": "1.1.0",
          "System.Globalization": "4.3.0",
          "System.Reflection": "4.3.0",
          "System.Runtime": "4.3.0"
        }
      },
      "System.Runtime": {
        "type": "Transitive",
        "resolved": "4.3.1",
        "contentHash": "abhfv1dTK6NXOmu4bgHIONxHyEqFjW8HwXPmpY9gmll+ix9UNo4XDcmzJn6oLooftxNssVHdJC1pGT9jkSynQg==",
        "dependencies": {
          "Microsoft.NETCore.Platforms": "1.1.1",
          "Microsoft.NETCore.Targets": "1.1.3"
        }
      },
      "System.Runtime.Extensions": {
        "type": "Transitive",
        "resolved": "4.3.0",
        "contentHash": "guW0uK0fn5fcJJ1tJVXYd7/1h5F+pea1r7FLSOz/f8vPEqbR2ZAknuRDvTQ8PzAilDveOxNjSfr0CHfIQfFk8g==",
        "dependencies": {
          "Microsoft.NETCore.Platforms": "1.1.0",
          "Microsoft.NETCore.Targets": "1.1.0",
          "System.Runtime": "4.3.0"
        }
      },
      "System.Runtime.Handles": {
        "type": "Transitive",
        "resolved": "4.3.0",
        "contentHash": "OKiSUN7DmTWeYb3l51A7EYaeNMnvxwE249YtZz7yooT4gOZhmTjIn48KgSsw2k2lYdLgTKNJw/ZIfSElwDRVgg==",
        "dependencies": {
          "Microsoft.NETCore.Platforms": "1.1.0",
          "Microsoft.NETCore.Targets": "1.1.0",
          "System.Runtime": "4.3.0"
        }
      },
      "System.Runtime.InteropServices": {
        "type": "Transitive",
        "resolved": "4.3.0",
        "contentHash": "uv1ynXqiMK8mp1GM3jDqPCFN66eJ5w5XNomaK2XD+TuCroNTLFGeZ+WCmBMcBDyTFKou3P6cR6J/QsaqDp7fGQ==",
        "dependencies": {
          "Microsoft.NETCore.Platforms": "1.1.0",
          "Microsoft.NETCore.Targets": "1.1.0",
          "System.Reflection": "4.3.0",
          "System.Reflection.Primitives": "4.3.0",
          "System.Runtime": "4.3.0",
          "System.Runtime.Handles": "4.3.0"
        }
      },
      "System.Runtime.InteropServices.RuntimeInformation": {
        "type": "Transitive",
        "resolved": "4.3.0",
        "contentHash": "cbz4YJMqRDR7oLeMRbdYv7mYzc++17lNhScCX0goO2XpGWdvAt60CGN+FHdePUEHCe/Jy9jUlvNAiNdM+7jsOw==",
        "dependencies": {
          "System.Reflection": "4.3.0",
          "System.Reflection.Extensions": "4.3.0",
          "System.Resources.ResourceManager": "4.3.0",
          "System.Runtime": "4.3.0",
          "System.Runtime.InteropServices": "4.3.0",
          "System.Threading": "4.3.0",
          "runtime.native.System": "4.3.0"
        }
      },
      "System.Runtime.Numerics": {
        "type": "Transitive",
        "resolved": "4.3.0",
        "contentHash": "yMH+MfdzHjy17l2KESnPiF2dwq7T+xLnSJar7slyimAkUh/gTrS9/UQOtv7xarskJ2/XDSNvfLGOBQPjL7PaHQ==",
        "dependencies": {
          "System.Globalization": "4.3.0",
          "System.Resources.ResourceManager": "4.3.0",
          "System.Runtime": "4.3.0",
          "System.Runtime.Extensions": "4.3.0"
        }
      },
      "System.Security.Cryptography.Algorithms": {
        "type": "Transitive",
        "resolved": "4.3.0",
        "contentHash": "W1kd2Y8mYSCgc3ULTAZ0hOP2dSdG5YauTb1089T0/kRcN2MpSAW1izOFROrJgxSlMn3ArsgHXagigyi+ibhevg==",
        "dependencies": {
          "Microsoft.NETCore.Platforms": "1.1.0",
          "System.Collections": "4.3.0",
          "System.IO": "4.3.0",
          "System.Resources.ResourceManager": "4.3.0",
          "System.Runtime": "4.3.0",
          "System.Runtime.Extensions": "4.3.0",
          "System.Runtime.Handles": "4.3.0",
          "System.Runtime.InteropServices": "4.3.0",
          "System.Runtime.Numerics": "4.3.0",
          "System.Security.Cryptography.Encoding": "4.3.0",
          "System.Security.Cryptography.Primitives": "4.3.0",
          "System.Text.Encoding": "4.3.0",
          "runtime.native.System.Security.Cryptography.Apple": "4.3.0",
          "runtime.native.System.Security.Cryptography.OpenSsl": "4.3.0"
        }
      },
      "System.Security.Cryptography.Cng": {
        "type": "Transitive",
        "resolved": "4.3.0",
        "contentHash": "03idZOqFlsKRL4W+LuCpJ6dBYDUWReug6lZjBa3uJWnk5sPCUXckocevTaUA8iT/MFSrY/2HXkOt753xQ/cf8g==",
        "dependencies": {
          "Microsoft.NETCore.Platforms": "1.1.0",
          "System.IO": "4.3.0",
          "System.Resources.ResourceManager": "4.3.0",
          "System.Runtime": "4.3.0",
          "System.Runtime.Extensions": "4.3.0",
          "System.Runtime.Handles": "4.3.0",
          "System.Runtime.InteropServices": "4.3.0",
          "System.Security.Cryptography.Algorithms": "4.3.0",
          "System.Security.Cryptography.Encoding": "4.3.0",
          "System.Security.Cryptography.Primitives": "4.3.0",
          "System.Text.Encoding": "4.3.0"
        }
      },
      "System.Security.Cryptography.Csp": {
        "type": "Transitive",
        "resolved": "4.3.0",
        "contentHash": "X4s/FCkEUnRGnwR3aSfVIkldBmtURMhmexALNTwpjklzxWU7yjMk7GHLKOZTNkgnWnE0q7+BCf9N2LVRWxewaA==",
        "dependencies": {
          "Microsoft.NETCore.Platforms": "1.1.0",
          "System.IO": "4.3.0",
          "System.Reflection": "4.3.0",
          "System.Resources.ResourceManager": "4.3.0",
          "System.Runtime": "4.3.0",
          "System.Runtime.Extensions": "4.3.0",
          "System.Runtime.Handles": "4.3.0",
          "System.Runtime.InteropServices": "4.3.0",
          "System.Security.Cryptography.Algorithms": "4.3.0",
          "System.Security.Cryptography.Encoding": "4.3.0",
          "System.Security.Cryptography.Primitives": "4.3.0",
          "System.Text.Encoding": "4.3.0",
          "System.Threading": "4.3.0"
        }
      },
      "System.Security.Cryptography.Encoding": {
        "type": "Transitive",
        "resolved": "4.3.0",
        "contentHash": "1DEWjZZly9ae9C79vFwqaO5kaOlI5q+3/55ohmq/7dpDyDfc8lYe7YVxJUZ5MF/NtbkRjwFRo14yM4OEo9EmDw==",
        "dependencies": {
          "Microsoft.NETCore.Platforms": "1.1.0",
          "System.Collections": "4.3.0",
          "System.Collections.Concurrent": "4.3.0",
          "System.Linq": "4.3.0",
          "System.Resources.ResourceManager": "4.3.0",
          "System.Runtime": "4.3.0",
          "System.Runtime.Extensions": "4.3.0",
          "System.Runtime.Handles": "4.3.0",
          "System.Runtime.InteropServices": "4.3.0",
          "System.Security.Cryptography.Primitives": "4.3.0",
          "System.Text.Encoding": "4.3.0",
          "runtime.native.System.Security.Cryptography.OpenSsl": "4.3.0"
        }
      },
      "System.Security.Cryptography.OpenSsl": {
        "type": "Transitive",
        "resolved": "4.3.0",
        "contentHash": "h4CEgOgv5PKVF/HwaHzJRiVboL2THYCou97zpmhjghx5frc7fIvlkY1jL+lnIQyChrJDMNEXS6r7byGif8Cy4w==",
        "dependencies": {
          "System.Collections": "4.3.0",
          "System.IO": "4.3.0",
          "System.Resources.ResourceManager": "4.3.0",
          "System.Runtime": "4.3.0",
          "System.Runtime.Extensions": "4.3.0",
          "System.Runtime.Handles": "4.3.0",
          "System.Runtime.InteropServices": "4.3.0",
          "System.Runtime.Numerics": "4.3.0",
          "System.Security.Cryptography.Algorithms": "4.3.0",
          "System.Security.Cryptography.Encoding": "4.3.0",
          "System.Security.Cryptography.Primitives": "4.3.0",
          "System.Text.Encoding": "4.3.0",
          "runtime.native.System.Security.Cryptography.OpenSsl": "4.3.0"
        }
      },
      "System.Security.Cryptography.Primitives": {
        "type": "Transitive",
        "resolved": "4.3.0",
        "contentHash": "7bDIyVFNL/xKeFHjhobUAQqSpJq9YTOpbEs6mR233Et01STBMXNAc/V+BM6dwYGc95gVh/Zf+iVXWzj3mE8DWg==",
        "dependencies": {
          "System.Diagnostics.Debug": "4.3.0",
          "System.Globalization": "4.3.0",
          "System.IO": "4.3.0",
          "System.Resources.ResourceManager": "4.3.0",
          "System.Runtime": "4.3.0",
          "System.Threading": "4.3.0",
          "System.Threading.Tasks": "4.3.0"
        }
      },
      "System.Security.Cryptography.X509Certificates": {
        "type": "Transitive",
        "resolved": "4.3.0",
        "contentHash": "t2Tmu6Y2NtJ2um0RtcuhP7ZdNNxXEgUm2JeoA/0NvlMjAhKCnM1NX07TDl3244mVp3QU6LPEhT3HTtH1uF7IYw==",
        "dependencies": {
          "Microsoft.NETCore.Platforms": "1.1.0",
          "System.Collections": "4.3.0",
          "System.Diagnostics.Debug": "4.3.0",
          "System.Globalization": "4.3.0",
          "System.Globalization.Calendars": "4.3.0",
          "System.IO": "4.3.0",
          "System.IO.FileSystem": "4.3.0",
          "System.IO.FileSystem.Primitives": "4.3.0",
          "System.Resources.ResourceManager": "4.3.0",
          "System.Runtime": "4.3.0",
          "System.Runtime.Extensions": "4.3.0",
          "System.Runtime.Handles": "4.3.0",
          "System.Runtime.InteropServices": "4.3.0",
          "System.Runtime.Numerics": "4.3.0",
          "System.Security.Cryptography.Algorithms": "4.3.0",
          "System.Security.Cryptography.Cng": "4.3.0",
          "System.Security.Cryptography.Csp": "4.3.0",
          "System.Security.Cryptography.Encoding": "4.3.0",
          "System.Security.Cryptography.OpenSsl": "4.3.0",
          "System.Security.Cryptography.Primitives": "4.3.0",
          "System.Text.Encoding": "4.3.0",
          "System.Threading": "4.3.0",
          "runtime.native.System": "4.3.0",
          "runtime.native.System.Net.Http": "4.3.0",
          "runtime.native.System.Security.Cryptography.OpenSsl": "4.3.0"
        }
      },
      "System.Text.Encoding": {
        "type": "Transitive",
        "resolved": "4.3.0",
        "contentHash": "BiIg+KWaSDOITze6jGQynxg64naAPtqGHBwDrLaCtixsa5bKiR8dpPOHA7ge3C0JJQizJE+sfkz1wV+BAKAYZw==",
        "dependencies": {
          "Microsoft.NETCore.Platforms": "1.1.0",
          "Microsoft.NETCore.Targets": "1.1.0",
          "System.Runtime": "4.3.0"
        }
      },
      "System.Text.Encoding.Extensions": {
        "type": "Transitive",
        "resolved": "4.3.0",
        "contentHash": "YVMK0Bt/A43RmwizJoZ22ei2nmrhobgeiYwFzC4YAN+nue8RF6djXDMog0UCn+brerQoYVyaS+ghy9P/MUVcmw==",
        "dependencies": {
          "Microsoft.NETCore.Platforms": "1.1.0",
          "Microsoft.NETCore.Targets": "1.1.0",
          "System.Runtime": "4.3.0",
          "System.Text.Encoding": "4.3.0"
        }
      },
      "System.Text.Encodings.Web": {
        "type": "Transitive",
        "resolved": "7.0.0",
        "contentHash": "OP6umVGxc0Z0MvZQBVigj4/U31Pw72ITihDWP9WiWDm+q5aoe0GaJivsfYGq53o6dxH7DcXWiCTl7+0o2CGdmg=="
      },
      "System.Threading": {
        "type": "Transitive",
        "resolved": "4.3.0",
        "contentHash": "VkUS0kOBcUf3Wwm0TSbrevDDZ6BlM+b/HRiapRFWjM5O0NS0LviG0glKmFK+hhPDd1XFeSdU1GmlLhb2CoVpIw==",
        "dependencies": {
          "System.Runtime": "4.3.0",
          "System.Threading.Tasks": "4.3.0"
        }
      },
      "System.Threading.Tasks": {
        "type": "Transitive",
        "resolved": "4.3.0",
        "contentHash": "LbSxKEdOUhVe8BezB/9uOGGppt+nZf6e1VFyw6v3DN6lqitm0OSn2uXMOdtP0M3W4iMcqcivm2J6UgqiwwnXiA==",
        "dependencies": {
          "Microsoft.NETCore.Platforms": "1.1.0",
          "Microsoft.NETCore.Targets": "1.1.0",
          "System.Runtime": "4.3.0"
        }
      },
      "System.Threading.Tasks.Extensions": {
        "type": "Transitive",
        "resolved": "4.3.0",
        "contentHash": "npvJkVKl5rKXrtl1Kkm6OhOUaYGEiF9wFbppFRWSMoApKzt2PiPHT2Bb8a5sAWxprvdOAtvaARS9QYMznEUtug==",
        "dependencies": {
          "System.Collections": "4.3.0",
          "System.Runtime": "4.3.0",
          "System.Threading.Tasks": "4.3.0"
        }
      },
      "System.Threading.Timer": {
        "type": "Transitive",
        "resolved": "4.3.0",
        "contentHash": "Z6YfyYTCg7lOZjJzBjONJTFKGN9/NIYKSxhU5GRd+DTwHSZyvWp1xuI5aR+dLg+ayyC5Xv57KiY4oJ0tMO89fQ==",
        "dependencies": {
          "Microsoft.NETCore.Platforms": "1.1.0",
          "Microsoft.NETCore.Targets": "1.1.0",
          "System.Runtime": "4.3.0"
        }
      },
      "System.Xml.ReaderWriter": {
        "type": "Transitive",
        "resolved": "4.3.0",
        "contentHash": "GrprA+Z0RUXaR4N7/eW71j1rgMnEnEVlgii49GZyAjTH7uliMnrOU3HNFBr6fEDBCJCIdlVNq9hHbaDR621XBA==",
        "dependencies": {
          "System.Collections": "4.3.0",
          "System.Diagnostics.Debug": "4.3.0",
          "System.Globalization": "4.3.0",
          "System.IO": "4.3.0",
          "System.IO.FileSystem": "4.3.0",
          "System.IO.FileSystem.Primitives": "4.3.0",
          "System.Resources.ResourceManager": "4.3.0",
          "System.Runtime": "4.3.0",
          "System.Runtime.Extensions": "4.3.0",
          "System.Runtime.InteropServices": "4.3.0",
          "System.Text.Encoding": "4.3.0",
          "System.Text.Encoding.Extensions": "4.3.0",
          "System.Text.RegularExpressions": "4.3.0",
          "System.Threading.Tasks": "4.3.0",
          "System.Threading.Tasks.Extensions": "4.3.0"
        }
      },
      "System.Xml.XDocument": {
        "type": "Transitive",
        "resolved": "4.3.0",
        "contentHash": "5zJ0XDxAIg8iy+t4aMnQAu0MqVbqyvfoUVl1yDV61xdo3Vth45oA2FoY4pPkxYAH5f8ixpmTqXeEIya95x0aCQ==",
        "dependencies": {
          "System.Collections": "4.3.0",
          "System.Diagnostics.Debug": "4.3.0",
          "System.Diagnostics.Tools": "4.3.0",
          "System.Globalization": "4.3.0",
          "System.IO": "4.3.0",
          "System.Reflection": "4.3.0",
          "System.Resources.ResourceManager": "4.3.0",
          "System.Runtime": "4.3.0",
          "System.Runtime.Extensions": "4.3.0",
          "System.Text.Encoding": "4.3.0",
          "System.Threading": "4.3.0",
          "System.Xml.ReaderWriter": "4.3.0"
        }
      },
      "colorthief": {
        "type": "Project",
        "dependencies": {
          "System.Drawing.Common": "[7.0.0, )"
        }
      },
      "hi3helper.core": {
        "type": "Project",
        "dependencies": {
          "Hi3Helper.EncTool": "[1.0.0, )",
          "Hi3Helper.Http": "[1.0.0, )",
          "Hi3Helper.SharpHDiffPatch": "[1.0.0, )",
          "SevenZipExtractor": "[1.0.17, )"
        }
      },
      "hi3helper.enctool": {
        "type": "Project",
        "dependencies": {
          "Google.Protobuf": "[3.24.3, )",
          "Hi3Helper.Http": "[1.0.0, )",
          "System.IO.Hashing": "[7.0.0, )"
        }
      },
      "hi3helper.http": {
        "type": "Project"
      },
      "hi3helper.sharphdiffpatch": {
        "type": "Project"
      },
      "sevenzipextractor": {
        "type": "Project"
      }
    }
  }
}