{
  "version": 1,
  "dependencies": {
    "net10.0-windows10.0.26100": {
      "CommunityToolkit.Common": {
        "type": "Direct",
        "requested": "[8.4.0, )",
        "resolved": "8.4.0",
        "contentHash": "yqU6s4sLjaMuJ0OS6MSpOLkdbLS8HhyD0RSMQ/+/AyAjXizLMdXnlImgVBXPEGmBsNKDjApGF7uFmSh/xhie7A=="
      },
      "CommunityToolkit.Mvvm": {
        "type": "Direct",
        "requested": "[8.4.0, )",
        "resolved": "8.4.0",
        "contentHash": "tqVU8yc/ADO9oiTRyTnwhFN68hCwvkliMierptWOudIAvWY1mWCh5VFh+guwHJmpMwfg0J0rY+yyd5Oy7ty9Uw=="
      },
      "CommunityToolkit.WinUI.Behaviors": {
        "type": "Direct",
        "requested": "[8.2.250402, )",
        "resolved": "8.2.250402",
        "contentHash": "Bb0uLjMJrLyNDaARHnlFGjTw7T/y0NkL2VTJWY5iWVw8NWCoBxFJCs0KQ258I/PRth5DG582Zy2CDn6HTkUliw==",
        "dependencies": {
          "CommunityToolkit.WinUI.Animations": "8.2.250402",
          "CommunityToolkit.WinUI.Extensions": "8.2.250402",
          "Microsoft.WindowsAppSDK": "1.6.250108002",
          "Microsoft.Xaml.Behaviors.WinUI.Managed": "3.0.0"
        }
      },
      "CommunityToolkit.WinUI.Controls.Primitives": {
        "type": "Direct",
        "requested": "[8.2.250402, )",
        "resolved": "8.2.250402",
        "contentHash": "Wx3t1zADrzBWDar45uRl+lmSxDO5Vx7tTMFm/mNgl3fs5xSQ1ySPdGqD10EFov3rkKc5fbpHGW5xj8t62Yisvg==",
        "dependencies": {
          "CommunityToolkit.WinUI.Extensions": "8.2.250402",
          "Microsoft.WindowsAppSDK": "1.6.250108002"
        }
      },
      "CommunityToolkit.WinUI.Controls.Sizers": {
        "type": "Direct",
        "requested": "[8.2.250402, )",
        "resolved": "8.2.250402",
        "contentHash": "8kWJX+TxUyYbLFPpzoivtYPnSI9kgBGL1dfdsteQSw6Yq69v7mv/Z3emTLHqBJXOi9WKCiq2HNhKXuCH18/ctA==",
        "dependencies": {
          "CommunityToolkit.WinUI.Extensions": "8.2.250402",
          "Microsoft.WindowsAppSDK": "1.6.250108002"
        }
      },
      "CommunityToolkit.WinUI.Converters": {
        "type": "Direct",
        "requested": "[8.2.250402, )",
        "resolved": "8.2.250402",
        "contentHash": "fLWJmy2jBO0ECYmu4eWJzjPp1Drww3XcARdig8HQXSMZkg9k857g1lQQzJr3MVPaLeMPDqeKONtsc0kxBLLMCw==",
        "dependencies": {
          "CommunityToolkit.Common": "8.2.1",
          "Microsoft.WindowsAppSDK": "1.6.250108002"
        }
      },
      "CommunityToolkit.WinUI.Extensions": {
        "type": "Direct",
        "requested": "[8.2.250402, )",
        "resolved": "8.2.250402",
        "contentHash": "rAOYzNX6kdUeeE1ejGd6Q8B+xmyZvOrWFUbqCgOtP8OQsOL66en9ZQTtzxAlaaFC4qleLvnKcn8FJFBezujOlw==",
        "dependencies": {
          "CommunityToolkit.Common": "8.2.1",
          "Microsoft.WindowsAppSDK": "1.6.250108002"
        }
      },
      "CommunityToolkit.WinUI.Media": {
        "type": "Direct",
        "requested": "[8.2.250402, )",
        "resolved": "8.2.250402",
        "contentHash": "/FB24b8g65fp4p9/IdBROgByqxavIbdJt7u8klfbSv8ABV/SqTjR2yduvCXdyVdYxWyyT+ecMf3Gmt8HOGkU2A==",
        "dependencies": {
          "CommunityToolkit.WinUI.Animations": "8.2.250402",
          "CommunityToolkit.WinUI.Extensions": "8.2.250402",
          "Microsoft.Graphics.Win2D": "1.3.1",
          "Microsoft.WindowsAppSDK": "1.6.250108002"
        }
      },
      "Microsoft.Graphics.Win2D": {
        "type": "Direct",
        "requested": "[1.3.2, )",
        "resolved": "1.3.2",
        "contentHash": "xAv4+Xj8wePW1innIUSXebX6UHMGDzOxwKPwYNUNY7mBrsRL/hPFEtuPLpBSxc3iBnuaCogPDCDeN7T4b1xV0Q==",
        "dependencies": {
          "Microsoft.WindowsAppSDK": "1.6.241114003"
        }
      },
      "Microsoft.NET.ILLink.Tasks": {
        "type": "Direct",
        "requested": "[10.0.1, )",
        "resolved": "10.0.1",
        "contentHash": "ISahzLHsHY7vrwqr2p1YWZ+gsxoBRtH7gWRDK8fDUst9pp2He0GiesaqEfeX0V8QMCJM3eNEHGGpnIcPjFo2NQ=="
      },
      "Microsoft.Windows.CsWinRT": {
        "type": "Direct",
        "requested": "[2.3.0-prerelease.250720.1, )",
        "resolved": "2.3.0-prerelease.250720.1",
        "contentHash": "2Anaw2yEhLgBXt5Uif3HWuqC+VfjEgnUNlQ9aLKPJcyLGQseB7Nk/TTRt+c6Jv4ud7Ss9Q9pGsFIdnpU2jc3iw=="
      },
      "Microsoft.Windows.SDK.BuildTools": {
        "type": "Direct",
        "requested": "[10.0.26100.6901, )",
        "resolved": "10.0.26100.6901",
        "contentHash": "DyYB9KgaPC/bJasyWgdLKVQAsjbrRHEdGRx9Lw9bIcEPAItOAomqUNLOG0YQCkH3oAys468oA2yM0hdm5+YSqg=="
      },
      "Microsoft.WindowsAppSDK": {
        "type": "Direct",
        "requested": "[1.8.251106002, )",
        "resolved": "1.8.251106002",
        "contentHash": "IiDYOHJahku9GuajXLCNWkrhsG+Fbd2GsWpINLXhm3nF8mXzGPmFtateotJWnE0BKCa4Ua1+O4nYJ4gUC9+NXg==",
        "dependencies": {
          "Microsoft.WindowsAppSDK.AI": "[1.8.39]",
          "Microsoft.WindowsAppSDK.Base": "[1.8.250831001]",
          "Microsoft.WindowsAppSDK.DWrite": "[1.8.25090401]",
          "Microsoft.WindowsAppSDK.Foundation": "[1.8.251104000]",
          "Microsoft.WindowsAppSDK.InteractiveExperiences": "[1.8.251104001]",
          "Microsoft.WindowsAppSDK.ML": "[1.8.2109]",
          "Microsoft.WindowsAppSDK.Runtime": "[1.8.251106002]",
          "Microsoft.WindowsAppSDK.Widgets": "[1.8.250904007]",
          "Microsoft.WindowsAppSDK.WinUI": "[1.8.251105000]"
        }
      },
      "Microsoft.Xaml.Behaviors.WinUI.Managed": {
        "type": "Direct",
        "requested": "[3.0.0, )",
        "resolved": "3.0.0",
        "contentHash": "IoeGOYbOvhnNlzYs79z2TB1EFVldlQKJHH1gjUMtrViu+MJZfnkyNeCiK1IBVo8zP86VuFPZ4Yg6Vm4mYJ8tGA==",
        "dependencies": {
          "Microsoft.WindowsAppSDK": "1.6.250108002"
        }
      },
      "PhotoSauce.MagicScaler": {
        "type": "Direct",
        "requested": "[0.15.0, )",
        "resolved": "0.15.0",
        "contentHash": "ajPOdS5wGIZrHGT0NHvmmrQ7sJb0Vp+Ex3JauD7Ru+U+F+N7tTYRVDcvXW2ER56MLzC+VSqK3KjRn4Sntkf3vA=="
      },
      "PhotoSauce.NativeCodecs.Libheif": {
        "type": "Direct",
        "requested": "[1.19.5-preview1, )",
        "resolved": "1.19.5-preview1",
        "contentHash": "MkQ/HtuzfQi0aF158GLwubo8a+PoQFCVta6MJmqwfEdiUAZqlamtPQRcA/7JtYn7iO/jmgvgwJ3NAQrIILrPeA==",
        "dependencies": {
          "PhotoSauce.MagicScaler": "[0.15.0]"
        }
      },
      "PhotoSauce.NativeCodecs.Libjxl": {
        "type": "Direct",
        "requested": "[0.11.1-preview2, )",
        "resolved": "0.11.1-preview2",
        "contentHash": "6/4aRRFIosViPNdQL5ciLJa/lUZHwwRbw/ApeR4Hc/PpMS9xn8X8spNf6oPqZdELbZFgu0DOInoI/OH5rIkEGA==",
        "dependencies": {
          "PhotoSauce.MagicScaler": "[0.15.0]"
        }
      },
      "PhotoSauce.NativeCodecs.Libwebp": {
        "type": "Direct",
        "requested": "[*-*, )",
        "resolved": "1.4.0-preview1",
        "contentHash": "0AyuhMpynCdCq84dh0wU/Kjuxzo3GkYny5Z1l2JlWTHD2muUlE3Akqa1CtEPj0lif9o/KHnYwhmIWnP0ZctF4g==",
        "dependencies": {
          "PhotoSauce.MagicScaler": "[0.15.0]"
        }
      },
      "CommunityToolkit.WinUI.Animations": {
        "type": "Transitive",
        "resolved": "8.2.250402",
        "contentHash": "KMKFGu2BD9qUBJO4FAAmUy0fdLB8/DXPcW1ZhO8k6agZtNnsKqc0yAz5OX9Dt1dvK38uHYGd5z9yQkwq+DAqUg==",
        "dependencies": {
          "CommunityToolkit.WinUI.Extensions": "8.2.250402",
          "Microsoft.WindowsAppSDK": "1.6.250108002"
        }
      },
      "Microsoft.Extensions.DependencyInjection.Abstractions": {
        "type": "Transitive",
        "resolved": "10.0.0",
        "contentHash": "L3AdmZ1WOK4XXT5YFPEwyt0ep6l8lGIPs7F5OOBZc77Zqeo01Of7XXICy47628sdVl0v/owxYJTe86DTgFwKCA=="
      },
      "Microsoft.Extensions.Logging.Abstractions": {
        "type": "Transitive",
        "resolved": "10.0.0",
        "contentHash": "FU/IfjDfwaMuKr414SSQNTIti/69bHEMb+QKrskRb26oVqpx3lNFXMjs/RC9ZUuhBhcwDM2BwOgoMw+PZ+beqQ==",
        "dependencies": {
          "Microsoft.Extensions.DependencyInjection.Abstractions": "10.0.0"
        }
      },
      "Microsoft.Web.WebView2": {
        "type": "Transitive",
        "resolved": "1.0.3179.45",
        "contentHash": "3pokSH5CnN0G6rGhGFo1y87inxYhNxBQ2Vdf0wlvBj99KHxQJormjDACmqRnFeUsmuNFIhWwfAL1ztq7wD5qRA=="
      },
      "Microsoft.Windows.SDK.BuildTools.MSIX": {
        "type": "Transitive",
        "resolved": "1.7.20250829.1",
        "contentHash": "IMdvRmCIZnBS5GkYnv0po1bcx6U1OF39pqA4TphQ9evDzpCRoSE19/PkDvlUNNrBavTsLIEJgd/TAIFner75ow=="
      },
      "Microsoft.WindowsAppSDK.AI": {
        "type": "Transitive",
        "resolved": "1.8.39",
        "contentHash": "jYx8PqQZjB59MU+/IcelwWa0iUnNYkSIWyirDLb50/6uaSVK+FMKsdvV5ZxVuQmBIBUjqReOLRAdlsxxOVAE1Q==",
        "dependencies": {
          "Microsoft.WindowsAppSDK.Base": "1.8.250831001",
          "Microsoft.WindowsAppSDK.Foundation": "1.8.251104000"
        }
      },
      "Microsoft.WindowsAppSDK.Base": {
        "type": "Transitive",
        "resolved": "1.8.250831001",
        "contentHash": "8LlfXBS2Hpw+OoVXViJmIOPXl0nMbqMaFR3j6+QHFNc62VULwPEcXiMRcP2WbV/+mtC7W2LH6yx6uu/Hrr9lVw==",
        "dependencies": {
          "Microsoft.Windows.SDK.BuildTools": "10.0.26100.4654",
          "Microsoft.Windows.SDK.BuildTools.MSIX": "1.7.20250829.1"
        }
      },
      "Microsoft.WindowsAppSDK.DWrite": {
        "type": "Transitive",
        "resolved": "1.8.25090401",
        "contentHash": "WJ0p9yMgiNYqU2O5ZKCXcb7FBjryIUUopgeYMvnlf1yBUYgdjMFMkoJqYVqkz866wnntiB2IZhLxEzhFzvVs1A==",
        "dependencies": {
          "Microsoft.WindowsAppSDK.Base": "1.8.250831001"
        }
      },
      "Microsoft.WindowsAppSDK.Foundation": {
        "type": "Transitive",
        "resolved": "1.8.251104000",
        "contentHash": "vvL3zpC8klGcaxUA7RbMuUMVAABD7jEMFhNKGAewOvey18i64mslbU0aIQM3+Bu4tQKsaGXSWYrJFsAU/Op4OA==",
        "dependencies": {
          "Microsoft.WindowsAppSDK.Base": "1.8.250831001",
          "Microsoft.WindowsAppSDK.InteractiveExperiences": "1.8.251104001"
        }
      },
      "Microsoft.WindowsAppSDK.InteractiveExperiences": {
        "type": "Transitive",
        "resolved": "1.8.251104001",
        "contentHash": "t4Vs1eMJqUpa5CbZ5SvO4j5VdyhNwtarNfYJAWar8dHejpNol3g+/t0l0ovKye+DKQpinWdGkuQSUX8Oc8M3ug==",
        "dependencies": {
          "Microsoft.WindowsAppSDK.Base": "1.8.250831001"
        }
      },
      "Microsoft.WindowsAppSDK.ML": {
        "type": "Transitive",
        "resolved": "1.8.2109",
        "contentHash": "gfsSXBJrlsfnl1IID3AEasUvZXFFZk6n4iD2JP5BfheySaoWr/1JJVbqKYyRr7APe2kRzyztVW3eaj7KMfgR5A==",
        "dependencies": {
          "Microsoft.WindowsAppSDK.Base": "1.8.250831001",
          "Microsoft.WindowsAppSDK.Foundation": "1.8.251104000",
          "System.Numerics.Tensors": "9.0.0"
        }
      },
      "Microsoft.WindowsAppSDK.Runtime": {
        "type": "Transitive",
        "resolved": "1.8.251106002",
        "contentHash": "5piaqsoXOTFXdtiGoqLhVPkG0HE3UD0g/S4D2i7I8MPO48eoaESJ4y/oUHzZFmSaqLQROWe8NJ9rXXNxxiL/gw==",
        "dependencies": {
          "Microsoft.WindowsAppSDK.Base": "1.8.250831001"
        }
      },
      "Microsoft.WindowsAppSDK.Widgets": {
        "type": "Transitive",
        "resolved": "1.8.250904007",
        "contentHash": "sgwdXYhb8S4JjBmWWiFxALT1xK0fJeAbisolctmodMX7tlvBXDgUyvl/GHfTQ61DGIiW+kokX61WR46L2YlhAA==",
        "dependencies": {
          "Microsoft.WindowsAppSDK.Base": "1.8.250831001"
        }
      },
      "Microsoft.WindowsAppSDK.WinUI": {
        "type": "Transitive",
        "resolved": "1.8.251105000",
        "contentHash": "G/f0Z27ALjjrrfjCUPxPSBkG6eLB20pBja8AFIOI87oYMGUKGwuMuZn7LqPkeQJMFPo04FonfljdJCIpsfnnbw==",
        "dependencies": {
          "Microsoft.Web.WebView2": "1.0.3179.45",
          "Microsoft.WindowsAppSDK.Base": "1.8.250831001",
          "Microsoft.WindowsAppSDK.Foundation": "1.8.251104000",
          "Microsoft.WindowsAppSDK.InteractiveExperiences": "1.8.251104001"
        }
      },
      "System.Numerics.Tensors": {
        "type": "Transitive",
        "resolved": "9.0.0",
        "contentHash": "hyJB4UlpAi19Xr9AXzu2NuagKC4lPfHObNMEAA0HmqFz2rX7wKgzeYzO/jM/eBHDhnUGFFEjk5cOoJaxqg5J4A=="
      },
      "hi3helper.win32": {
        "type": "Project",
        "dependencies": {
          "Microsoft.Extensions.Logging.Abstractions": "[10.0.0, )"
        }
      },
      "hi3helper.win32.winrt": {
        "type": "Project",
        "dependencies": {
          "Hi3Helper.Win32": "[1.0.0, )",
          "Microsoft.Extensions.Logging.Abstractions": "[10.0.0, )",
          "Microsoft.Graphics.Win2D": "[1.3.2, )",
          "Microsoft.Windows.CsWinRT": "[2.3.0-prerelease.250720.1, )"
        }
      }
    },
    "net10.0-windows10.0.26100/win-x64": {
      "Microsoft.Graphics.Win2D": {
        "type": "Direct",
        "requested": "[1.3.2, )",
        "resolved": "1.3.2",
        "contentHash": "xAv4+Xj8wePW1innIUSXebX6UHMGDzOxwKPwYNUNY7mBrsRL/hPFEtuPLpBSxc3iBnuaCogPDCDeN7T4b1xV0Q==",
        "dependencies": {
          "Microsoft.WindowsAppSDK": "1.6.241114003"
        }
      },
      "PhotoSauce.NativeCodecs.Libheif": {
        "type": "Direct",
        "requested": "[1.19.5-preview1, )",
        "resolved": "1.19.5-preview1",
        "contentHash": "MkQ/HtuzfQi0aF158GLwubo8a+PoQFCVta6MJmqwfEdiUAZqlamtPQRcA/7JtYn7iO/jmgvgwJ3NAQrIILrPeA==",
        "dependencies": {
          "PhotoSauce.MagicScaler": "[0.15.0]"
        }
      },
      "PhotoSauce.NativeCodecs.Libjxl": {
        "type": "Direct",
        "requested": "[0.11.1-preview2, )",
        "resolved": "0.11.1-preview2",
        "contentHash": "6/4aRRFIosViPNdQL5ciLJa/lUZHwwRbw/ApeR4Hc/PpMS9xn8X8spNf6oPqZdELbZFgu0DOInoI/OH5rIkEGA==",
        "dependencies": {
          "PhotoSauce.MagicScaler": "[0.15.0]"
        }
      },
      "PhotoSauce.NativeCodecs.Libwebp": {
        "type": "Direct",
        "requested": "[*-*, )",
        "resolved": "1.4.0-preview1",
        "contentHash": "0AyuhMpynCdCq84dh0wU/Kjuxzo3GkYny5Z1l2JlWTHD2muUlE3Akqa1CtEPj0lif9o/KHnYwhmIWnP0ZctF4g==",
        "dependencies": {
          "PhotoSauce.MagicScaler": "[0.15.0]"
        }
      },
      "Microsoft.Web.WebView2": {
        "type": "Transitive",
        "resolved": "1.0.3179.45",
        "contentHash": "3pokSH5CnN0G6rGhGFo1y87inxYhNxBQ2Vdf0wlvBj99KHxQJormjDACmqRnFeUsmuNFIhWwfAL1ztq7wD5qRA=="
      },
      "Microsoft.WindowsAppSDK.Foundation": {
        "type": "Transitive",
        "resolved": "1.8.251104000",
        "contentHash": "vvL3zpC8klGcaxUA7RbMuUMVAABD7jEMFhNKGAewOvey18i64mslbU0aIQM3+Bu4tQKsaGXSWYrJFsAU/Op4OA==",
        "dependencies": {
          "Microsoft.WindowsAppSDK.Base": "1.8.250831001",
          "Microsoft.WindowsAppSDK.InteractiveExperiences": "1.8.251104001"
        }
      }
    }
  }
}