{
  "version": 1,
  "dependencies": {
    "net9.0-windows10.0.26100": {
      "CommunityToolkit.Common": {
        "type": "Direct",
        "requested": "[8.4.0, )",
        "resolved": "8.4.0",
        "contentHash": "yqU6s4sLjaMuJ0OS6MSpOLkdbLS8HhyD0RSMQ/+/AyAjXizLMdXnlImgVBXPEGmBsNKDjApGF7uFmSh/xhie7A=="
      },
      "CommunityToolkit.WinUI.Extensions": {
        "type": "Direct",
        "requested": "[8.2.250402, )",
        "resolved": "8.2.250402",
        "contentHash": "rAOYzNX6kdUeeE1ejGd6Q8B+xmyZvOrWFUbqCgOtP8OQsOL66en9ZQTtzxAlaaFC4qleLvnKcn8FJFBezujOlw==",
        "dependencies": {
          "CommunityToolkit.Common": "8.2.1",
          "Microsoft.WindowsAppSDK": "1.6.250108002"
        }
      },
      "CommunityToolkit.WinUI.Media": {
        "type": "Direct",
        "requested": "[8.2.250402, )",
        "resolved": "8.2.250402",
        "contentHash": "/FB24b8g65fp4p9/IdBROgByqxavIbdJt7u8klfbSv8ABV/SqTjR2yduvCXdyVdYxWyyT+ecMf3Gmt8HOGkU2A==",
        "dependencies": {
          "CommunityToolkit.WinUI.Animations": "8.2.250402",
          "CommunityToolkit.WinUI.Extensions": "8.2.250402",
          "Microsoft.Graphics.Win2D": "1.3.1",
          "Microsoft.WindowsAppSDK": "1.6.250108002"
        }
      },
      "Microsoft.Graphics.Win2D": {
        "type": "Direct",
        "requested": "[1.3.2, )",
        "resolved": "1.3.2",
        "contentHash": "xAv4+Xj8wePW1innIUSXebX6UHMGDzOxwKPwYNUNY7mBrsRL/hPFEtuPLpBSxc3iBnuaCogPDCDeN7T4b1xV0Q==",
        "dependencies": {
          "Microsoft.WindowsAppSDK": "1.6.241114003"
        }
      },
      "Microsoft.NET.ILLink.Tasks": {
        "type": "Direct",
        "requested": "[9.0.5, )",
        "resolved": "9.0.5",
        "contentHash": "4L7wbb3Y4BJgIeSnmAf/C6S/qCs9rT1b0dX72uj3qo0qvUH7D0U1tU5ZlC7A3Wb8E/dXK4caOi4JkdLTVJaXhw=="
      },
      "Microsoft.Web.WebView2": {
        "type": "Direct",
        "requested": "[1.0.3240.44, )",
        "resolved": "1.0.3240.44",
        "contentHash": "5NWh8SVJy8QOdT0p2CkZqmPHPxPdVr2SyiF+RWfNzCOb3oXoK8Y6Ze85Zw849PFMqyknU/gAgJbAiiHG+kVo6A=="
      },
      "Microsoft.Windows.CsWinRT": {
        "type": "Direct",
        "requested": "[2.2.0, )",
        "resolved": "2.2.0",
        "contentHash": "R8MDVawukHrKgYCFgYaoLfbAna/FrImEFRxDK9k8ITbrXv3KLE5uN6tRqrNV83H4MFdqJ/uiA/hg1cSsXkl0vw=="
      },
      "Microsoft.Windows.SDK.BuildTools": {
        "type": "Direct",
        "requested": "[10.0.26100.4188, )",
        "resolved": "10.0.26100.4188",
        "contentHash": "sjksqXKnxleoY9qvKPS/fsiGKZ8ZYjwDTfSQvfv6gETTtQQIqZRIhCZCZ+rgjFjS6ZVjjn7iRjT/X64v25IEyA=="
      },
      "Microsoft.WindowsAppSDK": {
        "type": "Direct",
        "requested": "[1.8.250410001-experimental1, )",
        "resolved": "1.8.250410001-experimental1",
        "contentHash": "AynQ25hhGWL3wt9ay614TkijMg0ea7EX2SsRVkRMX8YVF6QjuGHNlLc74wtK13n4v6VZBVBylmNTIZKdDwSDHA==",
        "dependencies": {
          "Microsoft.Web.WebView2": "1.0.2903.40",
          "Microsoft.Windows.SDK.BuildTools": "10.0.22621.756"
        }
      },
      "CommunityToolkit.WinUI.Animations": {
        "type": "Transitive",
        "resolved": "8.2.250402",
        "contentHash": "KMKFGu2BD9qUBJO4FAAmUy0fdLB8/DXPcW1ZhO8k6agZtNnsKqc0yAz5OX9Dt1dvK38uHYGd5z9yQkwq+DAqUg==",
        "dependencies": {
          "CommunityToolkit.WinUI.Extensions": "8.2.250402",
          "Microsoft.WindowsAppSDK": "1.6.250108002"
        }
      }
    },
    "net9.0-windows10.0.26100/win-x64": {
      "Microsoft.Graphics.Win2D": {
        "type": "Direct",
        "requested": "[1.3.2, )",
        "resolved": "1.3.2",
        "contentHash": "xAv4+Xj8wePW1innIUSXebX6UHMGDzOxwKPwYNUNY7mBrsRL/hPFEtuPLpBSxc3iBnuaCogPDCDeN7T4b1xV0Q==",
        "dependencies": {
          "Microsoft.WindowsAppSDK": "1.6.241114003"
        }
      },
      "Microsoft.Web.WebView2": {
        "type": "Direct",
        "requested": "[1.0.3240.44, )",
        "resolved": "1.0.3240.44",
        "contentHash": "5NWh8SVJy8QOdT0p2CkZqmPHPxPdVr2SyiF+RWfNzCOb3oXoK8Y6Ze85Zw849PFMqyknU/gAgJbAiiHG+kVo6A=="
      },
      "Microsoft.WindowsAppSDK": {
        "type": "Direct",
        "requested": "[1.8.250410001-experimental1, )",
        "resolved": "1.8.250410001-experimental1",
        "contentHash": "AynQ25hhGWL3wt9ay614TkijMg0ea7EX2SsRVkRMX8YVF6QjuGHNlLc74wtK13n4v6VZBVBylmNTIZKdDwSDHA==",
        "dependencies": {
          "Microsoft.Web.WebView2": "1.0.2903.40",
          "Microsoft.Windows.SDK.BuildTools": "10.0.22621.756"
        }
      }
    }
  }
}