{
  "version": 1,
  "dependencies": {
    "net9.0-windows10.0.22621": {
      "CommunityToolkit.Common": {
        "type": "Direct",
        "requested": "[8.4.0, )",
        "resolved": "8.4.0",
        "contentHash": "yqU6s4sLjaMuJ0OS6MSpOLkdbLS8HhyD0RSMQ/+/AyAjXizLMdXnlImgVBXPEGmBsNKDjApGF7uFmSh/xhie7A=="
      },
      "CommunityToolkit.WinUI.Extensions": {
        "type": "Direct",
        "requested": "[8.2.250129-preview2, )",
        "resolved": "8.2.250129-preview2",
        "contentHash": "7l+22QHfDcyU4SqpfIci4Sl+XcT7oFxsxI2KYitUHg4lo922cMCK70L9v6EgM8z+H4IAFF9HqPcKSDehvbZtWw==",
        "dependencies": {
          "CommunityToolkit.Common": "8.2.1",
          "Microsoft.WindowsAppSDK": "1.6.250108002"
        }
      },
      "CommunityToolkit.WinUI.Media": {
        "type": "Direct",
        "requested": "[8.2.250129-preview2, )",
        "resolved": "8.2.250129-preview2",
        "contentHash": "TZ6HBnBbH+zqhpxDSJH8b1Mg5jwAWBh3eYrkThMOahYejwI5O4zHj8KTnsf0hsSUxs6JGKhW1Y6hdY4vip3u7Q==",
        "dependencies": {
          "CommunityToolkit.WinUI.Animations": "8.2.250129-preview2",
          "CommunityToolkit.WinUI.Extensions": "8.2.250129-preview2",
          "Microsoft.Graphics.Win2D": "1.3.1",
          "Microsoft.WindowsAppSDK": "1.6.250108002"
        }
      },
      "Microsoft.Graphics.Win2D": {
        "type": "Direct",
        "requested": "[1.3.2, )",
        "resolved": "1.3.2",
        "contentHash": "xAv4+Xj8wePW1innIUSXebX6UHMGDzOxwKPwYNUNY7mBrsRL/hPFEtuPLpBSxc3iBnuaCogPDCDeN7T4b1xV0Q==",
        "dependencies": {
          "Microsoft.WindowsAppSDK": "1.6.241114003"
        }
      },
      "Microsoft.NET.ILLink.Tasks": {
        "type": "Direct",
        "requested": "[9.0.2, )",
        "resolved": "9.0.2",
        "contentHash": "+KFnCLVPicEq99ko0tq+ycTvNLXHw0tImmTZjPloB/DOFLPT56KLfk5aS7wbgXRPzYhXTTBYLGaABea5mke77w=="
      },
      "Microsoft.Web.WebView2": {
        "type": "Direct",
        "requested": "[1.0.3116-prerelease, )",
        "resolved": "1.0.3116-prerelease",
        "contentHash": "F8vWHXXAyEB3Z60lxr39VnWbHQ2ortOvYxlvx4Ts1JRdrLtPrs9S8+XY5xJC38l4r8GNW3+hZvEHUkqQ2BAniA=="
      },
      "Microsoft.Windows.CsWinRT": {
        "type": "Direct",
        "requested": "[2.2.0, )",
        "resolved": "2.2.0",
        "contentHash": "R8MDVawukHrKgYCFgYaoLfbAna/FrImEFRxDK9k8ITbrXv3KLE5uN6tRqrNV83H4MFdqJ/uiA/hg1cSsXkl0vw=="
      },
      "Microsoft.Windows.SDK.BuildTools": {
        "type": "Direct",
        "requested": "[10.0.22621.3233, )",
        "resolved": "10.0.22621.3233",
        "contentHash": "v67zwCb9JOpfPxdSroZukIKHruU6FUB+KwcmSPcVvUFyYtcyvcUign5y8jPQNi54CVzWvaTg646e62LbanUkxg=="
      },
      "Microsoft.WindowsAppSDK": {
        "type": "Direct",
        "requested": "[1.7.250208002-preview1, )",
        "resolved": "1.7.250208002-preview1",
        "contentHash": "snMdeQTc+u9oNzdvFTmQZ1HFIiPp/Z6GuytbTc+a5hnWCRFy9brGnCK01+kRTrXgnIR6L9C5rmc+vwGzd3oQyg==",
        "dependencies": {
          "Microsoft.Web.WebView2": "1.0.2903.40",
          "Microsoft.Windows.SDK.BuildTools": "10.0.22621.756"
        }
      },
      "CommunityToolkit.WinUI.Animations": {
        "type": "Transitive",
        "resolved": "8.2.250129-preview2",
        "contentHash": "vtE26jwwxVLl3/032fLDly1PE1c7kOKK6dGZ4nKeyfqsch9NsW0BWvzfsVy2YgqQe0EJpYU0aN544tc5/raNQw==",
        "dependencies": {
          "CommunityToolkit.WinUI.Extensions": "8.2.250129-preview2",
          "Microsoft.WindowsAppSDK": "1.6.250108002"
        }
      }
    },
    "net9.0-windows10.0.22621/win-x64": {
      "Microsoft.Graphics.Win2D": {
        "type": "Direct",
        "requested": "[1.3.2, )",
        "resolved": "1.3.2",
        "contentHash": "xAv4+Xj8wePW1innIUSXebX6UHMGDzOxwKPwYNUNY7mBrsRL/hPFEtuPLpBSxc3iBnuaCogPDCDeN7T4b1xV0Q==",
        "dependencies": {
          "Microsoft.WindowsAppSDK": "1.6.241114003"
        }
      },
      "Microsoft.Web.WebView2": {
        "type": "Direct",
        "requested": "[1.0.3116-prerelease, )",
        "resolved": "1.0.3116-prerelease",
        "contentHash": "F8vWHXXAyEB3Z60lxr39VnWbHQ2ortOvYxlvx4Ts1JRdrLtPrs9S8+XY5xJC38l4r8GNW3+hZvEHUkqQ2BAniA=="
      },
      "Microsoft.WindowsAppSDK": {
        "type": "Direct",
        "requested": "[1.7.250208002-preview1, )",
        "resolved": "1.7.250208002-preview1",
        "contentHash": "snMdeQTc+u9oNzdvFTmQZ1HFIiPp/Z6GuytbTc+a5hnWCRFy9brGnCK01+kRTrXgnIR6L9C5rmc+vwGzd3oQyg==",
        "dependencies": {
          "Microsoft.Web.WebView2": "1.0.2903.40",
          "Microsoft.Windows.SDK.BuildTools": "10.0.22621.756"
        }
      }
    }
  }
}