{
  "version": 1,
  "dependencies": {
    "net9.0-windows10.0.22621": {
      "CommunityToolkit.Common": {
        "type": "Direct",
        "requested": "[8.4.0, )",
        "resolved": "8.4.0",
        "contentHash": "yqU6s4sLjaMuJ0OS6MSpOLkdbLS8HhyD0RSMQ/+/AyAjXizLMdXnlImgVBXPEGmBsNKDjApGF7uFmSh/xhie7A=="
      },
      "CommunityToolkit.WinUI.Extensions": {
        "type": "Direct",
        "requested": "[8.2.250129-preview2, )",
        "resolved": "8.2.250129-preview2",
        "contentHash": "7l+22QHfDcyU4SqpfIci4Sl+XcT7oFxsxI2KYitUHg4lo922cMCK70L9v6EgM8z+H4IAFF9HqPcKSDehvbZtWw==",
        "dependencies": {
          "CommunityToolkit.Common": "8.2.1",
          "Microsoft.WindowsAppSDK": "1.6.250108002"
        }
      },
      "CommunityToolkit.WinUI.Media": {
        "type": "Direct",
        "requested": "[8.2.250129-preview2, )",
        "resolved": "8.2.250129-preview2",
        "contentHash": "TZ6HBnBbH+zqhpxDSJH8b1Mg5jwAWBh3eYrkThMOahYejwI5O4zHj8KTnsf0hsSUxs6JGKhW1Y6hdY4vip3u7Q==",
        "dependencies": {
          "CommunityToolkit.WinUI.Animations": "8.2.250129-preview2",
          "CommunityToolkit.WinUI.Extensions": "8.2.250129-preview2",
          "Microsoft.Graphics.Win2D": "1.3.1",
          "Microsoft.WindowsAppSDK": "1.6.250108002"
        }
      },
      "Microsoft.Graphics.Win2D": {
        "type": "Direct",
        "requested": "[1.3.2, )",
        "resolved": "1.3.2",
        "contentHash": "xAv4+Xj8wePW1innIUSXebX6UHMGDzOxwKPwYNUNY7mBrsRL/hPFEtuPLpBSxc3iBnuaCogPDCDeN7T4b1xV0Q==",
        "dependencies": {
          "Microsoft.WindowsAppSDK": "1.6.241114003"
        }
      },
      "Microsoft.NET.ILLink.Tasks": {
        "type": "Direct",
        "requested": "[9.0.1, )",
        "resolved": "9.0.1",
        "contentHash": "BKFAkdhUUJivAoKuSWcT23WH9E+AWQMJootzt9X+lnesOD2a2yNIe1ZQFtxB8H3ayskLBD5gYyIbj5GIfw7rZg=="
      },
      "Microsoft.Web.WebView2": {
        "type": "Direct",
        "requested": "[1.0.3065.39, )",
        "resolved": "1.0.3065.39",
        "contentHash": "ww6ToZ2jpHyP4k3DCQJETjKcdVS1cha9pS8dV2NetyfafItxz08wcAyQV0Yl86W7euhI02UJWEaC5sM8WLr0tQ=="
      },
      "Microsoft.Windows.CsWinRT": {
        "type": "Direct",
        "requested": "[2.2.0, )",
        "resolved": "2.2.0",
        "contentHash": "R8MDVawukHrKgYCFgYaoLfbAna/FrImEFRxDK9k8ITbrXv3KLE5uN6tRqrNV83H4MFdqJ/uiA/hg1cSsXkl0vw=="
      },
      "Microsoft.Windows.SDK.BuildTools": {
        "type": "Direct",
        "requested": "[10.0.22621.3233, )",
        "resolved": "10.0.22621.3233",
        "contentHash": "v67zwCb9JOpfPxdSroZukIKHruU6FUB+KwcmSPcVvUFyYtcyvcUign5y8jPQNi54CVzWvaTg646e62LbanUkxg=="
      },
      "Microsoft.WindowsAppSDK": {
        "type": "Direct",
        "requested": "[1.6.250205002, )",
        "resolved": "1.6.250205002",
        "contentHash": "zcOHaqII9erAmn3w3MP5rSmBzWf/IC8yU4nPCtwDquhy3vadW6Pm/0lOvnOCcZNN6TztPPODl9CQqDKSAGCeHQ==",
        "dependencies": {
          "Microsoft.Web.WebView2": "1.0.2651.64",
          "Microsoft.Windows.SDK.BuildTools": "10.0.22621.756"
        }
      },
      "CommunityToolkit.WinUI.Animations": {
        "type": "Transitive",
        "resolved": "8.2.250129-preview2",
        "contentHash": "vtE26jwwxVLl3/032fLDly1PE1c7kOKK6dGZ4nKeyfqsch9NsW0BWvzfsVy2YgqQe0EJpYU0aN544tc5/raNQw==",
        "dependencies": {
          "CommunityToolkit.WinUI.Extensions": "8.2.250129-preview2",
          "Microsoft.WindowsAppSDK": "1.6.250108002"
        }
      }
    },
    "net9.0-windows10.0.22621/win-x64": {
      "Microsoft.Graphics.Win2D": {
        "type": "Direct",
        "requested": "[1.3.2, )",
        "resolved": "1.3.2",
        "contentHash": "xAv4+Xj8wePW1innIUSXebX6UHMGDzOxwKPwYNUNY7mBrsRL/hPFEtuPLpBSxc3iBnuaCogPDCDeN7T4b1xV0Q==",
        "dependencies": {
          "Microsoft.WindowsAppSDK": "1.6.241114003"
        }
      },
      "Microsoft.Web.WebView2": {
        "type": "Direct",
        "requested": "[1.0.3065.39, )",
        "resolved": "1.0.3065.39",
        "contentHash": "ww6ToZ2jpHyP4k3DCQJETjKcdVS1cha9pS8dV2NetyfafItxz08wcAyQV0Yl86W7euhI02UJWEaC5sM8WLr0tQ=="
      },
      "Microsoft.WindowsAppSDK": {
        "type": "Direct",
        "requested": "[1.6.250205002, )",
        "resolved": "1.6.250205002",
        "contentHash": "zcOHaqII9erAmn3w3MP5rSmBzWf/IC8yU4nPCtwDquhy3vadW6Pm/0lOvnOCcZNN6TztPPODl9CQqDKSAGCeHQ==",
        "dependencies": {
          "Microsoft.Web.WebView2": "1.0.2651.64",
          "Microsoft.Windows.SDK.BuildTools": "10.0.22621.756"
        }
      }
    }
  }
}