{
  "version": 1,
  "dependencies": {
    "net9.0": {
      "Microsoft.NET.ILLink.Tasks": {
        "type": "Direct",
        "requested": "[9.0.5, )",
        "resolved": "9.0.5",
        "contentHash": "4L7wbb3Y4BJgIeSnmAf/C6S/qCs9rT1b0dX72uj3qo0qvUH7D0U1tU5ZlC7A3Wb8E/dXK4caOi4JkdLTVJaXhw=="
      }
    }
  }
}