{
  "version": 1,
  "dependencies": {
    "net9.0": {
      "Microsoft.NET.ILLink.Tasks": {
        "type": "Direct",
        "requested": "[9.0.9, )",
        "resolved": "9.0.9",
        "contentHash": "cHi1os/s6aobEgNkbOh/jW+ru//rHuedvj4PmTh2mMY7et/mJjqphBeXeKCesDvMd0+E2JyX9EPZZC4VRKslXg=="
      }
    }
  }
}