
Microsoft Visual Studio Solution File, Format Version 12.00
# Visual Studio Version 17
VisualStudioVersion = 17.11.34929.205
MinimumVisualStudioVersion = 10.0.40219.1
Project("{9A19103F-16F7-4668-BE54-9A1E7A4F7556}") = "Hi3Helper.Sophon.Universal", "..\..\Hi3Helper.Sophon\Hi3Helper.Sophon.Universal.csproj", "{58B8538F-C2F2-47AD-A8C1-966040B7C976}"
EndProject
Project("{9A19103F-16F7-4668-BE54-9A1E7A4F7556}") = "Hi3Helper.Sophon.Test", "..\Hi3Helper.Sophon.Test.csproj", "{43CEB3FE-530B-4CE4-833A-40A4720104E0}"
EndProject
Global
	GlobalSection(SolutionConfigurationPlatforms) = preSolution
		Debug|x64 = Debug|x64
		Release|x64 = Release|x64
	EndGlobalSection
	GlobalSection(ProjectConfigurationPlatforms) = postSolution
		{58B8538F-C2F2-47AD-A8C1-966040B7C976}.Debug|x64.ActiveCfg = Debug|x64
		{58B8538F-C2F2-47AD-A8C1-966040B7C976}.Debug|x64.Build.0 = Debug|x64
		{58B8538F-C2F2-47AD-A8C1-966040B7C976}.Release|x64.ActiveCfg = Release|x64
		{58B8538F-C2F2-47AD-A8C1-966040B7C976}.Release|x64.Build.0 = Release|x64
		{43CEB3FE-530B-4CE4-833A-40A4720104E0}.Debug|x64.ActiveCfg = Debug|x64
		{43CEB3FE-530B-4CE4-833A-40A4720104E0}.Debug|x64.Build.0 = Debug|x64
		{43CEB3FE-530B-4CE4-833A-40A4720104E0}.Release|x64.ActiveCfg = Release|x64
		{43CEB3FE-530B-4CE4-833A-40A4720104E0}.Release|x64.Build.0 = Release|x64
	EndGlobalSection
	GlobalSection(SolutionProperties) = preSolution
		HideSolutionNode = FALSE
	EndGlobalSection
	GlobalSection(ExtensibilityGlobals) = postSolution
		SolutionGuid = {A5298644-AC74-413B-876B-881C03B58503}
	EndGlobalSection
EndGlobal
